
Microsoft Visual Studio Solution File, Format Version 12.00
# Visual Studio Version 17
VisualStudioVersion = 17.0.31903.59
MinimumVisualStudioVersion = 10.0.40219.1
Project("{2150E333-8FDC-42A3-9474-1A3956D46DE8}") = "AutoRest-v2", "AutoRest-v2", "{E8D37FC0-7780-4040-BCD3-5FBEE284EAE9}"
EndProject
Project("{2150E333-8FDC-42A3-9474-1A3956D46DE8}") = "AutoRest-v3", "AutoRest-v3", "{F2D3ADEB-6EDC-41B6-B2BC-C6E3348D8AD0}"
EndProject
Project("{2150E333-8FDC-42A3-9474-1A3956D46DE8}") = "Kiota", "Kiota", "{43BE3112-E7BF-4A97-8869-CC32C96327B4}"
EndProject
Project("{2150E333-8FDC-42A3-9474-1A3956D46DE8}") = "NSwag", "NSwag", "{FDF02539-987C-4B02-9DCA-DE908DD0B67F}"
EndProject
Project("{2150E333-8FDC-42A3-9474-1A3956D46DE8}") = "Refitter", "Refitter", "{27B2812B-3854-400D-9327-A6D8DDBDAD91}"
EndProject
Project("{2150E333-8FDC-42A3-9474-1A3956D46DE8}") = "OpenApiGenerator", "OpenApiGenerator", "{CDEB591A-077A-4B1C-9AFF-18957432F883}"
EndProject
Project("{2150E333-8FDC-42A3-9474-1A3956D46DE8}") = "SwaggerCodegen", "SwaggerCodegen", "{5559E294-D4DE-4D2D-A918-257393DBD922}"
EndProject
Project("{FAE04EC0-301F-11D3-BF4B-00C04F79EFBC}") = "Net6", "NSwag\Net6\Net6.csproj", "{D86A05D3-9531-4A50-B571-28AA2B80F527}"
EndProject
Project("{FAE04EC0-301F-11D3-BF4B-00C04F79EFBC}") = "Net7", "NSwag\Net7\Net7.csproj", "{7E0E7BA6-7012-4993-B85B-89487B4ABDE9}"
EndProject
Project("{FAE04EC0-301F-11D3-BF4B-00C04F79EFBC}") = "Net462", "NSwag\Net462\Net462.csproj", "{B61C9A50-E03A-4B7B-AB31-9B4512D4CB5E}"
EndProject
Project("{FAE04EC0-301F-11D3-BF4B-00C04F79EFBC}") = "Net472", "NSwag\Net472\Net472.csproj", "{53EE6550-BB13-4481-B6BB-A865C78DBEA1}"
EndProject
Project("{FAE04EC0-301F-11D3-BF4B-00C04F79EFBC}") = "Net48", "NSwag\Net48\Net48.csproj", "{B37C333F-E52B-4BEE-BF61-503E8C0F20CB}"
EndProject
Project("{FAE04EC0-301F-11D3-BF4B-00C04F79EFBC}") = "Net481", "NSwag\Net481\Net481.csproj", "{0E0A1AA7-8FEB-4E93-8001-6ADEF2530ECF}"
EndProject
Project("{FAE04EC0-301F-11D3-BF4B-00C04F79EFBC}") = "NetStandard20", "NSwag\NetStandard20\NetStandard20.csproj", "{26C674D6-987B-4691-B9D8-9D8F140ADA9A}"
EndProject
Project("{FAE04EC0-301F-11D3-BF4B-00C04F79EFBC}") = "NetStandard21", "NSwag\NetStandard21\NetStandard21.csproj", "{946FF281-A9DA-46EE-A594-E5A6D455BEBA}"
EndProject
Project("{FAE04EC0-301F-11D3-BF4B-00C04F79EFBC}") = "Net462", "Kiota\Net462\Net462.csproj", "{1A82CA1D-D5EC-4E6A-8335-EC00D1AF6FFB}"
EndProject
Project("{FAE04EC0-301F-11D3-BF4B-00C04F79EFBC}") = "Net472", "Kiota\Net472\Net472.csproj", "{DD636151-1CA3-47AC-862D-E97C6C1F79E6}"
EndProject
Project("{FAE04EC0-301F-11D3-BF4B-00C04F79EFBC}") = "Net48", "Kiota\Net48\Net48.csproj", "{813D8F1A-4A93-4785-8E5E-1419733CF309}"
EndProject
Project("{FAE04EC0-301F-11D3-BF4B-00C04F79EFBC}") = "Net481", "Kiota\Net481\Net481.csproj", "{1A21879A-EEBA-49D0-939D-740876DCD659}"
EndProject
Project("{FAE04EC0-301F-11D3-BF4B-00C04F79EFBC}") = "Net6", "Kiota\Net6\Net6.csproj", "{FB290E58-084D-437B-A999-501E63B41D4E}"
EndProject
Project("{FAE04EC0-301F-11D3-BF4B-00C04F79EFBC}") = "Net7", "Kiota\Net7\Net7.csproj", "{4EC5B63B-A907-40D0-8572-164D91A5BE43}"
EndProject
Project("{FAE04EC0-301F-11D3-BF4B-00C04F79EFBC}") = "NetStandard20", "Kiota\NetStandard20\NetStandard20.csproj", "{C555FD39-FE01-4EFA-9B8B-38CFED6B1A44}"
EndProject
Project("{FAE04EC0-301F-11D3-BF4B-00C04F79EFBC}") = "NetStandard21", "Kiota\NetStandard21\NetStandard21.csproj", "{156D17D9-8E67-4971-8297-E2A41EEF32FF}"
EndProject
Project("{FAE04EC0-301F-11D3-BF4B-00C04F79EFBC}") = "Net462", "Refitter\Net462\Net462.csproj", "{408570C3-F153-4955-8CAE-A5B0C2802CC4}"
EndProject
Project("{FAE04EC0-301F-11D3-BF4B-00C04F79EFBC}") = "Net472", "Refitter\Net472\Net472.csproj", "{7F02BBDF-9E8B-43E2-B723-BDE7A8BCC45C}"
EndProject
Project("{FAE04EC0-301F-11D3-BF4B-00C04F79EFBC}") = "Net48", "Refitter\Net48\Net48.csproj", "{6909B0E2-1E77-48C1-A07F-77EC1B506657}"
EndProject
Project("{FAE04EC0-301F-11D3-BF4B-00C04F79EFBC}") = "Net481", "Refitter\Net481\Net481.csproj", "{8DDAFB85-3E84-49DF-9F16-AEFAF65B98F5}"
EndProject
Project("{FAE04EC0-301F-11D3-BF4B-00C04F79EFBC}") = "Net6", "Refitter\Net6\Net6.csproj", "{50F3378F-FC92-4168-8A39-F15642AF6CF8}"
EndProject
Project("{FAE04EC0-301F-11D3-BF4B-00C04F79EFBC}") = "Net7", "Refitter\Net7\Net7.csproj", "{8BAFB20D-D7FF-4897-86C5-9561310350DA}"
EndProject
Project("{FAE04EC0-301F-11D3-BF4B-00C04F79EFBC}") = "NetStandard20", "Refitter\NetStandard20\NetStandard20.csproj", "{D2CE3423-F90A-4BE9-BD32-A48A87EE6002}"
EndProject
Project("{FAE04EC0-301F-11D3-BF4B-00C04F79EFBC}") = "NetStandard21", "Refitter\NetStandard21\NetStandard21.csproj", "{E902D08C-779F-4BC8-89C2-F6147A791D4F}"
EndProject
Project("{FAE04EC0-301F-11D3-BF4B-00C04F79EFBC}") = "Net462", "OpenApiGenerator\Net462\Net462.csproj", "{14F36642-CA20-41D3-93ED-94D9DE1F5791}"
EndProject
Project("{FAE04EC0-301F-11D3-BF4B-00C04F79EFBC}") = "Net472", "OpenApiGenerator\Net472\Net472.csproj", "{96DF54C9-DC84-439A-AF5F-3FB0A656EF2C}"
EndProject
Project("{FAE04EC0-301F-11D3-BF4B-00C04F79EFBC}") = "Net48", "OpenApiGenerator\Net48\Net48.csproj", "{DA72968C-A355-42AA-A30A-02A8ADFBABB7}"
EndProject
Project("{FAE04EC0-301F-11D3-BF4B-00C04F79EFBC}") = "Net481", "OpenApiGenerator\Net481\Net481.csproj", "{AD0DA908-5215-44E3-AC33-FA5DD27C7B9D}"
EndProject
Project("{FAE04EC0-301F-11D3-BF4B-00C04F79EFBC}") = "Net6", "OpenApiGenerator\Net6\Net6.csproj", "{F3FEEF34-6A32-4075-A8DD-9C9B989F2A2B}"
EndProject
Project("{FAE04EC0-301F-11D3-BF4B-00C04F79EFBC}") = "Net7", "OpenApiGenerator\Net7\Net7.csproj", "{818997C0-AADC-4A85-A969-C6007CCDBA0E}"
EndProject
Project("{FAE04EC0-301F-11D3-BF4B-00C04F79EFBC}") = "NetStandard20", "OpenApiGenerator\NetStandard20\NetStandard20.csproj", "{9180A967-612A-48D4-9743-84FFF2BDB0CD}"
EndProject
Project("{FAE04EC0-301F-11D3-BF4B-00C04F79EFBC}") = "NetStandard21", "OpenApiGenerator\NetStandard21\NetStandard21.csproj", "{073909BA-C0E6-45F1-91ED-A94D5E4F3D58}"
EndProject
Project("{FAE04EC0-301F-11D3-BF4B-00C04F79EFBC}") = "Net462", "SwaggerCodegen\Net462\Net462.csproj", "{075DFF1B-4854-48B8-8D91-54693AFF6991}"
EndProject
Project("{FAE04EC0-301F-11D3-BF4B-00C04F79EFBC}") = "Net472", "SwaggerCodegen\Net472\Net472.csproj", "{77C3F4A1-3D2D-4D15-9B61-79A0EF3B4522}"
EndProject
Project("{FAE04EC0-301F-11D3-BF4B-00C04F79EFBC}") = "Net48", "SwaggerCodegen\Net48\Net48.csproj", "{E0FFB586-78ED-4958-8359-2038E64BC1FE}"
EndProject
Project("{FAE04EC0-301F-11D3-BF4B-00C04F79EFBC}") = "Net481", "SwaggerCodegen\Net481\Net481.csproj", "{EF34F669-5A07-4C79-BD89-55DA17A8F8B4}"
EndProject
Project("{FAE04EC0-301F-11D3-BF4B-00C04F79EFBC}") = "Net6", "SwaggerCodegen\Net6\Net6.csproj", "{9D006D6E-58E6-428F-8F46-CD36CAC34A59}"
EndProject
Project("{FAE04EC0-301F-11D3-BF4B-00C04F79EFBC}") = "Net7", "SwaggerCodegen\Net7\Net7.csproj", "{D241A004-B45E-45D3-A0EE-8978D3C4B1D2}"
EndProject
Project("{FAE04EC0-301F-11D3-BF4B-00C04F79EFBC}") = "NetStandard20", "SwaggerCodegen\NetStandard20\NetStandard20.csproj", "{1FCC1F5D-7966-4D28-A277-EC0D5F4680E9}"
EndProject
Project("{FAE04EC0-301F-11D3-BF4B-00C04F79EFBC}") = "NetStandard21", "SwaggerCodegen\NetStandard21\NetStandard21.csproj", "{65406E5F-DB1A-4804-8B11-AD823F642EB4}"
EndProject
Project("{FAE04EC0-301F-11D3-BF4B-00C04F79EFBC}") = "Net462", "AutoRest-V2\Net462\Net462.csproj", "{DB048504-C3AF-4B24-B71B-4C06B9646E9D}"
EndProject
Project("{FAE04EC0-301F-11D3-BF4B-00C04F79EFBC}") = "Net472", "AutoRest-V2\Net472\Net472.csproj", "{CF3C0AF6-16CF-49A8-B5ED-A51AB7672622}"
EndProject
Project("{FAE04EC0-301F-11D3-BF4B-00C04F79EFBC}") = "Net48", "AutoRest-V2\Net48\Net48.csproj", "{17DE1D11-8855-4298-827E-1C4EDFC94E42}"
EndProject
Project("{FAE04EC0-301F-11D3-BF4B-00C04F79EFBC}") = "Net481", "AutoRest-V2\Net481\Net481.csproj", "{E460FFEE-B049-4305-8A0D-673B85F54017}"
EndProject
Project("{FAE04EC0-301F-11D3-BF4B-00C04F79EFBC}") = "Net6", "AutoRest-V2\Net6\Net6.csproj", "{66E23082-908F-4631-97D5-9648E334CD7B}"
EndProject
Project("{FAE04EC0-301F-11D3-BF4B-00C04F79EFBC}") = "Net7", "AutoRest-V2\Net7\Net7.csproj", "{9EBE5597-4E74-4806-85BD-9557B908875D}"
EndProject
Project("{FAE04EC0-301F-11D3-BF4B-00C04F79EFBC}") = "NetStandard20", "AutoRest-V2\NetStandard20\NetStandard20.csproj", "{AC8B5CF7-B85F-4E15-A0DB-1681A17D60F2}"
EndProject
Project("{FAE04EC0-301F-11D3-BF4B-00C04F79EFBC}") = "NetStandard21", "AutoRest-V2\NetStandard21\NetStandard21.csproj", "{570203FE-1F25-445C-A643-B187F18FD0CE}"
EndProject
Project("{FAE04EC0-301F-11D3-BF4B-00C04F79EFBC}") = "Net462", "AutoRest-V3\Net462\Net462.csproj", "{BC508A9B-F47D-425F-A0D0-268B742F161A}"
EndProject
Project("{FAE04EC0-301F-11D3-BF4B-00C04F79EFBC}") = "Net472", "AutoRest-V3\Net472\Net472.csproj", "{55E62608-2D59-42E0-BCAF-B1BA21AEC8DF}"
EndProject
Project("{FAE04EC0-301F-11D3-BF4B-00C04F79EFBC}") = "Net48", "AutoRest-V3\Net48\Net48.csproj", "{7DE3251F-B162-48E2-9EEB-1F03FA1F1A48}"
EndProject
Project("{FAE04EC0-301F-11D3-BF4B-00C04F79EFBC}") = "Net481", "AutoRest-V3\Net481\Net481.csproj", "{AB8BC6DC-F9FA-4323-AD44-967DE3245B5E}"
EndProject
Project("{FAE04EC0-301F-11D3-BF4B-00C04F79EFBC}") = "Net6", "AutoRest-V3\Net6\Net6.csproj", "{E03259E0-884F-4CA1-B82F-2DF4320384D9}"
EndProject
Project("{FAE04EC0-301F-11D3-BF4B-00C04F79EFBC}") = "Net7", "AutoRest-V3\Net7\Net7.csproj", "{77F058FF-E0C6-4073-8ADB-2DDFED47D71C}"
EndProject
Project("{FAE04EC0-301F-11D3-BF4B-00C04F79EFBC}") = "NetStandard20", "AutoRest-V3\NetStandard20\NetStandard20.csproj", "{5B357237-66CC-4B66-8387-44249069F03C}"
EndProject
Project("{FAE04EC0-301F-11D3-BF4B-00C04F79EFBC}") = "NetStandard21", "AutoRest-V3\NetStandard21\NetStandard21.csproj", "{1C4B7F27-6B03-4A38-9FC3-AA968DD0A433}"
EndProject
Global
	GlobalSection(SolutionConfigurationPlatforms) = preSolution
		Debug|Any CPU = Debug|Any CPU
		Release|Any CPU = Release|Any CPU
	EndGlobalSection
	GlobalSection(SolutionProperties) = preSolution
		HideSolutionNode = FALSE
	EndGlobalSection
	GlobalSection(ProjectConfigurationPlatforms) = postSolution
		{D86A05D3-9531-4A50-B571-28AA2B80F527}.Debug|Any CPU.ActiveCfg = Debug|Any CPU
		{D86A05D3-9531-4A50-B571-28AA2B80F527}.Debug|Any CPU.Build.0 = Debug|Any CPU
		{D86A05D3-9531-4A50-B571-28AA2B80F527}.Release|Any CPU.ActiveCfg = Release|Any CPU
		{D86A05D3-9531-4A50-B571-28AA2B80F527}.Release|Any CPU.Build.0 = Release|Any CPU
		{7E0E7BA6-7012-4993-B85B-89487B4ABDE9}.Debug|Any CPU.ActiveCfg = Debug|Any CPU
		{7E0E7BA6-7012-4993-B85B-89487B4ABDE9}.Debug|Any CPU.Build.0 = Debug|Any CPU
		{7E0E7BA6-7012-4993-B85B-89487B4ABDE9}.Release|Any CPU.ActiveCfg = Release|Any CPU
		{7E0E7BA6-7012-4993-B85B-89487B4ABDE9}.Release|Any CPU.Build.0 = Release|Any CPU
		{B61C9A50-E03A-4B7B-AB31-9B4512D4CB5E}.Debug|Any CPU.ActiveCfg = Debug|Any CPU
		{B61C9A50-E03A-4B7B-AB31-9B4512D4CB5E}.Debug|Any CPU.Build.0 = Debug|Any CPU
		{B61C9A50-E03A-4B7B-AB31-9B4512D4CB5E}.Release|Any CPU.ActiveCfg = Release|Any CPU
		{B61C9A50-E03A-4B7B-AB31-9B4512D4CB5E}.Release|Any CPU.Build.0 = Release|Any CPU
		{53EE6550-BB13-4481-B6BB-A865C78DBEA1}.Debug|Any CPU.ActiveCfg = Debug|Any CPU
		{53EE6550-BB13-4481-B6BB-A865C78DBEA1}.Debug|Any CPU.Build.0 = Debug|Any CPU
		{53EE6550-BB13-4481-B6BB-A865C78DBEA1}.Release|Any CPU.ActiveCfg = Release|Any CPU
		{53EE6550-BB13-4481-B6BB-A865C78DBEA1}.Release|Any CPU.Build.0 = Release|Any CPU
		{B37C333F-E52B-4BEE-BF61-503E8C0F20CB}.Debug|Any CPU.ActiveCfg = Debug|Any CPU
		{B37C333F-E52B-4BEE-BF61-503E8C0F20CB}.Debug|Any CPU.Build.0 = Debug|Any CPU
		{B37C333F-E52B-4BEE-BF61-503E8C0F20CB}.Release|Any CPU.ActiveCfg = Release|Any CPU
		{B37C333F-E52B-4BEE-BF61-503E8C0F20CB}.Release|Any CPU.Build.0 = Release|Any CPU
		{0E0A1AA7-8FEB-4E93-8001-6ADEF2530ECF}.Debug|Any CPU.ActiveCfg = Debug|Any CPU
		{0E0A1AA7-8FEB-4E93-8001-6ADEF2530ECF}.Debug|Any CPU.Build.0 = Debug|Any CPU
		{0E0A1AA7-8FEB-4E93-8001-6ADEF2530ECF}.Release|Any CPU.ActiveCfg = Release|Any CPU
		{0E0A1AA7-8FEB-4E93-8001-6ADEF2530ECF}.Release|Any CPU.Build.0 = Release|Any CPU
		{26C674D6-987B-4691-B9D8-9D8F140ADA9A}.Debug|Any CPU.ActiveCfg = Debug|Any CPU
		{26C674D6-987B-4691-B9D8-9D8F140ADA9A}.Debug|Any CPU.Build.0 = Debug|Any CPU
		{26C674D6-987B-4691-B9D8-9D8F140ADA9A}.Release|Any CPU.ActiveCfg = Release|Any CPU
		{26C674D6-987B-4691-B9D8-9D8F140ADA9A}.Release|Any CPU.Build.0 = Release|Any CPU
		{946FF281-A9DA-46EE-A594-E5A6D455BEBA}.Debug|Any CPU.ActiveCfg = Debug|Any CPU
		{946FF281-A9DA-46EE-A594-E5A6D455BEBA}.Debug|Any CPU.Build.0 = Debug|Any CPU
		{946FF281-A9DA-46EE-A594-E5A6D455BEBA}.Release|Any CPU.ActiveCfg = Release|Any CPU
		{946FF281-A9DA-46EE-A594-E5A6D455BEBA}.Release|Any CPU.Build.0 = Release|Any CPU
		{1A82CA1D-D5EC-4E6A-8335-EC00D1AF6FFB}.Debug|Any CPU.ActiveCfg = Debug|Any CPU
		{1A82CA1D-D5EC-4E6A-8335-EC00D1AF6FFB}.Debug|Any CPU.Build.0 = Debug|Any CPU
		{1A82CA1D-D5EC-4E6A-8335-EC00D1AF6FFB}.Release|Any CPU.ActiveCfg = Release|Any CPU
		{1A82CA1D-D5EC-4E6A-8335-EC00D1AF6FFB}.Release|Any CPU.Build.0 = Release|Any CPU
		{DD636151-1CA3-47AC-862D-E97C6C1F79E6}.Debug|Any CPU.ActiveCfg = Debug|Any CPU
		{DD636151-1CA3-47AC-862D-E97C6C1F79E6}.Debug|Any CPU.Build.0 = Debug|Any CPU
		{DD636151-1CA3-47AC-862D-E97C6C1F79E6}.Release|Any CPU.ActiveCfg = Release|Any CPU
		{DD636151-1CA3-47AC-862D-E97C6C1F79E6}.Release|Any CPU.Build.0 = Release|Any CPU
		{813D8F1A-4A93-4785-8E5E-1419733CF309}.Debug|Any CPU.ActiveCfg = Debug|Any CPU
		{813D8F1A-4A93-4785-8E5E-1419733CF309}.Debug|Any CPU.Build.0 = Debug|Any CPU
		{813D8F1A-4A93-4785-8E5E-1419733CF309}.Release|Any CPU.ActiveCfg = Release|Any CPU
		{813D8F1A-4A93-4785-8E5E-1419733CF309}.Release|Any CPU.Build.0 = Release|Any CPU
		{1A21879A-EEBA-49D0-939D-740876DCD659}.Debug|Any CPU.ActiveCfg = Debug|Any CPU
		{1A21879A-EEBA-49D0-939D-740876DCD659}.Debug|Any CPU.Build.0 = Debug|Any CPU
		{1A21879A-EEBA-49D0-939D-740876DCD659}.Release|Any CPU.ActiveCfg = Release|Any CPU
		{1A21879A-EEBA-49D0-939D-740876DCD659}.Release|Any CPU.Build.0 = Release|Any CPU
		{FB290E58-084D-437B-A999-501E63B41D4E}.Debug|Any CPU.ActiveCfg = Debug|Any CPU
		{FB290E58-084D-437B-A999-501E63B41D4E}.Debug|Any CPU.Build.0 = Debug|Any CPU
		{FB290E58-084D-437B-A999-501E63B41D4E}.Release|Any CPU.ActiveCfg = Release|Any CPU
		{FB290E58-084D-437B-A999-501E63B41D4E}.Release|Any CPU.Build.0 = Release|Any CPU
		{4EC5B63B-A907-40D0-8572-164D91A5BE43}.Debug|Any CPU.ActiveCfg = Debug|Any CPU
		{4EC5B63B-A907-40D0-8572-164D91A5BE43}.Debug|Any CPU.Build.0 = Debug|Any CPU
		{4EC5B63B-A907-40D0-8572-164D91A5BE43}.Release|Any CPU.ActiveCfg = Release|Any CPU
		{4EC5B63B-A907-40D0-8572-164D91A5BE43}.Release|Any CPU.Build.0 = Release|Any CPU
		{C555FD39-FE01-4EFA-9B8B-38CFED6B1A44}.Debug|Any CPU.ActiveCfg = Debug|Any CPU
		{C555FD39-FE01-4EFA-9B8B-38CFED6B1A44}.Debug|Any CPU.Build.0 = Debug|Any CPU
		{C555FD39-FE01-4EFA-9B8B-38CFED6B1A44}.Release|Any CPU.ActiveCfg = Release|Any CPU
		{C555FD39-FE01-4EFA-9B8B-38CFED6B1A44}.Release|Any CPU.Build.0 = Release|Any CPU
		{156D17D9-8E67-4971-8297-E2A41EEF32FF}.Debug|Any CPU.ActiveCfg = Debug|Any CPU
		{156D17D9-8E67-4971-8297-E2A41EEF32FF}.Debug|Any CPU.Build.0 = Debug|Any CPU
		{156D17D9-8E67-4971-8297-E2A41EEF32FF}.Release|Any CPU.ActiveCfg = Release|Any CPU
		{156D17D9-8E67-4971-8297-E2A41EEF32FF}.Release|Any CPU.Build.0 = Release|Any CPU
		{408570C3-F153-4955-8CAE-A5B0C2802CC4}.Debug|Any CPU.ActiveCfg = Debug|Any CPU
		{408570C3-F153-4955-8CAE-A5B0C2802CC4}.Debug|Any CPU.Build.0 = Debug|Any CPU
		{408570C3-F153-4955-8CAE-A5B0C2802CC4}.Release|Any CPU.ActiveCfg = Release|Any CPU
		{408570C3-F153-4955-8CAE-A5B0C2802CC4}.Release|Any CPU.Build.0 = Release|Any CPU
		{7F02BBDF-9E8B-43E2-B723-BDE7A8BCC45C}.Debug|Any CPU.ActiveCfg = Debug|Any CPU
		{7F02BBDF-9E8B-43E2-B723-BDE7A8BCC45C}.Debug|Any CPU.Build.0 = Debug|Any CPU
		{7F02BBDF-9E8B-43E2-B723-BDE7A8BCC45C}.Release|Any CPU.ActiveCfg = Release|Any CPU
		{7F02BBDF-9E8B-43E2-B723-BDE7A8BCC45C}.Release|Any CPU.Build.0 = Release|Any CPU
		{6909B0E2-1E77-48C1-A07F-77EC1B506657}.Debug|Any CPU.ActiveCfg = Debug|Any CPU
		{6909B0E2-1E77-48C1-A07F-77EC1B506657}.Debug|Any CPU.Build.0 = Debug|Any CPU
		{6909B0E2-1E77-48C1-A07F-77EC1B506657}.Release|Any CPU.ActiveCfg = Release|Any CPU
		{6909B0E2-1E77-48C1-A07F-77EC1B506657}.Release|Any CPU.Build.0 = Release|Any CPU
		{8DDAFB85-3E84-49DF-9F16-AEFAF65B98F5}.Debug|Any CPU.ActiveCfg = Debug|Any CPU
		{8DDAFB85-3E84-49DF-9F16-AEFAF65B98F5}.Debug|Any CPU.Build.0 = Debug|Any CPU
		{8DDAFB85-3E84-49DF-9F16-AEFAF65B98F5}.Release|Any CPU.ActiveCfg = Release|Any CPU
		{8DDAFB85-3E84-49DF-9F16-AEFAF65B98F5}.Release|Any CPU.Build.0 = Release|Any CPU
		{50F3378F-FC92-4168-8A39-F15642AF6CF8}.Debug|Any CPU.ActiveCfg = Debug|Any CPU
		{50F3378F-FC92-4168-8A39-F15642AF6CF8}.Debug|Any CPU.Build.0 = Debug|Any CPU
		{50F3378F-FC92-4168-8A39-F15642AF6CF8}.Release|Any CPU.ActiveCfg = Release|Any CPU
		{50F3378F-FC92-4168-8A39-F15642AF6CF8}.Release|Any CPU.Build.0 = Release|Any CPU
		{8BAFB20D-D7FF-4897-86C5-9561310350DA}.Debug|Any CPU.ActiveCfg = Debug|Any CPU
		{8BAFB20D-D7FF-4897-86C5-9561310350DA}.Debug|Any CPU.Build.0 = Debug|Any CPU
		{8BAFB20D-D7FF-4897-86C5-9561310350DA}.Release|Any CPU.ActiveCfg = Release|Any CPU
		{8BAFB20D-D7FF-4897-86C5-9561310350DA}.Release|Any CPU.Build.0 = Release|Any CPU
		{D2CE3423-F90A-4BE9-BD32-A48A87EE6002}.Debug|Any CPU.ActiveCfg = Debug|Any CPU
		{D2CE3423-F90A-4BE9-BD32-A48A87EE6002}.Debug|Any CPU.Build.0 = Debug|Any CPU
		{D2CE3423-F90A-4BE9-BD32-A48A87EE6002}.Release|Any CPU.ActiveCfg = Release|Any CPU
		{D2CE3423-F90A-4BE9-BD32-A48A87EE6002}.Release|Any CPU.Build.0 = Release|Any CPU
		{E902D08C-779F-4BC8-89C2-F6147A791D4F}.Debug|Any CPU.ActiveCfg = Debug|Any CPU
		{E902D08C-779F-4BC8-89C2-F6147A791D4F}.Debug|Any CPU.Build.0 = Debug|Any CPU
		{E902D08C-779F-4BC8-89C2-F6147A791D4F}.Release|Any CPU.ActiveCfg = Release|Any CPU
		{E902D08C-779F-4BC8-89C2-F6147A791D4F}.Release|Any CPU.Build.0 = Release|Any CPU
		{14F36642-CA20-41D3-93ED-94D9DE1F5791}.Debug|Any CPU.ActiveCfg = Debug|Any CPU
		{14F36642-CA20-41D3-93ED-94D9DE1F5791}.Debug|Any CPU.Build.0 = Debug|Any CPU
		{14F36642-CA20-41D3-93ED-94D9DE1F5791}.Release|Any CPU.ActiveCfg = Release|Any CPU
		{14F36642-CA20-41D3-93ED-94D9DE1F5791}.Release|Any CPU.Build.0 = Release|Any CPU
		{96DF54C9-DC84-439A-AF5F-3FB0A656EF2C}.Debug|Any CPU.ActiveCfg = Debug|Any CPU
		{96DF54C9-DC84-439A-AF5F-3FB0A656EF2C}.Debug|Any CPU.Build.0 = Debug|Any CPU
		{96DF54C9-DC84-439A-AF5F-3FB0A656EF2C}.Release|Any CPU.ActiveCfg = Release|Any CPU
		{96DF54C9-DC84-439A-AF5F-3FB0A656EF2C}.Release|Any CPU.Build.0 = Release|Any CPU
		{DA72968C-A355-42AA-A30A-02A8ADFBABB7}.Debug|Any CPU.ActiveCfg = Debug|Any CPU
		{DA72968C-A355-42AA-A30A-02A8ADFBABB7}.Debug|Any CPU.Build.0 = Debug|Any CPU
		{DA72968C-A355-42AA-A30A-02A8ADFBABB7}.Release|Any CPU.ActiveCfg = Release|Any CPU
		{DA72968C-A355-42AA-A30A-02A8ADFBABB7}.Release|Any CPU.Build.0 = Release|Any CPU
		{AD0DA908-5215-44E3-AC33-FA5DD27C7B9D}.Debug|Any CPU.ActiveCfg = Debug|Any CPU
		{AD0DA908-5215-44E3-AC33-FA5DD27C7B9D}.Debug|Any CPU.Build.0 = Debug|Any CPU
		{AD0DA908-5215-44E3-AC33-FA5DD27C7B9D}.Release|Any CPU.ActiveCfg = Release|Any CPU
		{AD0DA908-5215-44E3-AC33-FA5DD27C7B9D}.Release|Any CPU.Build.0 = Release|Any CPU
		{F3FEEF34-6A32-4075-A8DD-9C9B989F2A2B}.Debug|Any CPU.ActiveCfg = Debug|Any CPU
		{F3FEEF34-6A32-4075-A8DD-9C9B989F2A2B}.Debug|Any CPU.Build.0 = Debug|Any CPU
		{F3FEEF34-6A32-4075-A8DD-9C9B989F2A2B}.Release|Any CPU.ActiveCfg = Release|Any CPU
		{F3FEEF34-6A32-4075-A8DD-9C9B989F2A2B}.Release|Any CPU.Build.0 = Release|Any CPU
		{818997C0-AADC-4A85-A969-C6007CCDBA0E}.Debug|Any CPU.ActiveCfg = Debug|Any CPU
		{818997C0-AADC-4A85-A969-C6007CCDBA0E}.Debug|Any CPU.Build.0 = Debug|Any CPU
		{818997C0-AADC-4A85-A969-C6007CCDBA0E}.Release|Any CPU.ActiveCfg = Release|Any CPU
		{818997C0-AADC-4A85-A969-C6007CCDBA0E}.Release|Any CPU.Build.0 = Release|Any CPU
		{9180A967-612A-48D4-9743-84FFF2BDB0CD}.Debug|Any CPU.ActiveCfg = Debug|Any CPU
		{9180A967-612A-48D4-9743-84FFF2BDB0CD}.Debug|Any CPU.Build.0 = Debug|Any CPU
		{9180A967-612A-48D4-9743-84FFF2BDB0CD}.Release|Any CPU.ActiveCfg = Release|Any CPU
		{9180A967-612A-48D4-9743-84FFF2BDB0CD}.Release|Any CPU.Build.0 = Release|Any CPU
		{073909BA-C0E6-45F1-91ED-A94D5E4F3D58}.Debug|Any CPU.ActiveCfg = Debug|Any CPU
		{073909BA-C0E6-45F1-91ED-A94D5E4F3D58}.Debug|Any CPU.Build.0 = Debug|Any CPU
		{073909BA-C0E6-45F1-91ED-A94D5E4F3D58}.Release|Any CPU.ActiveCfg = Release|Any CPU
		{073909BA-C0E6-45F1-91ED-A94D5E4F3D58}.Release|Any CPU.Build.0 = Release|Any CPU
		{075DFF1B-4854-48B8-8D91-54693AFF6991}.Debug|Any CPU.ActiveCfg = Debug|Any CPU
		{075DFF1B-4854-48B8-8D91-54693AFF6991}.Debug|Any CPU.Build.0 = Debug|Any CPU
		{075DFF1B-4854-48B8-8D91-54693AFF6991}.Release|Any CPU.ActiveCfg = Release|Any CPU
		{075DFF1B-4854-48B8-8D91-54693AFF6991}.Release|Any CPU.Build.0 = Release|Any CPU
		{77C3F4A1-3D2D-4D15-9B61-79A0EF3B4522}.Debug|Any CPU.ActiveCfg = Debug|Any CPU
		{77C3F4A1-3D2D-4D15-9B61-79A0EF3B4522}.Debug|Any CPU.Build.0 = Debug|Any CPU
		{77C3F4A1-3D2D-4D15-9B61-79A0EF3B4522}.Release|Any CPU.ActiveCfg = Release|Any CPU
		{77C3F4A1-3D2D-4D15-9B61-79A0EF3B4522}.Release|Any CPU.Build.0 = Release|Any CPU
		{E0FFB586-78ED-4958-8359-2038E64BC1FE}.Debug|Any CPU.ActiveCfg = Debug|Any CPU
		{E0FFB586-78ED-4958-8359-2038E64BC1FE}.Debug|Any CPU.Build.0 = Debug|Any CPU
		{E0FFB586-78ED-4958-8359-2038E64BC1FE}.Release|Any CPU.ActiveCfg = Release|Any CPU
		{E0FFB586-78ED-4958-8359-2038E64BC1FE}.Release|Any CPU.Build.0 = Release|Any CPU
		{EF34F669-5A07-4C79-BD89-55DA17A8F8B4}.Debug|Any CPU.ActiveCfg = Debug|Any CPU
		{EF34F669-5A07-4C79-BD89-55DA17A8F8B4}.Debug|Any CPU.Build.0 = Debug|Any CPU
		{EF34F669-5A07-4C79-BD89-55DA17A8F8B4}.Release|Any CPU.ActiveCfg = Release|Any CPU
		{EF34F669-5A07-4C79-BD89-55DA17A8F8B4}.Release|Any CPU.Build.0 = Release|Any CPU
		{9D006D6E-58E6-428F-8F46-CD36CAC34A59}.Debug|Any CPU.ActiveCfg = Debug|Any CPU
		{9D006D6E-58E6-428F-8F46-CD36CAC34A59}.Debug|Any CPU.Build.0 = Debug|Any CPU
		{9D006D6E-58E6-428F-8F46-CD36CAC34A59}.Release|Any CPU.ActiveCfg = Release|Any CPU
		{9D006D6E-58E6-428F-8F46-CD36CAC34A59}.Release|Any CPU.Build.0 = Release|Any CPU
		{D241A004-B45E-45D3-A0EE-8978D3C4B1D2}.Debug|Any CPU.ActiveCfg = Debug|Any CPU
		{D241A004-B45E-45D3-A0EE-8978D3C4B1D2}.Debug|Any CPU.Build.0 = Debug|Any CPU
		{D241A004-B45E-45D3-A0EE-8978D3C4B1D2}.Release|Any CPU.ActiveCfg = Release|Any CPU
		{D241A004-B45E-45D3-A0EE-8978D3C4B1D2}.Release|Any CPU.Build.0 = Release|Any CPU
		{1FCC1F5D-7966-4D28-A277-EC0D5F4680E9}.Debug|Any CPU.ActiveCfg = Debug|Any CPU
		{1FCC1F5D-7966-4D28-A277-EC0D5F4680E9}.Debug|Any CPU.Build.0 = Debug|Any CPU
		{1FCC1F5D-7966-4D28-A277-EC0D5F4680E9}.Release|Any CPU.ActiveCfg = Release|Any CPU
		{1FCC1F5D-7966-4D28-A277-EC0D5F4680E9}.Release|Any CPU.Build.0 = Release|Any CPU
		{65406E5F-DB1A-4804-8B11-AD823F642EB4}.Debug|Any CPU.ActiveCfg = Debug|Any CPU
		{65406E5F-DB1A-4804-8B11-AD823F642EB4}.Debug|Any CPU.Build.0 = Debug|Any CPU
		{65406E5F-DB1A-4804-8B11-AD823F642EB4}.Release|Any CPU.ActiveCfg = Release|Any CPU
		{65406E5F-DB1A-4804-8B11-AD823F642EB4}.Release|Any CPU.Build.0 = Release|Any CPU
		{DB048504-C3AF-4B24-B71B-4C06B9646E9D}.Debug|Any CPU.ActiveCfg = Debug|Any CPU
		{DB048504-C3AF-4B24-B71B-4C06B9646E9D}.Debug|Any CPU.Build.0 = Debug|Any CPU
		{DB048504-C3AF-4B24-B71B-4C06B9646E9D}.Release|Any CPU.ActiveCfg = Release|Any CPU
		{DB048504-C3AF-4B24-B71B-4C06B9646E9D}.Release|Any CPU.Build.0 = Release|Any CPU
		{CF3C0AF6-16CF-49A8-B5ED-A51AB7672622}.Debug|Any CPU.ActiveCfg = Debug|Any CPU
		{CF3C0AF6-16CF-49A8-B5ED-A51AB7672622}.Debug|Any CPU.Build.0 = Debug|Any CPU
		{CF3C0AF6-16CF-49A8-B5ED-A51AB7672622}.Release|Any CPU.ActiveCfg = Release|Any CPU
		{CF3C0AF6-16CF-49A8-B5ED-A51AB7672622}.Release|Any CPU.Build.0 = Release|Any CPU
		{17DE1D11-8855-4298-827E-1C4EDFC94E42}.Debug|Any CPU.ActiveCfg = Debug|Any CPU
		{17DE1D11-8855-4298-827E-1C4EDFC94E42}.Debug|Any CPU.Build.0 = Debug|Any CPU
		{17DE1D11-8855-4298-827E-1C4EDFC94E42}.Release|Any CPU.ActiveCfg = Release|Any CPU
		{17DE1D11-8855-4298-827E-1C4EDFC94E42}.Release|Any CPU.Build.0 = Release|Any CPU
		{E460FFEE-B049-4305-8A0D-673B85F54017}.Debug|Any CPU.ActiveCfg = Debug|Any CPU
		{E460FFEE-B049-4305-8A0D-673B85F54017}.Debug|Any CPU.Build.0 = Debug|Any CPU
		{E460FFEE-B049-4305-8A0D-673B85F54017}.Release|Any CPU.ActiveCfg = Release|Any CPU
		{E460FFEE-B049-4305-8A0D-673B85F54017}.Release|Any CPU.Build.0 = Release|Any CPU
		{66E23082-908F-4631-97D5-9648E334CD7B}.Debug|Any CPU.ActiveCfg = Debug|Any CPU
		{66E23082-908F-4631-97D5-9648E334CD7B}.Debug|Any CPU.Build.0 = Debug|Any CPU
		{66E23082-908F-4631-97D5-9648E334CD7B}.Release|Any CPU.ActiveCfg = Release|Any CPU
		{66E23082-908F-4631-97D5-9648E334CD7B}.Release|Any CPU.Build.0 = Release|Any CPU
		{9EBE5597-4E74-4806-85BD-9557B908875D}.Debug|Any CPU.ActiveCfg = Debug|Any CPU
		{9EBE5597-4E74-4806-85BD-9557B908875D}.Debug|Any CPU.Build.0 = Debug|Any CPU
		{9EBE5597-4E74-4806-85BD-9557B908875D}.Release|Any CPU.ActiveCfg = Release|Any CPU
		{9EBE5597-4E74-4806-85BD-9557B908875D}.Release|Any CPU.Build.0 = Release|Any CPU
		{AC8B5CF7-B85F-4E15-A0DB-1681A17D60F2}.Debug|Any CPU.ActiveCfg = Debug|Any CPU
		{AC8B5CF7-B85F-4E15-A0DB-1681A17D60F2}.Debug|Any CPU.Build.0 = Debug|Any CPU
		{AC8B5CF7-B85F-4E15-A0DB-1681A17D60F2}.Release|Any CPU.ActiveCfg = Release|Any CPU
		{AC8B5CF7-B85F-4E15-A0DB-1681A17D60F2}.Release|Any CPU.Build.0 = Release|Any CPU
		{570203FE-1F25-445C-A643-B187F18FD0CE}.Debug|Any CPU.ActiveCfg = Debug|Any CPU
		{570203FE-1F25-445C-A643-B187F18FD0CE}.Debug|Any CPU.Build.0 = Debug|Any CPU
		{570203FE-1F25-445C-A643-B187F18FD0CE}.Release|Any CPU.ActiveCfg = Release|Any CPU
		{570203FE-1F25-445C-A643-B187F18FD0CE}.Release|Any CPU.Build.0 = Release|Any CPU
		{BC508A9B-F47D-425F-A0D0-268B742F161A}.Debug|Any CPU.ActiveCfg = Debug|Any CPU
		{BC508A9B-F47D-425F-A0D0-268B742F161A}.Debug|Any CPU.Build.0 = Debug|Any CPU
		{BC508A9B-F47D-425F-A0D0-268B742F161A}.Release|Any CPU.ActiveCfg = Release|Any CPU
		{BC508A9B-F47D-425F-A0D0-268B742F161A}.Release|Any CPU.Build.0 = Release|Any CPU
		{55E62608-2D59-42E0-BCAF-B1BA21AEC8DF}.Debug|Any CPU.ActiveCfg = Debug|Any CPU
		{55E62608-2D59-42E0-BCAF-B1BA21AEC8DF}.Debug|Any CPU.Build.0 = Debug|Any CPU
		{55E62608-2D59-42E0-BCAF-B1BA21AEC8DF}.Release|Any CPU.ActiveCfg = Release|Any CPU
		{55E62608-2D59-42E0-BCAF-B1BA21AEC8DF}.Release|Any CPU.Build.0 = Release|Any CPU
		{7DE3251F-B162-48E2-9EEB-1F03FA1F1A48}.Debug|Any CPU.ActiveCfg = Debug|Any CPU
		{7DE3251F-B162-48E2-9EEB-1F03FA1F1A48}.Debug|Any CPU.Build.0 = Debug|Any CPU
		{7DE3251F-B162-48E2-9EEB-1F03FA1F1A48}.Release|Any CPU.ActiveCfg = Release|Any CPU
		{7DE3251F-B162-48E2-9EEB-1F03FA1F1A48}.Release|Any CPU.Build.0 = Release|Any CPU
		{AB8BC6DC-F9FA-4323-AD44-967DE3245B5E}.Debug|Any CPU.ActiveCfg = Debug|Any CPU
		{AB8BC6DC-F9FA-4323-AD44-967DE3245B5E}.Debug|Any CPU.Build.0 = Debug|Any CPU
		{AB8BC6DC-F9FA-4323-AD44-967DE3245B5E}.Release|Any CPU.ActiveCfg = Release|Any CPU
		{AB8BC6DC-F9FA-4323-AD44-967DE3245B5E}.Release|Any CPU.Build.0 = Release|Any CPU
		{E03259E0-884F-4CA1-B82F-2DF4320384D9}.Debug|Any CPU.ActiveCfg = Debug|Any CPU
		{E03259E0-884F-4CA1-B82F-2DF4320384D9}.Debug|Any CPU.Build.0 = Debug|Any CPU
		{E03259E0-884F-4CA1-B82F-2DF4320384D9}.Release|Any CPU.ActiveCfg = Release|Any CPU
		{E03259E0-884F-4CA1-B82F-2DF4320384D9}.Release|Any CPU.Build.0 = Release|Any CPU
		{77F058FF-E0C6-4073-8ADB-2DDFED47D71C}.Debug|Any CPU.ActiveCfg = Debug|Any CPU
		{77F058FF-E0C6-4073-8ADB-2DDFED47D71C}.Debug|Any CPU.Build.0 = Debug|Any CPU
		{77F058FF-E0C6-4073-8ADB-2DDFED47D71C}.Release|Any CPU.ActiveCfg = Release|Any CPU
		{77F058FF-E0C6-4073-8ADB-2DDFED47D71C}.Release|Any CPU.Build.0 = Release|Any CPU
		{5B357237-66CC-4B66-8387-44249069F03C}.Debug|Any CPU.ActiveCfg = Debug|Any CPU
		{5B357237-66CC-4B66-8387-44249069F03C}.Debug|Any CPU.Build.0 = Debug|Any CPU
		{5B357237-66CC-4B66-8387-44249069F03C}.Release|Any CPU.ActiveCfg = Release|Any CPU
		{5B357237-66CC-4B66-8387-44249069F03C}.Release|Any CPU.Build.0 = Release|Any CPU
		{1C4B7F27-6B03-4A38-9FC3-AA968DD0A433}.Debug|Any CPU.ActiveCfg = Debug|Any CPU
		{1C4B7F27-6B03-4A38-9FC3-AA968DD0A433}.Debug|Any CPU.Build.0 = Debug|Any CPU
		{1C4B7F27-6B03-4A38-9FC3-AA968DD0A433}.Release|Any CPU.ActiveCfg = Release|Any CPU
		{1C4B7F27-6B03-4A38-9FC3-AA968DD0A433}.Release|Any CPU.Build.0 = Release|Any CPU
	EndGlobalSection
	GlobalSection(NestedProjects) = preSolution
		{D86A05D3-9531-4A50-B571-28AA2B80F527} = {FDF02539-987C-4B02-9DCA-DE908DD0B67F}
		{7E0E7BA6-7012-4993-B85B-89487B4ABDE9} = {FDF02539-987C-4B02-9DCA-DE908DD0B67F}
		{B61C9A50-E03A-4B7B-AB31-9B4512D4CB5E} = {FDF02539-987C-4B02-9DCA-DE908DD0B67F}
		{53EE6550-BB13-4481-B6BB-A865C78DBEA1} = {FDF02539-987C-4B02-9DCA-DE908DD0B67F}
		{B37C333F-E52B-4BEE-BF61-503E8C0F20CB} = {FDF02539-987C-4B02-9DCA-DE908DD0B67F}
		{0E0A1AA7-8FEB-4E93-8001-6ADEF2530ECF} = {FDF02539-987C-4B02-9DCA-DE908DD0B67F}
		{26C674D6-987B-4691-B9D8-9D8F140ADA9A} = {FDF02539-987C-4B02-9DCA-DE908DD0B67F}
		{946FF281-A9DA-46EE-A594-E5A6D455BEBA} = {FDF02539-987C-4B02-9DCA-DE908DD0B67F}
		{1A82CA1D-D5EC-4E6A-8335-EC00D1AF6FFB} = {43BE3112-E7BF-4A97-8869-CC32C96327B4}
		{DD636151-1CA3-47AC-862D-E97C6C1F79E6} = {43BE3112-E7BF-4A97-8869-CC32C96327B4}
		{813D8F1A-4A93-4785-8E5E-1419733CF309} = {43BE3112-E7BF-4A97-8869-CC32C96327B4}
		{1A21879A-EEBA-49D0-939D-740876DCD659} = {43BE3112-E7BF-4A97-8869-CC32C96327B4}
		{FB290E58-084D-437B-A999-501E63B41D4E} = {43BE3112-E7BF-4A97-8869-CC32C96327B4}
		{4EC5B63B-A907-40D0-8572-164D91A5BE43} = {43BE3112-E7BF-4A97-8869-CC32C96327B4}
		{C555FD39-FE01-4EFA-9B8B-38CFED6B1A44} = {43BE3112-E7BF-4A97-8869-CC32C96327B4}
		{156D17D9-8E67-4971-8297-E2A41EEF32FF} = {43BE3112-E7BF-4A97-8869-CC32C96327B4}
		{408570C3-F153-4955-8CAE-A5B0C2802CC4} = {27B2812B-3854-400D-9327-A6D8DDBDAD91}
		{7F02BBDF-9E8B-43E2-B723-BDE7A8BCC45C} = {27B2812B-3854-400D-9327-A6D8DDBDAD91}
		{6909B0E2-1E77-48C1-A07F-77EC1B506657} = {27B2812B-3854-400D-9327-A6D8DDBDAD91}
		{8DDAFB85-3E84-49DF-9F16-AEFAF65B98F5} = {27B2812B-3854-400D-9327-A6D8DDBDAD91}
		{50F3378F-FC92-4168-8A39-F15642AF6CF8} = {27B2812B-3854-400D-9327-A6D8DDBDAD91}
		{8BAFB20D-D7FF-4897-86C5-9561310350DA} = {27B2812B-3854-400D-9327-A6D8DDBDAD91}
		{D2CE3423-F90A-4BE9-BD32-A48A87EE6002} = {27B2812B-3854-400D-9327-A6D8DDBDAD91}
		{E902D08C-779F-4BC8-89C2-F6147A791D4F} = {27B2812B-3854-400D-9327-A6D8DDBDAD91}
		{14F36642-CA20-41D3-93ED-94D9DE1F5791} = {CDEB591A-077A-4B1C-9AFF-18957432F883}
		{96DF54C9-DC84-439A-AF5F-3FB0A656EF2C} = {CDEB591A-077A-4B1C-9AFF-18957432F883}
		{DA72968C-A355-42AA-A30A-02A8ADFBABB7} = {CDEB591A-077A-4B1C-9AFF-18957432F883}
		{AD0DA908-5215-44E3-AC33-FA5DD27C7B9D} = {CDEB591A-077A-4B1C-9AFF-18957432F883}
		{F3FEEF34-6A32-4075-A8DD-9C9B989F2A2B} = {CDEB591A-077A-4B1C-9AFF-18957432F883}
		{818997C0-AADC-4A85-A969-C6007CCDBA0E} = {CDEB591A-077A-4B1C-9AFF-18957432F883}
		{9180A967-612A-48D4-9743-84FFF2BDB0CD} = {CDEB591A-077A-4B1C-9AFF-18957432F883}
		{073909BA-C0E6-45F1-91ED-A94D5E4F3D58} = {CDEB591A-077A-4B1C-9AFF-18957432F883}
		{075DFF1B-4854-48B8-8D91-54693AFF6991} = {5559E294-D4DE-4D2D-A918-257393DBD922}
		{77C3F4A1-3D2D-4D15-9B61-79A0EF3B4522} = {5559E294-D4DE-4D2D-A918-257393DBD922}
		{E0FFB586-78ED-4958-8359-2038E64BC1FE} = {5559E294-D4DE-4D2D-A918-257393DBD922}
		{EF34F669-5A07-4C79-BD89-55DA17A8F8B4} = {5559E294-D4DE-4D2D-A918-257393DBD922}
		{9D006D6E-58E6-428F-8F46-CD36CAC34A59} = {5559E294-D4DE-4D2D-A918-257393DBD922}
		{D241A004-B45E-45D3-A0EE-8978D3C4B1D2} = {5559E294-D4DE-4D2D-A918-257393DBD922}
		{1FCC1F5D-7966-4D28-A277-EC0D5F4680E9} = {5559E294-D4DE-4D2D-A918-257393DBD922}
		{65406E5F-DB1A-4804-8B11-AD823F642EB4} = {5559E294-D4DE-4D2D-A918-257393DBD922}
		{DB048504-C3AF-4B24-B71B-4C06B9646E9D} = {E8D37FC0-7780-4040-BCD3-5FBEE284EAE9}
		{CF3C0AF6-16CF-49A8-B5ED-A51AB7672622} = {E8D37FC0-7780-4040-BCD3-5FBEE284EAE9}
		{17DE1D11-8855-4298-827E-1C4EDFC94E42} = {E8D37FC0-7780-4040-BCD3-5FBEE284EAE9}
		{E460FFEE-B049-4305-8A0D-673B85F54017} = {E8D37FC0-7780-4040-BCD3-5FBEE284EAE9}
		{66E23082-908F-4631-97D5-9648E334CD7B} = {E8D37FC0-7780-4040-BCD3-5FBEE284EAE9}
		{9EBE5597-4E74-4806-85BD-9557B908875D} = {E8D37FC0-7780-4040-BCD3-5FBEE284EAE9}
		{AC8B5CF7-B85F-4E15-A0DB-1681A17D60F2} = {E8D37FC0-7780-4040-BCD3-5FBEE284EAE9}
		{570203FE-1F25-445C-A643-B187F18FD0CE} = {E8D37FC0-7780-4040-BCD3-5FBEE284EAE9}
		{BC508A9B-F47D-425F-A0D0-268B742F161A} = {F2D3ADEB-6EDC-41B6-B2BC-C6E3348D8AD0}
		{55E62608-2D59-42E0-BCAF-B1BA21AEC8DF} = {F2D3ADEB-6EDC-41B6-B2BC-C6E3348D8AD0}
		{7DE3251F-B162-48E2-9EEB-1F03FA1F1A48} = {F2D3ADEB-6EDC-41B6-B2BC-C6E3348D8AD0}
		{AB8BC6DC-F9FA-4323-AD44-967DE3245B5E} = {F2D3ADEB-6EDC-41B6-B2BC-C6E3348D8AD0}
		{E03259E0-884F-4CA1-B82F-2DF4320384D9} = {F2D3ADEB-6EDC-41B6-B2BC-C6E3348D8AD0}
		{77F058FF-E0C6-4073-8ADB-2DDFED47D71C} = {F2D3ADEB-6EDC-41B6-B2BC-C6E3348D8AD0}
		{5B357237-66CC-4B66-8387-44249069F03C} = {F2D3ADEB-6EDC-41B6-B2BC-C6E3348D8AD0}
		{1C4B7F27-6B03-4A38-9FC3-AA968DD0A433} = {F2D3ADEB-6EDC-41B6-B2BC-C6E3348D8AD0}
	EndGlobalSection
EndGlobal
