
Microsoft Visual Studio Solution File, Format Version 12.00
# Visual Studio Version 17
VisualStudioVersion = 17.2.32210.308
MinimumVisualStudioVersion = 10.0.40219.1
Project("{FAE04EC0-301F-11D3-BF4B-00C04F79EFBC}") = "ApiClientCodeGen.VSIX", "VSIX\ApiClientCodeGen.VSIX\ApiClientCodeGen.VSIX.csproj", "{F68FEF1B-C874-4EF7-8C5C-E3E32E613141}"
EndProject
Project("{2150E333-8FDC-42A3-9474-1A3956D46DE8}") = "Solution Items", "Solution Items", "{2163CD80-1242-47F5-928B-26898374C4AE}"
	ProjectSection(SolutionItems) = preProject
		..\.travis.yml = ..\.travis.yml
		build.cake = build.cake
		Makefile = Makefile
		..\README.md = ..\README.md
		Tests.runsettings = Tests.runsettings
	EndProjectSection
EndProject
Project("{FAE04EC0-301F-11D3-BF4B-00C04F79EFBC}") = "ApiClientCodeGen.Tests", "VSIX\ApiClientCodeGen.Tests\ApiClientCodeGen.Tests.csproj", "{6C7BEBC6-6568-44A3-88EC-2DFC57F87A31}"
EndProject
Project("{FAE04EC0-301F-11D3-BF4B-00C04F79EFBC}") = "ApiClientCodegen.IntegrationTests", "VSIX\ApiClientCodegen.IntegrationTests\ApiClientCodegen.IntegrationTests.csproj", "{AB65E72E-8666-4213-86D6-AFB424D2C10B}"
EndProject
Project("{9A19103F-16F7-4668-BE54-9A1E7A4F7556}") = "ApiClientCodeGen.Core", "Core\ApiClientCodeGen.Core\ApiClientCodeGen.Core.csproj", "{24639115-9E66-4DC5-BE93-9E72FBE5EC5F}"
EndProject
Project("{9A19103F-16F7-4668-BE54-9A1E7A4F7556}") = "ApiClientCodeGen.CLI", "CLI\ApiClientCodeGen.CLI\ApiClientCodeGen.CLI.csproj", "{9B0DD52C-415F-4D4B-B15B-FFDE8ADE8F66}"
EndProject
Project("{9A19103F-16F7-4668-BE54-9A1E7A4F7556}") = "ApiClientCodeGen.Core.Tests", "Core\ApiClientCodeGen.Core.Tests\ApiClientCodeGen.Core.Tests.csproj", "{0B0009BF-5278-4804-B6E4-D36B0FF6BFA6}"
EndProject
Project("{2150E333-8FDC-42A3-9474-1A3956D46DE8}") = "Github Actions", "Github Actions", "{FA2B6312-D202-4B2D-BD13-1A875D04B673}"
	ProjectSection(SolutionItems) = preProject
		..\.github\workflows\cli-tool.yml = ..\.github\workflows\cli-tool.yml
		..\.github\workflows\production-tests.yml = ..\.github\workflows\production-tests.yml
		..\.github\workflows\smoke-tests.yml = ..\.github\workflows\smoke-tests.yml
		..\.github\workflows\unit-tests.yml = ..\.github\workflows\unit-tests.yml
		..\.github\workflows\vsix.yml = ..\.github\workflows\vsix.yml
		..\.github\workflows\vsmac.yml = ..\.github\workflows\vsmac.yml
	EndProjectSection
EndProject
Project("{2150E333-8FDC-42A3-9474-1A3956D46DE8}") = "Azure Pipelines", "Azure Pipelines", "{6E9B603B-B53F-41C9-9F3F-E2588B9FF84C}"
	ProjectSection(SolutionItems) = preProject
		..\build\ci-builds.yml = ..\build\ci-builds.yml
		..\build\dev-builds.yml = ..\build\dev-builds.yml
		..\build\integration-test.yml = ..\build\integration-test.yml
		..\build\smoke-test.yml = ..\build\smoke-test.yml
	EndProjectSection
EndProject
Project("{2150E333-8FDC-42A3-9474-1A3956D46DE8}") = "Templates", "Templates", "{03061C35-1859-42E3-A2E5-CEF336224612}"
	ProjectSection(SolutionItems) = preProject
		..\build\templates\cli-tool.yml = ..\build\templates\cli-tool.yml
		..\build\templates\script-test-template.yml = ..\build\templates\script-test-template.yml
		..\build\templates\vsix.yml = ..\build\templates\vsix.yml
		..\build\templates\vsmac.yml = ..\build\templates\vsmac.yml
	EndProjectSection
EndProject
Project("{2150E333-8FDC-42A3-9474-1A3956D46DE8}") = "Scripts", "Scripts", "{5183CDE3-7961-4810-B8CA-779688727E35}"
	ProjectSection(SolutionItems) = preProject
		..\test\integration-tests.ps1 = ..\test\integration-tests.ps1
		..\test\smoke-tests.ps1 = ..\test\smoke-tests.ps1
	EndProjectSection
EndProject
Project("{2150E333-8FDC-42A3-9474-1A3956D46DE8}") = "Deployment", "Deployment", "{671566F3-C278-4364-8688-F89EA603575B}"
	ProjectSection(SolutionItems) = preProject
		publish-manifest.json = publish-manifest.json
		publish-vsmac.ps1 = publish-vsmac.ps1
		publish.ps1 = publish.ps1
	EndProjectSection
EndProject
Project("{9A19103F-16F7-4668-BE54-9A1E7A4F7556}") = "ApiClientCodeGen.Tests.Common", "Core\ApiClientCodeGen.Tests.Common\ApiClientCodeGen.Tests.Common.csproj", "{E153AAE7-3B06-4804-9D4E-39865B7D27C3}"
EndProject
Project("{9A19103F-16F7-4668-BE54-9A1E7A4F7556}") = "ApiClientCodeGen.Core.IntegrationTests", "Core\ApiClientCodeGen.Core.IntegrationTests\ApiClientCodeGen.Core.IntegrationTests.csproj", "{C7B78E2C-4674-4ADD-B631-20536F8BDE0D}"
EndProject
Project("{D954291E-2A0B-460D-934E-DC6B0785DB48}") = "ApiClientCodeGen.VSIX.Shared", "VSIX\ApiClientCodeGen.VSIX.Shared\ApiClientCodeGen.VSIX.Shared.shproj", "{BBECCA08-2098-4A52-AEB6-71341098EFEA}"
EndProject
Project("{FAE04EC0-301F-11D3-BF4B-00C04F79EFBC}") = "ApiClientCodeGen.VSIX.Dev17", "VSIX\ApiClientCodeGen.VSIX.Dev17\ApiClientCodeGen.VSIX.Dev17.csproj", "{660BA451-88FB-4504-8170-4118F74467BA}"
EndProject
Project("{9A19103F-16F7-4668-BE54-9A1E7A4F7556}") = "ApiClientCodeGen.CLI.Tests", "CLI\ApiClientCodeGen.CLI.Tests\ApiClientCodeGen.CLI.Tests.csproj", "{47233C8D-0BAE-43CC-95C7-3C9FB73F103B}"
EndProject
Project("{FAE04EC0-301F-11D3-BF4B-00C04F79EFBC}") = "ApiClientCodeGen.VSIX.Legacy", "VSIX\ApiClientCodeGen.VSIX.Legacy\ApiClientCodeGen.VSIX.Legacy.csproj", "{D8BF2D0E-8867-4DB5-A6DB-22342A534DFC}"
EndProject
Global
	GlobalSection(SharedMSBuildProjectFiles) = preSolution
		VSIX\ApiClientCodeGen.VSIX.Shared\ApiClientCodeGen.VSIX.Shared.projitems*{660ba451-88fb-4504-8170-4118f74467ba}*SharedItemsImports = 4
		VSIX\ApiClientCodeGen.VSIX.Shared\ApiClientCodeGen.VSIX.Shared.projitems*{bbecca08-2098-4a52-aeb6-71341098efea}*SharedItemsImports = 13
		VSIX\ApiClientCodeGen.VSIX.Shared\ApiClientCodeGen.VSIX.Shared.projitems*{d8bf2d0e-8867-4db5-a6db-22342a534dfc}*SharedItemsImports = 4
		VSIX\ApiClientCodeGen.VSIX.Shared\ApiClientCodeGen.VSIX.Shared.projitems*{f68fef1b-c874-4ef7-8c5c-e3e32e613141}*SharedItemsImports = 4
	EndGlobalSection
	GlobalSection(SolutionConfigurationPlatforms) = preSolution
		Debug|Any CPU = Debug|Any CPU
		Debug|x86 = Debug|x86
		Release|Any CPU = Release|Any CPU
		Release|x86 = Release|x86
	EndGlobalSection
	GlobalSection(ProjectConfigurationPlatforms) = postSolution
		{F68FEF1B-C874-4EF7-8C5C-E3E32E613141}.Debug|Any CPU.ActiveCfg = Debug|Any CPU
		{F68FEF1B-C874-4EF7-8C5C-E3E32E613141}.Debug|Any CPU.Build.0 = Debug|Any CPU
		{F68FEF1B-C874-4EF7-8C5C-E3E32E613141}.Debug|x86.ActiveCfg = Debug|x86
		{F68FEF1B-C874-4EF7-8C5C-E3E32E613141}.Debug|x86.Build.0 = Debug|x86
		{F68FEF1B-C874-4EF7-8C5C-E3E32E613141}.Release|Any CPU.ActiveCfg = Release|Any CPU
		{F68FEF1B-C874-4EF7-8C5C-E3E32E613141}.Release|Any CPU.Build.0 = Release|Any CPU
		{F68FEF1B-C874-4EF7-8C5C-E3E32E613141}.Release|x86.ActiveCfg = Release|x86
		{F68FEF1B-C874-4EF7-8C5C-E3E32E613141}.Release|x86.Build.0 = Release|x86
		{6C7BEBC6-6568-44A3-88EC-2DFC57F87A31}.Debug|Any CPU.ActiveCfg = Debug|Any CPU
		{6C7BEBC6-6568-44A3-88EC-2DFC57F87A31}.Debug|Any CPU.Build.0 = Debug|Any CPU
		{6C7BEBC6-6568-44A3-88EC-2DFC57F87A31}.Debug|x86.ActiveCfg = Debug|Any CPU
		{6C7BEBC6-6568-44A3-88EC-2DFC57F87A31}.Debug|x86.Build.0 = Debug|Any CPU
		{6C7BEBC6-6568-44A3-88EC-2DFC57F87A31}.Release|Any CPU.ActiveCfg = Release|Any CPU
		{6C7BEBC6-6568-44A3-88EC-2DFC57F87A31}.Release|Any CPU.Build.0 = Release|Any CPU
		{6C7BEBC6-6568-44A3-88EC-2DFC57F87A31}.Release|x86.ActiveCfg = Release|Any CPU
		{6C7BEBC6-6568-44A3-88EC-2DFC57F87A31}.Release|x86.Build.0 = Release|Any CPU
		{AB65E72E-8666-4213-86D6-AFB424D2C10B}.Debug|Any CPU.ActiveCfg = Debug|Any CPU
		{AB65E72E-8666-4213-86D6-AFB424D2C10B}.Debug|Any CPU.Build.0 = Debug|Any CPU
		{AB65E72E-8666-4213-86D6-AFB424D2C10B}.Debug|x86.ActiveCfg = Debug|Any CPU
		{AB65E72E-8666-4213-86D6-AFB424D2C10B}.Debug|x86.Build.0 = Debug|Any CPU
		{AB65E72E-8666-4213-86D6-AFB424D2C10B}.Release|Any CPU.ActiveCfg = Release|Any CPU
		{AB65E72E-8666-4213-86D6-AFB424D2C10B}.Release|Any CPU.Build.0 = Release|Any CPU
		{AB65E72E-8666-4213-86D6-AFB424D2C10B}.Release|x86.ActiveCfg = Release|Any CPU
		{AB65E72E-8666-4213-86D6-AFB424D2C10B}.Release|x86.Build.0 = Release|Any CPU
		{24639115-9E66-4DC5-BE93-9E72FBE5EC5F}.Debug|Any CPU.ActiveCfg = Debug|Any CPU
		{24639115-9E66-4DC5-BE93-9E72FBE5EC5F}.Debug|Any CPU.Build.0 = Debug|Any CPU
		{24639115-9E66-4DC5-BE93-9E72FBE5EC5F}.Debug|x86.ActiveCfg = Debug|Any CPU
		{24639115-9E66-4DC5-BE93-9E72FBE5EC5F}.Debug|x86.Build.0 = Debug|Any CPU
		{24639115-9E66-4DC5-BE93-9E72FBE5EC5F}.Release|Any CPU.ActiveCfg = Release|Any CPU
		{24639115-9E66-4DC5-BE93-9E72FBE5EC5F}.Release|Any CPU.Build.0 = Release|Any CPU
		{24639115-9E66-4DC5-BE93-9E72FBE5EC5F}.Release|x86.ActiveCfg = Release|Any CPU
		{24639115-9E66-4DC5-BE93-9E72FBE5EC5F}.Release|x86.Build.0 = Release|Any CPU
		{9B0DD52C-415F-4D4B-B15B-FFDE8ADE8F66}.Debug|Any CPU.ActiveCfg = Debug|Any CPU
		{9B0DD52C-415F-4D4B-B15B-FFDE8ADE8F66}.Debug|Any CPU.Build.0 = Debug|Any CPU
		{9B0DD52C-415F-4D4B-B15B-FFDE8ADE8F66}.Debug|x86.ActiveCfg = Debug|Any CPU
		{9B0DD52C-415F-4D4B-B15B-FFDE8ADE8F66}.Debug|x86.Build.0 = Debug|Any CPU
		{9B0DD52C-415F-4D4B-B15B-FFDE8ADE8F66}.Release|Any CPU.ActiveCfg = Release|Any CPU
		{9B0DD52C-415F-4D4B-B15B-FFDE8ADE8F66}.Release|Any CPU.Build.0 = Release|Any CPU
		{9B0DD52C-415F-4D4B-B15B-FFDE8ADE8F66}.Release|x86.ActiveCfg = Release|Any CPU
		{9B0DD52C-415F-4D4B-B15B-FFDE8ADE8F66}.Release|x86.Build.0 = Release|Any CPU
		{0B0009BF-5278-4804-B6E4-D36B0FF6BFA6}.Debug|Any CPU.ActiveCfg = Debug|Any CPU
		{0B0009BF-5278-4804-B6E4-D36B0FF6BFA6}.Debug|Any CPU.Build.0 = Debug|Any CPU
		{0B0009BF-5278-4804-B6E4-D36B0FF6BFA6}.Debug|x86.ActiveCfg = Debug|Any CPU
		{0B0009BF-5278-4804-B6E4-D36B0FF6BFA6}.Debug|x86.Build.0 = Debug|Any CPU
		{0B0009BF-5278-4804-B6E4-D36B0FF6BFA6}.Release|Any CPU.ActiveCfg = Release|Any CPU
		{0B0009BF-5278-4804-B6E4-D36B0FF6BFA6}.Release|Any CPU.Build.0 = Release|Any CPU
		{0B0009BF-5278-4804-B6E4-D36B0FF6BFA6}.Release|x86.ActiveCfg = Release|Any CPU
		{0B0009BF-5278-4804-B6E4-D36B0FF6BFA6}.Release|x86.Build.0 = Release|Any CPU
		{E153AAE7-3B06-4804-9D4E-39865B7D27C3}.Debug|Any CPU.ActiveCfg = Debug|Any CPU
		{E153AAE7-3B06-4804-9D4E-39865B7D27C3}.Debug|Any CPU.Build.0 = Debug|Any CPU
		{E153AAE7-3B06-4804-9D4E-39865B7D27C3}.Debug|x86.ActiveCfg = Debug|Any CPU
		{E153AAE7-3B06-4804-9D4E-39865B7D27C3}.Debug|x86.Build.0 = Debug|Any CPU
		{E153AAE7-3B06-4804-9D4E-39865B7D27C3}.Release|Any CPU.ActiveCfg = Release|Any CPU
		{E153AAE7-3B06-4804-9D4E-39865B7D27C3}.Release|Any CPU.Build.0 = Release|Any CPU
		{E153AAE7-3B06-4804-9D4E-39865B7D27C3}.Release|x86.ActiveCfg = Release|Any CPU
		{E153AAE7-3B06-4804-9D4E-39865B7D27C3}.Release|x86.Build.0 = Release|Any CPU
		{C7B78E2C-4674-4ADD-B631-20536F8BDE0D}.Debug|Any CPU.ActiveCfg = Debug|Any CPU
		{C7B78E2C-4674-4ADD-B631-20536F8BDE0D}.Debug|Any CPU.Build.0 = Debug|Any CPU
		{C7B78E2C-4674-4ADD-B631-20536F8BDE0D}.Debug|x86.ActiveCfg = Debug|Any CPU
		{C7B78E2C-4674-4ADD-B631-20536F8BDE0D}.Debug|x86.Build.0 = Debug|Any CPU
		{C7B78E2C-4674-4ADD-B631-20536F8BDE0D}.Release|Any CPU.ActiveCfg = Release|Any CPU
		{C7B78E2C-4674-4ADD-B631-20536F8BDE0D}.Release|Any CPU.Build.0 = Release|Any CPU
		{C7B78E2C-4674-4ADD-B631-20536F8BDE0D}.Release|x86.ActiveCfg = Release|Any CPU
		{C7B78E2C-4674-4ADD-B631-20536F8BDE0D}.Release|x86.Build.0 = Release|Any CPU
		{660BA451-88FB-4504-8170-4118F74467BA}.Debug|Any CPU.ActiveCfg = Debug|Any CPU
		{660BA451-88FB-4504-8170-4118F74467BA}.Debug|Any CPU.Build.0 = Debug|Any CPU
		{660BA451-88FB-4504-8170-4118F74467BA}.Debug|x86.ActiveCfg = Debug|x86
		{660BA451-88FB-4504-8170-4118F74467BA}.Debug|x86.Build.0 = Debug|x86
		{660BA451-88FB-4504-8170-4118F74467BA}.Release|Any CPU.ActiveCfg = Release|Any CPU
		{660BA451-88FB-4504-8170-4118F74467BA}.Release|Any CPU.Build.0 = Release|Any CPU
		{660BA451-88FB-4504-8170-4118F74467BA}.Release|x86.ActiveCfg = Release|x86
		{660BA451-88FB-4504-8170-4118F74467BA}.Release|x86.Build.0 = Release|x86
		{47233C8D-0BAE-43CC-95C7-3C9FB73F103B}.Debug|Any CPU.ActiveCfg = Debug|Any CPU
		{47233C8D-0BAE-43CC-95C7-3C9FB73F103B}.Debug|Any CPU.Build.0 = Debug|Any CPU
		{47233C8D-0BAE-43CC-95C7-3C9FB73F103B}.Debug|x86.ActiveCfg = Debug|Any CPU
		{47233C8D-0BAE-43CC-95C7-3C9FB73F103B}.Debug|x86.Build.0 = Debug|Any CPU
		{47233C8D-0BAE-43CC-95C7-3C9FB73F103B}.Release|Any CPU.ActiveCfg = Release|Any CPU
		{47233C8D-0BAE-43CC-95C7-3C9FB73F103B}.Release|Any CPU.Build.0 = Release|Any CPU
		{47233C8D-0BAE-43CC-95C7-3C9FB73F103B}.Release|x86.ActiveCfg = Release|Any CPU
		{47233C8D-0BAE-43CC-95C7-3C9FB73F103B}.Release|x86.Build.0 = Release|Any CPU
		{D8BF2D0E-8867-4DB5-A6DB-22342A534DFC}.Debug|Any CPU.ActiveCfg = Debug|Any CPU
		{D8BF2D0E-8867-4DB5-A6DB-22342A534DFC}.Debug|Any CPU.Build.0 = Debug|Any CPU
		{D8BF2D0E-8867-4DB5-A6DB-22342A534DFC}.Debug|x86.ActiveCfg = Debug|x86
		{D8BF2D0E-8867-4DB5-A6DB-22342A534DFC}.Debug|x86.Build.0 = Debug|x86
		{D8BF2D0E-8867-4DB5-A6DB-22342A534DFC}.Release|Any CPU.ActiveCfg = Release|Any CPU
		{D8BF2D0E-8867-4DB5-A6DB-22342A534DFC}.Release|Any CPU.Build.0 = Release|Any CPU
		{D8BF2D0E-8867-4DB5-A6DB-22342A534DFC}.Release|x86.ActiveCfg = Release|x86
		{D8BF2D0E-8867-4DB5-A6DB-22342A534DFC}.Release|x86.Build.0 = Release|x86
	EndGlobalSection
	GlobalSection(SolutionProperties) = preSolution
		HideSolutionNode = FALSE
	EndGlobalSection
	GlobalSection(NestedProjects) = preSolution
		{03061C35-1859-42E3-A2E5-CEF336224612} = {6E9B603B-B53F-41C9-9F3F-E2588B9FF84C}
		{671566F3-C278-4364-8688-F89EA603575B} = {5183CDE3-7961-4810-B8CA-779688727E35}
	EndGlobalSection
	GlobalSection(ExtensibilityGlobals) = postSolution
		SolutionGuid = {F80AB22A-52F6-46F7-A186-E650C75D076F}
	EndGlobalSection
EndGlobal
