
Microsoft Visual Studio Solution File, Format Version 12.00
# Visual Studio Version 17
VisualStudioVersion = 17.6.33513.286
MinimumVisualStudioVersion = 10.0.40219.1
Project("{FAE04EC0-301F-11D3-BF4B-00C04F79EFBC}") = "ApiClientCodeGen.VSIX", "VSIX\ApiClientCodeGen.VSIX\ApiClientCodeGen.VSIX.csproj", "{F68FEF1B-C874-4EF7-8C5C-E3E32E613141}"
EndProject
Project("{2150E333-8FDC-42A3-9474-1A3956D46DE8}") = "Solution Items", "Solution Items", "{2163CD80-1242-47F5-928B-26898374C4AE}"
	ProjectSection(SolutionItems) = preProject
		..\.travis.yml = ..\.travis.yml
		build.cake = build.cake
		Makefile = Makefile
		..\README.md = ..\README.md
		Tests.runsettings = Tests.runsettings
	EndProjectSection
EndProject
Project("{FAE04EC0-301F-11D3-BF4B-00C04F79EFBC}") = "ApiClientCodeGen.Tests", "VSIX\ApiClientCodeGen.Tests\ApiClientCodeGen.Tests.csproj", "{6C7BEBC6-6568-44A3-88EC-2DFC57F87A31}"
EndProject
Project("{FAE04EC0-301F-11D3-BF4B-00C04F79EFBC}") = "ApiClientCodegen.IntegrationTests", "VSIX\ApiClientCodegen.IntegrationTests\ApiClientCodegen.IntegrationTests.csproj", "{AB65E72E-8666-4213-86D6-AFB424D2C10B}"
EndProject
Project("{9A19103F-16F7-4668-BE54-9A1E7A4F7556}") = "ApiClientCodeGen.Core", "Core\ApiClientCodeGen.Core\ApiClientCodeGen.Core.csproj", "{24639115-9E66-4DC5-BE93-9E72FBE5EC5F}"
EndProject
Project("{9A19103F-16F7-4668-BE54-9A1E7A4F7556}") = "ApiClientCodeGen.CLI", "CLI\ApiClientCodeGen.CLI\ApiClientCodeGen.CLI.csproj", "{9B0DD52C-415F-4D4B-B15B-FFDE8ADE8F66}"
EndProject
Project("{9A19103F-16F7-4668-BE54-9A1E7A4F7556}") = "ApiClientCodeGen.Core.Tests", "Core\ApiClientCodeGen.Core.Tests\ApiClientCodeGen.Core.Tests.csproj", "{0B0009BF-5278-4804-B6E4-D36B0FF6BFA6}"
EndProject
Project("{2150E333-8FDC-42A3-9474-1A3956D46DE8}") = "Github Actions", "Github Actions", "{FA2B6312-D202-4B2D-BD13-1A875D04B673}"
	ProjectSection(SolutionItems) = preProject
		..\.github\workflows\cli-tool.yml = ..\.github\workflows\cli-tool.yml
		..\.github\workflows\production-tests.yml = ..\.github\workflows\production-tests.yml
		..\.github\workflows\smoke-tests.yml = ..\.github\workflows\smoke-tests.yml
		..\.github\workflows\unit-tests.yml = ..\.github\workflows\unit-tests.yml
		..\.github\workflows\vsix.yml = ..\.github\workflows\vsix.yml
		..\.github\workflows\vsmac.yml = ..\.github\workflows\vsmac.yml
	EndProjectSection
EndProject
Project("{2150E333-8FDC-42A3-9474-1A3956D46DE8}") = "Azure Pipelines", "Azure Pipelines", "{6E9B603B-B53F-41C9-9F3F-E2588B9FF84C}"
	ProjectSection(SolutionItems) = preProject
		..\build\ci-builds.yml = ..\build\ci-builds.yml
		..\build\dev-builds.yml = ..\build\dev-builds.yml
		..\build\integration-test.yml = ..\build\integration-test.yml
		..\build\smoke-test.yml = ..\build\smoke-test.yml
	EndProjectSection
EndProject
Project("{2150E333-8FDC-42A3-9474-1A3956D46DE8}") = "Templates", "Templates", "{03061C35-1859-42E3-A2E5-CEF336224612}"
	ProjectSection(SolutionItems) = preProject
		..\build\templates\cli-tool.yml = ..\build\templates\cli-tool.yml
		..\build\templates\script-test-template.yml = ..\build\templates\script-test-template.yml
		..\build\templates\vsix.yml = ..\build\templates\vsix.yml
		..\build\templates\vsmac.yml = ..\build\templates\vsmac.yml
	EndProjectSection
EndProject
Project("{2150E333-8FDC-42A3-9474-1A3956D46DE8}") = "Scripts", "Scripts", "{5183CDE3-7961-4810-B8CA-779688727E35}"
	ProjectSection(SolutionItems) = preProject
		..\test\integration-tests.ps1 = ..\test\integration-tests.ps1
		..\test\smoke-tests.ps1 = ..\test\smoke-tests.ps1
	EndProjectSection
EndProject
Project("{2150E333-8FDC-42A3-9474-1A3956D46DE8}") = "Deployment", "Deployment", "{671566F3-C278-4364-8688-F89EA603575B}"
	ProjectSection(SolutionItems) = preProject
		publish-manifest.json = publish-manifest.json
		publish-vsmac.ps1 = publish-vsmac.ps1
		publish.ps1 = publish.ps1
	EndProjectSection
EndProject
Project("{9A19103F-16F7-4668-BE54-9A1E7A4F7556}") = "ApiClientCodeGen.Tests.Common", "Core\ApiClientCodeGen.Tests.Common\ApiClientCodeGen.Tests.Common.csproj", "{E153AAE7-3B06-4804-9D4E-39865B7D27C3}"
EndProject
Project("{9A19103F-16F7-4668-BE54-9A1E7A4F7556}") = "ApiClientCodeGen.Core.IntegrationTests", "Core\ApiClientCodeGen.Core.IntegrationTests\ApiClientCodeGen.Core.IntegrationTests.csproj", "{C7B78E2C-4674-4ADD-B631-20536F8BDE0D}"
EndProject
Project("{D954291E-2A0B-460D-934E-DC6B0785DB48}") = "ApiClientCodeGen.VSIX.Shared", "VSIX\ApiClientCodeGen.VSIX.Shared\ApiClientCodeGen.VSIX.Shared.shproj", "{BBECCA08-2098-4A52-AEB6-71341098EFEA}"
EndProject
Project("{FAE04EC0-301F-11D3-BF4B-00C04F79EFBC}") = "ApiClientCodeGen.VSIX.Dev17", "VSIX\ApiClientCodeGen.VSIX.Dev17\ApiClientCodeGen.VSIX.Dev17.csproj", "{660BA451-88FB-4504-8170-4118F74467BA}"
EndProject
Project("{9A19103F-16F7-4668-BE54-9A1E7A4F7556}") = "ApiClientCodeGen.CLI.Tests", "CLI\ApiClientCodeGen.CLI.Tests\ApiClientCodeGen.CLI.Tests.csproj", "{47233C8D-0BAE-43CC-95C7-3C9FB73F103B}"
EndProject
Project("{2150E333-8FDC-42A3-9474-1A3956D46DE8}") = "Source", "Source", "{341EB5A7-E873-4F76-80AD-B018B7676501}"
EndProject
Project("{2150E333-8FDC-42A3-9474-1A3956D46DE8}") = "Smoke Tests", "Smoke Tests", "{ECE390EE-CF97-4876-B23A-53E830E6FDBB}"
EndProject
Project("{2150E333-8FDC-42A3-9474-1A3956D46DE8}") = "Kiota", "Kiota", "{5BC0A5AB-C806-4F61-92E8-CE90C14EA87E}"
EndProject
Project("{2150E333-8FDC-42A3-9474-1A3956D46DE8}") = "NSwag", "NSwag", "{21AE321F-DF0A-4B6A-B515-07B6CB53A8E9}"
EndProject
Project("{2150E333-8FDC-42A3-9474-1A3956D46DE8}") = "Refitter", "Refitter", "{299AA67F-D50D-4369-A7DD-A0CC41C8E2F6}"
EndProject
Project("{2150E333-8FDC-42A3-9474-1A3956D46DE8}") = "OpenApiGenerator", "OpenApiGenerator", "{47E62004-19CB-44D3-8588-F3D7C23754D5}"
EndProject
Project("{2150E333-8FDC-42A3-9474-1A3956D46DE8}") = "SwaggerCodegen", "SwaggerCodegen", "{C3CEEA67-0971-4139-8DAA-2531D0B055CA}"
EndProject
Project("{2150E333-8FDC-42A3-9474-1A3956D46DE8}") = "AutoRest-v2", "AutoRest-v2", "{78ACA997-2A0F-4EF0-8389-2875B6083F97}"
EndProject
Project("{2150E333-8FDC-42A3-9474-1A3956D46DE8}") = "AutoRest-v3", "AutoRest-v3", "{C7428D4F-77A4-4EF1-8B90-74EEF0A5AB7A}"
EndProject
Project("{FAE04EC0-301F-11D3-BF4B-00C04F79EFBC}") = "Net462", "..\test\GeneratedCode\AutoRest-V3\Net462\Net462.csproj", "{9EC4E5F1-E227-4036-A094-ABBD44E70F21}"
EndProject
Project("{FAE04EC0-301F-11D3-BF4B-00C04F79EFBC}") = "Net472", "..\test\GeneratedCode\AutoRest-V3\Net472\Net472.csproj", "{210BE4EA-7A45-48A6-9E52-518092895A3A}"
EndProject
Project("{FAE04EC0-301F-11D3-BF4B-00C04F79EFBC}") = "Net48", "..\test\GeneratedCode\AutoRest-V3\Net48\Net48.csproj", "{75AB00D3-FFE2-44A6-8158-6482C1A1C8C9}"
EndProject
Project("{FAE04EC0-301F-11D3-BF4B-00C04F79EFBC}") = "Net481", "..\test\GeneratedCode\AutoRest-V3\Net481\Net481.csproj", "{D0D04770-F0E5-4070-B2A9-61A711BB4DC4}"
EndProject
Project("{FAE04EC0-301F-11D3-BF4B-00C04F79EFBC}") = "Net6", "..\test\GeneratedCode\AutoRest-V3\Net6\Net6.csproj", "{7CADC7D6-A1C6-4619-9E14-C69A1A7AD62D}"
EndProject
Project("{FAE04EC0-301F-11D3-BF4B-00C04F79EFBC}") = "Net7", "..\test\GeneratedCode\AutoRest-V3\Net7\Net7.csproj", "{94E60BD3-4E30-4EBB-868A-F505FF114472}"
EndProject
Project("{FAE04EC0-301F-11D3-BF4B-00C04F79EFBC}") = "NetStandard20", "..\test\GeneratedCode\AutoRest-V3\NetStandard20\NetStandard20.csproj", "{E8CEFB93-7DF1-4DD1-870A-EF9662CD249A}"
EndProject
Project("{FAE04EC0-301F-11D3-BF4B-00C04F79EFBC}") = "NetStandard21", "..\test\GeneratedCode\AutoRest-V3\NetStandard21\NetStandard21.csproj", "{5F5C9394-7DB9-4527-8E08-A0B6628E64A4}"
EndProject
Project("{FAE04EC0-301F-11D3-BF4B-00C04F79EFBC}") = "Net462", "..\test\GeneratedCode\AutoRest-V2\Net462\Net462.csproj", "{2FC1BACC-FBFF-48E0-84CB-FEEA43658379}"
EndProject
Project("{FAE04EC0-301F-11D3-BF4B-00C04F79EFBC}") = "Net472", "..\test\GeneratedCode\AutoRest-V2\Net472\Net472.csproj", "{7F7CCC07-7636-439E-9C13-46087865A034}"
EndProject
Project("{FAE04EC0-301F-11D3-BF4B-00C04F79EFBC}") = "Net48", "..\test\GeneratedCode\AutoRest-V2\Net48\Net48.csproj", "{53A476B0-6F97-479C-85FC-80BC39832B3A}"
EndProject
Project("{FAE04EC0-301F-11D3-BF4B-00C04F79EFBC}") = "Net481", "..\test\GeneratedCode\AutoRest-V2\Net481\Net481.csproj", "{78473AEE-B92F-4F61-97F5-4EABE4A83AD8}"
EndProject
Project("{FAE04EC0-301F-11D3-BF4B-00C04F79EFBC}") = "Net6", "..\test\GeneratedCode\AutoRest-V2\Net6\Net6.csproj", "{12F6291A-D24E-44D2-B765-04025B22F643}"
EndProject
Project("{FAE04EC0-301F-11D3-BF4B-00C04F79EFBC}") = "Net7", "..\test\GeneratedCode\AutoRest-V2\Net7\Net7.csproj", "{97A9F2BD-120D-4A1E-B5EF-43C18E687043}"
EndProject
Project("{FAE04EC0-301F-11D3-BF4B-00C04F79EFBC}") = "NetStandard20", "..\test\GeneratedCode\AutoRest-V2\NetStandard20\NetStandard20.csproj", "{D08F2F60-CCE6-4EEB-B829-3AAAE1AC69CA}"
EndProject
Project("{FAE04EC0-301F-11D3-BF4B-00C04F79EFBC}") = "NetStandard21", "..\test\GeneratedCode\AutoRest-V2\NetStandard21\NetStandard21.csproj", "{209D0A67-A563-4CFE-BBA4-FD2EE5DEBBC9}"
EndProject
Project("{FAE04EC0-301F-11D3-BF4B-00C04F79EFBC}") = "Net462", "..\test\GeneratedCode\Kiota\Net462\Net462.csproj", "{DA311EA8-9132-46D7-9900-74C2194B62BF}"
EndProject
Project("{FAE04EC0-301F-11D3-BF4B-00C04F79EFBC}") = "Net472", "..\test\GeneratedCode\Kiota\Net472\Net472.csproj", "{6499431D-2634-4687-B39B-3811A84956D2}"
EndProject
Project("{FAE04EC0-301F-11D3-BF4B-00C04F79EFBC}") = "Net48", "..\test\GeneratedCode\Kiota\Net48\Net48.csproj", "{E79A52E6-EF9B-4F3D-A0F2-09C68E95F7B7}"
EndProject
Project("{FAE04EC0-301F-11D3-BF4B-00C04F79EFBC}") = "Net481", "..\test\GeneratedCode\Kiota\Net481\Net481.csproj", "{015B8CE8-65DD-4DE1-8846-7147101FC92D}"
EndProject
Project("{FAE04EC0-301F-11D3-BF4B-00C04F79EFBC}") = "Net6", "..\test\GeneratedCode\Kiota\Net6\Net6.csproj", "{28D7EDA9-1647-42C5-B8E5-89E7E8D05859}"
EndProject
Project("{FAE04EC0-301F-11D3-BF4B-00C04F79EFBC}") = "Net7", "..\test\GeneratedCode\Kiota\Net7\Net7.csproj", "{2F2671FC-A294-4AF0-85A0-8C1C605CECE5}"
EndProject
Project("{FAE04EC0-301F-11D3-BF4B-00C04F79EFBC}") = "NetStandard20", "..\test\GeneratedCode\Kiota\NetStandard20\NetStandard20.csproj", "{3366DECB-2BCB-420E-A1A2-6EE7123DFB32}"
EndProject
Project("{FAE04EC0-301F-11D3-BF4B-00C04F79EFBC}") = "NetStandard21", "..\test\GeneratedCode\Kiota\NetStandard21\NetStandard21.csproj", "{0F82FB2B-FDB6-4052-9B28-53BB28570D12}"
EndProject
Project("{FAE04EC0-301F-11D3-BF4B-00C04F79EFBC}") = "Net462", "..\test\GeneratedCode\Nswag\Net462\Net462.csproj", "{5D360613-96F5-43C8-B223-89C01469E630}"
EndProject
Project("{FAE04EC0-301F-11D3-BF4B-00C04F79EFBC}") = "Net472", "..\test\GeneratedCode\Nswag\Net472\Net472.csproj", "{3AF7DBCA-1F3E-4B97-9B34-B431325C0A0E}"
EndProject
Project("{FAE04EC0-301F-11D3-BF4B-00C04F79EFBC}") = "Net48", "..\test\GeneratedCode\Nswag\Net48\Net48.csproj", "{5AA36A4F-0D8C-4E9C-80E4-9E9872BF8049}"
EndProject
Project("{FAE04EC0-301F-11D3-BF4B-00C04F79EFBC}") = "Net481", "..\test\GeneratedCode\Nswag\Net481\Net481.csproj", "{E0D636D3-FB0C-47EA-88C8-63082C73BF6F}"
EndProject
Project("{FAE04EC0-301F-11D3-BF4B-00C04F79EFBC}") = "Net6", "..\test\GeneratedCode\Nswag\Net6\Net6.csproj", "{C7A7B5AB-D154-4AA7-9378-42A2EAD02D30}"
EndProject
Project("{FAE04EC0-301F-11D3-BF4B-00C04F79EFBC}") = "Net7", "..\test\GeneratedCode\Nswag\Net7\Net7.csproj", "{900D564D-8D31-4019-9B24-06A592A68E18}"
EndProject
Project("{FAE04EC0-301F-11D3-BF4B-00C04F79EFBC}") = "NetStandard20", "..\test\GeneratedCode\Nswag\NetStandard20\NetStandard20.csproj", "{A7DC2E2A-13A5-4C2F-AA5C-3FAFA63400BD}"
EndProject
Project("{FAE04EC0-301F-11D3-BF4B-00C04F79EFBC}") = "NetStandard21", "..\test\GeneratedCode\Nswag\NetStandard21\NetStandard21.csproj", "{0A8ADD85-CD2A-433A-BE5C-7B08F5B6CEA8}"
EndProject
Project("{FAE04EC0-301F-11D3-BF4B-00C04F79EFBC}") = "Net462", "..\test\GeneratedCode\OpenApiGenerator\Net462\Net462.csproj", "{2C59C12B-CF90-4D8B-8E5F-AEF98C182C5D}"
EndProject
Project("{FAE04EC0-301F-11D3-BF4B-00C04F79EFBC}") = "Net472", "..\test\GeneratedCode\OpenApiGenerator\Net472\Net472.csproj", "{F4E27D08-4E92-4400-8B71-D15433E2C6B1}"
EndProject
Project("{FAE04EC0-301F-11D3-BF4B-00C04F79EFBC}") = "Net48", "..\test\GeneratedCode\OpenApiGenerator\Net48\Net48.csproj", "{39738E62-28B8-4CB6-B693-220F51ACB67A}"
EndProject
Project("{FAE04EC0-301F-11D3-BF4B-00C04F79EFBC}") = "Net481", "..\test\GeneratedCode\OpenApiGenerator\Net481\Net481.csproj", "{4483308D-43E8-412B-B2D6-22E0E7E953EE}"
EndProject
Project("{FAE04EC0-301F-11D3-BF4B-00C04F79EFBC}") = "Net6", "..\test\GeneratedCode\OpenApiGenerator\Net6\Net6.csproj", "{121D745D-D6A6-478C-BE0E-D0718F2D9838}"
EndProject
Project("{FAE04EC0-301F-11D3-BF4B-00C04F79EFBC}") = "Net7", "..\test\GeneratedCode\OpenApiGenerator\Net7\Net7.csproj", "{A2EC2974-054A-4848-90C2-87B392BFBCC2}"
EndProject
Project("{FAE04EC0-301F-11D3-BF4B-00C04F79EFBC}") = "NetStandard20", "..\test\GeneratedCode\OpenApiGenerator\NetStandard20\NetStandard20.csproj", "{AA2FAF07-B819-48BA-98AA-A544B7050C9D}"
EndProject
Project("{FAE04EC0-301F-11D3-BF4B-00C04F79EFBC}") = "NetStandard21", "..\test\GeneratedCode\OpenApiGenerator\NetStandard21\NetStandard21.csproj", "{AC89B7D5-1A4E-4AFB-861E-4723B7B7EB70}"
EndProject
Project("{FAE04EC0-301F-11D3-BF4B-00C04F79EFBC}") = "Net462", "..\test\GeneratedCode\Refitter\Net462\Net462.csproj", "{8F4C93EC-098D-47E7-8D6D-C5FB9BD878FF}"
EndProject
Project("{FAE04EC0-301F-11D3-BF4B-00C04F79EFBC}") = "Net472", "..\test\GeneratedCode\Refitter\Net472\Net472.csproj", "{B7B9B718-5492-47C5-9797-8CADA6B284D5}"
EndProject
Project("{FAE04EC0-301F-11D3-BF4B-00C04F79EFBC}") = "Net48", "..\test\GeneratedCode\Refitter\Net48\Net48.csproj", "{428AB85C-6E64-4A20-8AB9-8E2A17E66786}"
EndProject
Project("{FAE04EC0-301F-11D3-BF4B-00C04F79EFBC}") = "Net481", "..\test\GeneratedCode\Refitter\Net481\Net481.csproj", "{0034A785-456D-4A7D-B481-7B4951CCEA0D}"
EndProject
Project("{FAE04EC0-301F-11D3-BF4B-00C04F79EFBC}") = "Net6", "..\test\GeneratedCode\Refitter\Net6\Net6.csproj", "{D23C3B77-6F92-4BF6-8D5A-0D18DA480E02}"
EndProject
Project("{FAE04EC0-301F-11D3-BF4B-00C04F79EFBC}") = "Net7", "..\test\GeneratedCode\Refitter\Net7\Net7.csproj", "{C964541A-CF7F-44C9-AE0E-0555C7B5F8C0}"
EndProject
Project("{FAE04EC0-301F-11D3-BF4B-00C04F79EFBC}") = "NetStandard20", "..\test\GeneratedCode\Refitter\NetStandard20\NetStandard20.csproj", "{C534073D-16FA-4017-80C7-D741182E0D8B}"
EndProject
Project("{FAE04EC0-301F-11D3-BF4B-00C04F79EFBC}") = "NetStandard21", "..\test\GeneratedCode\Refitter\NetStandard21\NetStandard21.csproj", "{F03BE94F-C3A0-43D7-AD2E-23EB4649F1F0}"
EndProject
Project("{FAE04EC0-301F-11D3-BF4B-00C04F79EFBC}") = "Net462", "..\test\GeneratedCode\SwaggerCodegen\Net462\Net462.csproj", "{047242A1-2BBC-4073-8749-602347501DCB}"
EndProject
Project("{FAE04EC0-301F-11D3-BF4B-00C04F79EFBC}") = "Net472", "..\test\GeneratedCode\SwaggerCodegen\Net472\Net472.csproj", "{830556C4-8BF3-499E-92C5-8D54155BF991}"
EndProject
Project("{FAE04EC0-301F-11D3-BF4B-00C04F79EFBC}") = "Net48", "..\test\GeneratedCode\SwaggerCodegen\Net48\Net48.csproj", "{0F087A6E-BCA1-423B-AA80-5C5C516FC8F6}"
EndProject
Project("{FAE04EC0-301F-11D3-BF4B-00C04F79EFBC}") = "Net481", "..\test\GeneratedCode\SwaggerCodegen\Net481\Net481.csproj", "{0B9DAF0D-F60D-45F6-A705-384E3FB7D22A}"
EndProject
Project("{FAE04EC0-301F-11D3-BF4B-00C04F79EFBC}") = "Net6", "..\test\GeneratedCode\SwaggerCodegen\Net6\Net6.csproj", "{97A1A91E-3773-48A6-8A80-1B5447C6FAB7}"
EndProject
Project("{FAE04EC0-301F-11D3-BF4B-00C04F79EFBC}") = "Net7", "..\test\GeneratedCode\SwaggerCodegen\Net7\Net7.csproj", "{E2D76391-6C0D-44E2-979E-F92FAD245E71}"
EndProject
Project("{FAE04EC0-301F-11D3-BF4B-00C04F79EFBC}") = "NetStandard20", "..\test\GeneratedCode\SwaggerCodegen\NetStandard20\NetStandard20.csproj", "{8638B66B-2134-4E0B-9E58-97ADC36CA288}"
EndProject
Project("{FAE04EC0-301F-11D3-BF4B-00C04F79EFBC}") = "NetStandard21", "..\test\GeneratedCode\SwaggerCodegen\NetStandard21\NetStandard21.csproj", "{C84323BC-588D-4D44-ACD9-F4CA96BE52C5}"
EndProject
Project("{2150E333-8FDC-42A3-9474-1A3956D46DE8}") = "CLI", "CLI", "{F4AEEB9D-D7A4-431F-AD01-8D373D94412E}"
EndProject
Project("{2150E333-8FDC-42A3-9474-1A3956D46DE8}") = "Core", "Core", "{56F9CFBC-0943-494E-9496-55F8F2A99804}"
EndProject
Project("{2150E333-8FDC-42A3-9474-1A3956D46DE8}") = "VSIX", "VSIX", "{A4B22A8E-8652-424D-A8C1-03DBF21732FD}"
EndProject
Global
	GlobalSection(SolutionConfigurationPlatforms) = preSolution
		Debug|Any CPU = Debug|Any CPU
		Debug|arm64 = Debug|arm64
		Debug|x86 = Debug|x86
		Release|Any CPU = Release|Any CPU
		Release|arm64 = Release|arm64
		Release|x86 = Release|x86
	EndGlobalSection
	GlobalSection(ProjectConfigurationPlatforms) = postSolution
		{F68FEF1B-C874-4EF7-8C5C-E3E32E613141}.Debug|Any CPU.ActiveCfg = Debug|Any CPU
		{F68FEF1B-C874-4EF7-8C5C-E3E32E613141}.Debug|Any CPU.Build.0 = Debug|Any CPU
		{F68FEF1B-C874-4EF7-8C5C-E3E32E613141}.Debug|arm64.ActiveCfg = Debug|arm64
		{F68FEF1B-C874-4EF7-8C5C-E3E32E613141}.Debug|arm64.Build.0 = Debug|arm64
		{F68FEF1B-C874-4EF7-8C5C-E3E32E613141}.Debug|x86.ActiveCfg = Debug|x86
		{F68FEF1B-C874-4EF7-8C5C-E3E32E613141}.Debug|x86.Build.0 = Debug|x86
		{F68FEF1B-C874-4EF7-8C5C-E3E32E613141}.Release|Any CPU.ActiveCfg = Release|Any CPU
		{F68FEF1B-C874-4EF7-8C5C-E3E32E613141}.Release|Any CPU.Build.0 = Release|Any CPU
		{F68FEF1B-C874-4EF7-8C5C-E3E32E613141}.Release|arm64.ActiveCfg = Release|arm64
		{F68FEF1B-C874-4EF7-8C5C-E3E32E613141}.Release|arm64.Build.0 = Release|arm64
		{F68FEF1B-C874-4EF7-8C5C-E3E32E613141}.Release|x86.ActiveCfg = Release|x86
		{F68FEF1B-C874-4EF7-8C5C-E3E32E613141}.Release|x86.Build.0 = Release|x86
		{6C7BEBC6-6568-44A3-88EC-2DFC57F87A31}.Debug|Any CPU.ActiveCfg = Debug|Any CPU
		{6C7BEBC6-6568-44A3-88EC-2DFC57F87A31}.Debug|Any CPU.Build.0 = Debug|Any CPU
		{6C7BEBC6-6568-44A3-88EC-2DFC57F87A31}.Debug|arm64.ActiveCfg = Debug|Any CPU
		{6C7BEBC6-6568-44A3-88EC-2DFC57F87A31}.Debug|arm64.Build.0 = Debug|Any CPU
		{6C7BEBC6-6568-44A3-88EC-2DFC57F87A31}.Debug|x86.ActiveCfg = Debug|Any CPU
		{6C7BEBC6-6568-44A3-88EC-2DFC57F87A31}.Debug|x86.Build.0 = Debug|Any CPU
		{6C7BEBC6-6568-44A3-88EC-2DFC57F87A31}.Release|Any CPU.ActiveCfg = Release|Any CPU
		{6C7BEBC6-6568-44A3-88EC-2DFC57F87A31}.Release|Any CPU.Build.0 = Release|Any CPU
		{6C7BEBC6-6568-44A3-88EC-2DFC57F87A31}.Release|arm64.ActiveCfg = Release|Any CPU
		{6C7BEBC6-6568-44A3-88EC-2DFC57F87A31}.Release|arm64.Build.0 = Release|Any CPU
		{6C7BEBC6-6568-44A3-88EC-2DFC57F87A31}.Release|x86.ActiveCfg = Release|Any CPU
		{6C7BEBC6-6568-44A3-88EC-2DFC57F87A31}.Release|x86.Build.0 = Release|Any CPU
		{AB65E72E-8666-4213-86D6-AFB424D2C10B}.Debug|Any CPU.ActiveCfg = Debug|Any CPU
		{AB65E72E-8666-4213-86D6-AFB424D2C10B}.Debug|Any CPU.Build.0 = Debug|Any CPU
		{AB65E72E-8666-4213-86D6-AFB424D2C10B}.Debug|arm64.ActiveCfg = Debug|Any CPU
		{AB65E72E-8666-4213-86D6-AFB424D2C10B}.Debug|arm64.Build.0 = Debug|Any CPU
		{AB65E72E-8666-4213-86D6-AFB424D2C10B}.Debug|x86.ActiveCfg = Debug|Any CPU
		{AB65E72E-8666-4213-86D6-AFB424D2C10B}.Debug|x86.Build.0 = Debug|Any CPU
		{AB65E72E-8666-4213-86D6-AFB424D2C10B}.Release|Any CPU.ActiveCfg = Release|Any CPU
		{AB65E72E-8666-4213-86D6-AFB424D2C10B}.Release|Any CPU.Build.0 = Release|Any CPU
		{AB65E72E-8666-4213-86D6-AFB424D2C10B}.Release|arm64.ActiveCfg = Release|Any CPU
		{AB65E72E-8666-4213-86D6-AFB424D2C10B}.Release|arm64.Build.0 = Release|Any CPU
		{AB65E72E-8666-4213-86D6-AFB424D2C10B}.Release|x86.ActiveCfg = Release|Any CPU
		{AB65E72E-8666-4213-86D6-AFB424D2C10B}.Release|x86.Build.0 = Release|Any CPU
		{24639115-9E66-4DC5-BE93-9E72FBE5EC5F}.Debug|Any CPU.ActiveCfg = Debug|Any CPU
		{24639115-9E66-4DC5-BE93-9E72FBE5EC5F}.Debug|Any CPU.Build.0 = Debug|Any CPU
		{24639115-9E66-4DC5-BE93-9E72FBE5EC5F}.Debug|arm64.ActiveCfg = Debug|Any CPU
		{24639115-9E66-4DC5-BE93-9E72FBE5EC5F}.Debug|arm64.Build.0 = Debug|Any CPU
		{24639115-9E66-4DC5-BE93-9E72FBE5EC5F}.Debug|x86.ActiveCfg = Debug|Any CPU
		{24639115-9E66-4DC5-BE93-9E72FBE5EC5F}.Debug|x86.Build.0 = Debug|Any CPU
		{24639115-9E66-4DC5-BE93-9E72FBE5EC5F}.Release|Any CPU.ActiveCfg = Release|Any CPU
		{24639115-9E66-4DC5-BE93-9E72FBE5EC5F}.Release|Any CPU.Build.0 = Release|Any CPU
		{24639115-9E66-4DC5-BE93-9E72FBE5EC5F}.Release|arm64.ActiveCfg = Release|Any CPU
		{24639115-9E66-4DC5-BE93-9E72FBE5EC5F}.Release|arm64.Build.0 = Release|Any CPU
		{24639115-9E66-4DC5-BE93-9E72FBE5EC5F}.Release|x86.ActiveCfg = Release|Any CPU
		{24639115-9E66-4DC5-BE93-9E72FBE5EC5F}.Release|x86.Build.0 = Release|Any CPU
		{9B0DD52C-415F-4D4B-B15B-FFDE8ADE8F66}.Debug|Any CPU.ActiveCfg = Debug|Any CPU
		{9B0DD52C-415F-4D4B-B15B-FFDE8ADE8F66}.Debug|Any CPU.Build.0 = Debug|Any CPU
		{9B0DD52C-415F-4D4B-B15B-FFDE8ADE8F66}.Debug|arm64.ActiveCfg = Debug|Any CPU
		{9B0DD52C-415F-4D4B-B15B-FFDE8ADE8F66}.Debug|arm64.Build.0 = Debug|Any CPU
		{9B0DD52C-415F-4D4B-B15B-FFDE8ADE8F66}.Debug|x86.ActiveCfg = Debug|Any CPU
		{9B0DD52C-415F-4D4B-B15B-FFDE8ADE8F66}.Debug|x86.Build.0 = Debug|Any CPU
		{9B0DD52C-415F-4D4B-B15B-FFDE8ADE8F66}.Release|Any CPU.ActiveCfg = Release|Any CPU
		{9B0DD52C-415F-4D4B-B15B-FFDE8ADE8F66}.Release|Any CPU.Build.0 = Release|Any CPU
		{9B0DD52C-415F-4D4B-B15B-FFDE8ADE8F66}.Release|arm64.ActiveCfg = Release|Any CPU
		{9B0DD52C-415F-4D4B-B15B-FFDE8ADE8F66}.Release|arm64.Build.0 = Release|Any CPU
		{9B0DD52C-415F-4D4B-B15B-FFDE8ADE8F66}.Release|x86.ActiveCfg = Release|Any CPU
		{9B0DD52C-415F-4D4B-B15B-FFDE8ADE8F66}.Release|x86.Build.0 = Release|Any CPU
		{0B0009BF-5278-4804-B6E4-D36B0FF6BFA6}.Debug|Any CPU.ActiveCfg = Debug|Any CPU
		{0B0009BF-5278-4804-B6E4-D36B0FF6BFA6}.Debug|Any CPU.Build.0 = Debug|Any CPU
		{0B0009BF-5278-4804-B6E4-D36B0FF6BFA6}.Debug|arm64.ActiveCfg = Debug|Any CPU
		{0B0009BF-5278-4804-B6E4-D36B0FF6BFA6}.Debug|arm64.Build.0 = Debug|Any CPU
		{0B0009BF-5278-4804-B6E4-D36B0FF6BFA6}.Debug|x86.ActiveCfg = Debug|Any CPU
		{0B0009BF-5278-4804-B6E4-D36B0FF6BFA6}.Debug|x86.Build.0 = Debug|Any CPU
		{0B0009BF-5278-4804-B6E4-D36B0FF6BFA6}.Release|Any CPU.ActiveCfg = Release|Any CPU
		{0B0009BF-5278-4804-B6E4-D36B0FF6BFA6}.Release|Any CPU.Build.0 = Release|Any CPU
		{0B0009BF-5278-4804-B6E4-D36B0FF6BFA6}.Release|arm64.ActiveCfg = Release|Any CPU
		{0B0009BF-5278-4804-B6E4-D36B0FF6BFA6}.Release|arm64.Build.0 = Release|Any CPU
		{0B0009BF-5278-4804-B6E4-D36B0FF6BFA6}.Release|x86.ActiveCfg = Release|Any CPU
		{0B0009BF-5278-4804-B6E4-D36B0FF6BFA6}.Release|x86.Build.0 = Release|Any CPU
		{E153AAE7-3B06-4804-9D4E-39865B7D27C3}.Debug|Any CPU.ActiveCfg = Debug|Any CPU
		{E153AAE7-3B06-4804-9D4E-39865B7D27C3}.Debug|Any CPU.Build.0 = Debug|Any CPU
		{E153AAE7-3B06-4804-9D4E-39865B7D27C3}.Debug|arm64.ActiveCfg = Debug|Any CPU
		{E153AAE7-3B06-4804-9D4E-39865B7D27C3}.Debug|arm64.Build.0 = Debug|Any CPU
		{E153AAE7-3B06-4804-9D4E-39865B7D27C3}.Debug|x86.ActiveCfg = Debug|Any CPU
		{E153AAE7-3B06-4804-9D4E-39865B7D27C3}.Debug|x86.Build.0 = Debug|Any CPU
		{E153AAE7-3B06-4804-9D4E-39865B7D27C3}.Release|Any CPU.ActiveCfg = Release|Any CPU
		{E153AAE7-3B06-4804-9D4E-39865B7D27C3}.Release|Any CPU.Build.0 = Release|Any CPU
		{E153AAE7-3B06-4804-9D4E-39865B7D27C3}.Release|arm64.ActiveCfg = Release|Any CPU
		{E153AAE7-3B06-4804-9D4E-39865B7D27C3}.Release|arm64.Build.0 = Release|Any CPU
		{E153AAE7-3B06-4804-9D4E-39865B7D27C3}.Release|x86.ActiveCfg = Release|Any CPU
		{E153AAE7-3B06-4804-9D4E-39865B7D27C3}.Release|x86.Build.0 = Release|Any CPU
		{C7B78E2C-4674-4ADD-B631-20536F8BDE0D}.Debug|Any CPU.ActiveCfg = Debug|Any CPU
		{C7B78E2C-4674-4ADD-B631-20536F8BDE0D}.Debug|Any CPU.Build.0 = Debug|Any CPU
		{C7B78E2C-4674-4ADD-B631-20536F8BDE0D}.Debug|arm64.ActiveCfg = Debug|Any CPU
		{C7B78E2C-4674-4ADD-B631-20536F8BDE0D}.Debug|arm64.Build.0 = Debug|Any CPU
		{C7B78E2C-4674-4ADD-B631-20536F8BDE0D}.Debug|x86.ActiveCfg = Debug|Any CPU
		{C7B78E2C-4674-4ADD-B631-20536F8BDE0D}.Debug|x86.Build.0 = Debug|Any CPU
		{C7B78E2C-4674-4ADD-B631-20536F8BDE0D}.Release|Any CPU.ActiveCfg = Release|Any CPU
		{C7B78E2C-4674-4ADD-B631-20536F8BDE0D}.Release|Any CPU.Build.0 = Release|Any CPU
		{C7B78E2C-4674-4ADD-B631-20536F8BDE0D}.Release|arm64.ActiveCfg = Release|Any CPU
		{C7B78E2C-4674-4ADD-B631-20536F8BDE0D}.Release|arm64.Build.0 = Release|Any CPU
		{C7B78E2C-4674-4ADD-B631-20536F8BDE0D}.Release|x86.ActiveCfg = Release|Any CPU
		{C7B78E2C-4674-4ADD-B631-20536F8BDE0D}.Release|x86.Build.0 = Release|Any CPU
		{660BA451-88FB-4504-8170-4118F74467BA}.Debug|Any CPU.ActiveCfg = Debug|Any CPU
		{660BA451-88FB-4504-8170-4118F74467BA}.Debug|Any CPU.Build.0 = Debug|Any CPU
		{660BA451-88FB-4504-8170-4118F74467BA}.Debug|arm64.ActiveCfg = Debug|arm64
		{660BA451-88FB-4504-8170-4118F74467BA}.Debug|arm64.Build.0 = Debug|arm64
		{660BA451-88FB-4504-8170-4118F74467BA}.Debug|x86.ActiveCfg = Debug|x86
		{660BA451-88FB-4504-8170-4118F74467BA}.Debug|x86.Build.0 = Debug|x86
		{660BA451-88FB-4504-8170-4118F74467BA}.Release|Any CPU.ActiveCfg = Release|Any CPU
		{660BA451-88FB-4504-8170-4118F74467BA}.Release|Any CPU.Build.0 = Release|Any CPU
		{660BA451-88FB-4504-8170-4118F74467BA}.Release|arm64.ActiveCfg = Release|arm64
		{660BA451-88FB-4504-8170-4118F74467BA}.Release|arm64.Build.0 = Release|arm64
		{660BA451-88FB-4504-8170-4118F74467BA}.Release|x86.ActiveCfg = Release|x86
		{660BA451-88FB-4504-8170-4118F74467BA}.Release|x86.Build.0 = Release|x86
		{47233C8D-0BAE-43CC-95C7-3C9FB73F103B}.Debug|Any CPU.ActiveCfg = Debug|Any CPU
		{47233C8D-0BAE-43CC-95C7-3C9FB73F103B}.Debug|Any CPU.Build.0 = Debug|Any CPU
		{47233C8D-0BAE-43CC-95C7-3C9FB73F103B}.Debug|arm64.ActiveCfg = Debug|Any CPU
		{47233C8D-0BAE-43CC-95C7-3C9FB73F103B}.Debug|arm64.Build.0 = Debug|Any CPU
		{47233C8D-0BAE-43CC-95C7-3C9FB73F103B}.Debug|x86.ActiveCfg = Debug|Any CPU
		{47233C8D-0BAE-43CC-95C7-3C9FB73F103B}.Debug|x86.Build.0 = Debug|Any CPU
		{47233C8D-0BAE-43CC-95C7-3C9FB73F103B}.Release|Any CPU.ActiveCfg = Release|Any CPU
		{47233C8D-0BAE-43CC-95C7-3C9FB73F103B}.Release|Any CPU.Build.0 = Release|Any CPU
		{47233C8D-0BAE-43CC-95C7-3C9FB73F103B}.Release|arm64.ActiveCfg = Release|Any CPU
		{47233C8D-0BAE-43CC-95C7-3C9FB73F103B}.Release|arm64.Build.0 = Release|Any CPU
		{47233C8D-0BAE-43CC-95C7-3C9FB73F103B}.Release|x86.ActiveCfg = Release|Any CPU
		{47233C8D-0BAE-43CC-95C7-3C9FB73F103B}.Release|x86.Build.0 = Release|Any CPU
		{9EC4E5F1-E227-4036-A094-ABBD44E70F21}.Debug|Any CPU.ActiveCfg = Debug|Any CPU
		{9EC4E5F1-E227-4036-A094-ABBD44E70F21}.Debug|Any CPU.Build.0 = Debug|Any CPU
		{9EC4E5F1-E227-4036-A094-ABBD44E70F21}.Debug|arm64.ActiveCfg = Debug|Any CPU
		{9EC4E5F1-E227-4036-A094-ABBD44E70F21}.Debug|arm64.Build.0 = Debug|Any CPU
		{9EC4E5F1-E227-4036-A094-ABBD44E70F21}.Debug|x86.ActiveCfg = Debug|Any CPU
		{9EC4E5F1-E227-4036-A094-ABBD44E70F21}.Debug|x86.Build.0 = Debug|Any CPU
		{9EC4E5F1-E227-4036-A094-ABBD44E70F21}.Release|Any CPU.ActiveCfg = Release|Any CPU
		{9EC4E5F1-E227-4036-A094-ABBD44E70F21}.Release|Any CPU.Build.0 = Release|Any CPU
		{9EC4E5F1-E227-4036-A094-ABBD44E70F21}.Release|arm64.ActiveCfg = Release|Any CPU
		{9EC4E5F1-E227-4036-A094-ABBD44E70F21}.Release|arm64.Build.0 = Release|Any CPU
		{9EC4E5F1-E227-4036-A094-ABBD44E70F21}.Release|x86.ActiveCfg = Release|Any CPU
		{9EC4E5F1-E227-4036-A094-ABBD44E70F21}.Release|x86.Build.0 = Release|Any CPU
		{210BE4EA-7A45-48A6-9E52-518092895A3A}.Debug|Any CPU.ActiveCfg = Debug|Any CPU
		{210BE4EA-7A45-48A6-9E52-518092895A3A}.Debug|Any CPU.Build.0 = Debug|Any CPU
		{210BE4EA-7A45-48A6-9E52-518092895A3A}.Debug|arm64.ActiveCfg = Debug|Any CPU
		{210BE4EA-7A45-48A6-9E52-518092895A3A}.Debug|arm64.Build.0 = Debug|Any CPU
		{210BE4EA-7A45-48A6-9E52-518092895A3A}.Debug|x86.ActiveCfg = Debug|Any CPU
		{210BE4EA-7A45-48A6-9E52-518092895A3A}.Debug|x86.Build.0 = Debug|Any CPU
		{210BE4EA-7A45-48A6-9E52-518092895A3A}.Release|Any CPU.ActiveCfg = Release|Any CPU
		{210BE4EA-7A45-48A6-9E52-518092895A3A}.Release|Any CPU.Build.0 = Release|Any CPU
		{210BE4EA-7A45-48A6-9E52-518092895A3A}.Release|arm64.ActiveCfg = Release|Any CPU
		{210BE4EA-7A45-48A6-9E52-518092895A3A}.Release|arm64.Build.0 = Release|Any CPU
		{210BE4EA-7A45-48A6-9E52-518092895A3A}.Release|x86.ActiveCfg = Release|Any CPU
		{210BE4EA-7A45-48A6-9E52-518092895A3A}.Release|x86.Build.0 = Release|Any CPU
		{75AB00D3-FFE2-44A6-8158-6482C1A1C8C9}.Debug|Any CPU.ActiveCfg = Debug|Any CPU
		{75AB00D3-FFE2-44A6-8158-6482C1A1C8C9}.Debug|Any CPU.Build.0 = Debug|Any CPU
		{75AB00D3-FFE2-44A6-8158-6482C1A1C8C9}.Debug|arm64.ActiveCfg = Debug|Any CPU
		{75AB00D3-FFE2-44A6-8158-6482C1A1C8C9}.Debug|arm64.Build.0 = Debug|Any CPU
		{75AB00D3-FFE2-44A6-8158-6482C1A1C8C9}.Debug|x86.ActiveCfg = Debug|Any CPU
		{75AB00D3-FFE2-44A6-8158-6482C1A1C8C9}.Debug|x86.Build.0 = Debug|Any CPU
		{75AB00D3-FFE2-44A6-8158-6482C1A1C8C9}.Release|Any CPU.ActiveCfg = Release|Any CPU
		{75AB00D3-FFE2-44A6-8158-6482C1A1C8C9}.Release|Any CPU.Build.0 = Release|Any CPU
		{75AB00D3-FFE2-44A6-8158-6482C1A1C8C9}.Release|arm64.ActiveCfg = Release|Any CPU
		{75AB00D3-FFE2-44A6-8158-6482C1A1C8C9}.Release|arm64.Build.0 = Release|Any CPU
		{75AB00D3-FFE2-44A6-8158-6482C1A1C8C9}.Release|x86.ActiveCfg = Release|Any CPU
		{75AB00D3-FFE2-44A6-8158-6482C1A1C8C9}.Release|x86.Build.0 = Release|Any CPU
		{D0D04770-F0E5-4070-B2A9-61A711BB4DC4}.Debug|Any CPU.ActiveCfg = Debug|Any CPU
		{D0D04770-F0E5-4070-B2A9-61A711BB4DC4}.Debug|Any CPU.Build.0 = Debug|Any CPU
		{D0D04770-F0E5-4070-B2A9-61A711BB4DC4}.Debug|arm64.ActiveCfg = Debug|Any CPU
		{D0D04770-F0E5-4070-B2A9-61A711BB4DC4}.Debug|arm64.Build.0 = Debug|Any CPU
		{D0D04770-F0E5-4070-B2A9-61A711BB4DC4}.Debug|x86.ActiveCfg = Debug|Any CPU
		{D0D04770-F0E5-4070-B2A9-61A711BB4DC4}.Debug|x86.Build.0 = Debug|Any CPU
		{D0D04770-F0E5-4070-B2A9-61A711BB4DC4}.Release|Any CPU.ActiveCfg = Release|Any CPU
		{D0D04770-F0E5-4070-B2A9-61A711BB4DC4}.Release|Any CPU.Build.0 = Release|Any CPU
		{D0D04770-F0E5-4070-B2A9-61A711BB4DC4}.Release|arm64.ActiveCfg = Release|Any CPU
		{D0D04770-F0E5-4070-B2A9-61A711BB4DC4}.Release|arm64.Build.0 = Release|Any CPU
		{D0D04770-F0E5-4070-B2A9-61A711BB4DC4}.Release|x86.ActiveCfg = Release|Any CPU
		{D0D04770-F0E5-4070-B2A9-61A711BB4DC4}.Release|x86.Build.0 = Release|Any CPU
		{7CADC7D6-A1C6-4619-9E14-C69A1A7AD62D}.Debug|Any CPU.ActiveCfg = Debug|Any CPU
		{7CADC7D6-A1C6-4619-9E14-C69A1A7AD62D}.Debug|Any CPU.Build.0 = Debug|Any CPU
		{7CADC7D6-A1C6-4619-9E14-C69A1A7AD62D}.Debug|arm64.ActiveCfg = Debug|Any CPU
		{7CADC7D6-A1C6-4619-9E14-C69A1A7AD62D}.Debug|arm64.Build.0 = Debug|Any CPU
		{7CADC7D6-A1C6-4619-9E14-C69A1A7AD62D}.Debug|x86.ActiveCfg = Debug|Any CPU
		{7CADC7D6-A1C6-4619-9E14-C69A1A7AD62D}.Debug|x86.Build.0 = Debug|Any CPU
		{7CADC7D6-A1C6-4619-9E14-C69A1A7AD62D}.Release|Any CPU.ActiveCfg = Release|Any CPU
		{7CADC7D6-A1C6-4619-9E14-C69A1A7AD62D}.Release|Any CPU.Build.0 = Release|Any CPU
		{7CADC7D6-A1C6-4619-9E14-C69A1A7AD62D}.Release|arm64.ActiveCfg = Release|Any CPU
		{7CADC7D6-A1C6-4619-9E14-C69A1A7AD62D}.Release|arm64.Build.0 = Release|Any CPU
		{7CADC7D6-A1C6-4619-9E14-C69A1A7AD62D}.Release|x86.ActiveCfg = Release|Any CPU
		{7CADC7D6-A1C6-4619-9E14-C69A1A7AD62D}.Release|x86.Build.0 = Release|Any CPU
		{94E60BD3-4E30-4EBB-868A-F505FF114472}.Debug|Any CPU.ActiveCfg = Debug|Any CPU
		{94E60BD3-4E30-4EBB-868A-F505FF114472}.Debug|Any CPU.Build.0 = Debug|Any CPU
		{94E60BD3-4E30-4EBB-868A-F505FF114472}.Debug|arm64.ActiveCfg = Debug|Any CPU
		{94E60BD3-4E30-4EBB-868A-F505FF114472}.Debug|arm64.Build.0 = Debug|Any CPU
		{94E60BD3-4E30-4EBB-868A-F505FF114472}.Debug|x86.ActiveCfg = Debug|Any CPU
		{94E60BD3-4E30-4EBB-868A-F505FF114472}.Debug|x86.Build.0 = Debug|Any CPU
		{94E60BD3-4E30-4EBB-868A-F505FF114472}.Release|Any CPU.ActiveCfg = Release|Any CPU
		{94E60BD3-4E30-4EBB-868A-F505FF114472}.Release|Any CPU.Build.0 = Release|Any CPU
		{94E60BD3-4E30-4EBB-868A-F505FF114472}.Release|arm64.ActiveCfg = Release|Any CPU
		{94E60BD3-4E30-4EBB-868A-F505FF114472}.Release|arm64.Build.0 = Release|Any CPU
		{94E60BD3-4E30-4EBB-868A-F505FF114472}.Release|x86.ActiveCfg = Release|Any CPU
		{94E60BD3-4E30-4EBB-868A-F505FF114472}.Release|x86.Build.0 = Release|Any CPU
		{E8CEFB93-7DF1-4DD1-870A-EF9662CD249A}.Debug|Any CPU.ActiveCfg = Debug|Any CPU
		{E8CEFB93-7DF1-4DD1-870A-EF9662CD249A}.Debug|Any CPU.Build.0 = Debug|Any CPU
		{E8CEFB93-7DF1-4DD1-870A-EF9662CD249A}.Debug|arm64.ActiveCfg = Debug|Any CPU
		{E8CEFB93-7DF1-4DD1-870A-EF9662CD249A}.Debug|arm64.Build.0 = Debug|Any CPU
		{E8CEFB93-7DF1-4DD1-870A-EF9662CD249A}.Debug|x86.ActiveCfg = Debug|Any CPU
		{E8CEFB93-7DF1-4DD1-870A-EF9662CD249A}.Debug|x86.Build.0 = Debug|Any CPU
		{E8CEFB93-7DF1-4DD1-870A-EF9662CD249A}.Release|Any CPU.ActiveCfg = Release|Any CPU
		{E8CEFB93-7DF1-4DD1-870A-EF9662CD249A}.Release|Any CPU.Build.0 = Release|Any CPU
		{E8CEFB93-7DF1-4DD1-870A-EF9662CD249A}.Release|arm64.ActiveCfg = Release|Any CPU
		{E8CEFB93-7DF1-4DD1-870A-EF9662CD249A}.Release|arm64.Build.0 = Release|Any CPU
		{E8CEFB93-7DF1-4DD1-870A-EF9662CD249A}.Release|x86.ActiveCfg = Release|Any CPU
		{E8CEFB93-7DF1-4DD1-870A-EF9662CD249A}.Release|x86.Build.0 = Release|Any CPU
		{5F5C9394-7DB9-4527-8E08-A0B6628E64A4}.Debug|Any CPU.ActiveCfg = Debug|Any CPU
		{5F5C9394-7DB9-4527-8E08-A0B6628E64A4}.Debug|Any CPU.Build.0 = Debug|Any CPU
		{5F5C9394-7DB9-4527-8E08-A0B6628E64A4}.Debug|arm64.ActiveCfg = Debug|Any CPU
		{5F5C9394-7DB9-4527-8E08-A0B6628E64A4}.Debug|arm64.Build.0 = Debug|Any CPU
		{5F5C9394-7DB9-4527-8E08-A0B6628E64A4}.Debug|x86.ActiveCfg = Debug|Any CPU
		{5F5C9394-7DB9-4527-8E08-A0B6628E64A4}.Debug|x86.Build.0 = Debug|Any CPU
		{5F5C9394-7DB9-4527-8E08-A0B6628E64A4}.Release|Any CPU.ActiveCfg = Release|Any CPU
		{5F5C9394-7DB9-4527-8E08-A0B6628E64A4}.Release|Any CPU.Build.0 = Release|Any CPU
		{5F5C9394-7DB9-4527-8E08-A0B6628E64A4}.Release|arm64.ActiveCfg = Release|Any CPU
		{5F5C9394-7DB9-4527-8E08-A0B6628E64A4}.Release|arm64.Build.0 = Release|Any CPU
		{5F5C9394-7DB9-4527-8E08-A0B6628E64A4}.Release|x86.ActiveCfg = Release|Any CPU
		{5F5C9394-7DB9-4527-8E08-A0B6628E64A4}.Release|x86.Build.0 = Release|Any CPU
		{2FC1BACC-FBFF-48E0-84CB-FEEA43658379}.Debug|Any CPU.ActiveCfg = Debug|Any CPU
		{2FC1BACC-FBFF-48E0-84CB-FEEA43658379}.Debug|Any CPU.Build.0 = Debug|Any CPU
		{2FC1BACC-FBFF-48E0-84CB-FEEA43658379}.Debug|arm64.ActiveCfg = Debug|Any CPU
		{2FC1BACC-FBFF-48E0-84CB-FEEA43658379}.Debug|arm64.Build.0 = Debug|Any CPU
		{2FC1BACC-FBFF-48E0-84CB-FEEA43658379}.Debug|x86.ActiveCfg = Debug|Any CPU
		{2FC1BACC-FBFF-48E0-84CB-FEEA43658379}.Debug|x86.Build.0 = Debug|Any CPU
		{2FC1BACC-FBFF-48E0-84CB-FEEA43658379}.Release|Any CPU.ActiveCfg = Release|Any CPU
		{2FC1BACC-FBFF-48E0-84CB-FEEA43658379}.Release|Any CPU.Build.0 = Release|Any CPU
		{2FC1BACC-FBFF-48E0-84CB-FEEA43658379}.Release|arm64.ActiveCfg = Release|Any CPU
		{2FC1BACC-FBFF-48E0-84CB-FEEA43658379}.Release|arm64.Build.0 = Release|Any CPU
		{2FC1BACC-FBFF-48E0-84CB-FEEA43658379}.Release|x86.ActiveCfg = Release|Any CPU
		{2FC1BACC-FBFF-48E0-84CB-FEEA43658379}.Release|x86.Build.0 = Release|Any CPU
		{7F7CCC07-7636-439E-9C13-46087865A034}.Debug|Any CPU.ActiveCfg = Debug|Any CPU
		{7F7CCC07-7636-439E-9C13-46087865A034}.Debug|Any CPU.Build.0 = Debug|Any CPU
		{7F7CCC07-7636-439E-9C13-46087865A034}.Debug|arm64.ActiveCfg = Debug|Any CPU
		{7F7CCC07-7636-439E-9C13-46087865A034}.Debug|arm64.Build.0 = Debug|Any CPU
		{7F7CCC07-7636-439E-9C13-46087865A034}.Debug|x86.ActiveCfg = Debug|Any CPU
		{7F7CCC07-7636-439E-9C13-46087865A034}.Debug|x86.Build.0 = Debug|Any CPU
		{7F7CCC07-7636-439E-9C13-46087865A034}.Release|Any CPU.ActiveCfg = Release|Any CPU
		{7F7CCC07-7636-439E-9C13-46087865A034}.Release|Any CPU.Build.0 = Release|Any CPU
		{7F7CCC07-7636-439E-9C13-46087865A034}.Release|arm64.ActiveCfg = Release|Any CPU
		{7F7CCC07-7636-439E-9C13-46087865A034}.Release|arm64.Build.0 = Release|Any CPU
		{7F7CCC07-7636-439E-9C13-46087865A034}.Release|x86.ActiveCfg = Release|Any CPU
		{7F7CCC07-7636-439E-9C13-46087865A034}.Release|x86.Build.0 = Release|Any CPU
		{53A476B0-6F97-479C-85FC-80BC39832B3A}.Debug|Any CPU.ActiveCfg = Debug|Any CPU
		{53A476B0-6F97-479C-85FC-80BC39832B3A}.Debug|Any CPU.Build.0 = Debug|Any CPU
		{53A476B0-6F97-479C-85FC-80BC39832B3A}.Debug|arm64.ActiveCfg = Debug|Any CPU
		{53A476B0-6F97-479C-85FC-80BC39832B3A}.Debug|arm64.Build.0 = Debug|Any CPU
		{53A476B0-6F97-479C-85FC-80BC39832B3A}.Debug|x86.ActiveCfg = Debug|Any CPU
		{53A476B0-6F97-479C-85FC-80BC39832B3A}.Debug|x86.Build.0 = Debug|Any CPU
		{53A476B0-6F97-479C-85FC-80BC39832B3A}.Release|Any CPU.ActiveCfg = Release|Any CPU
		{53A476B0-6F97-479C-85FC-80BC39832B3A}.Release|Any CPU.Build.0 = Release|Any CPU
		{53A476B0-6F97-479C-85FC-80BC39832B3A}.Release|arm64.ActiveCfg = Release|Any CPU
		{53A476B0-6F97-479C-85FC-80BC39832B3A}.Release|arm64.Build.0 = Release|Any CPU
		{53A476B0-6F97-479C-85FC-80BC39832B3A}.Release|x86.ActiveCfg = Release|Any CPU
		{53A476B0-6F97-479C-85FC-80BC39832B3A}.Release|x86.Build.0 = Release|Any CPU
		{78473AEE-B92F-4F61-97F5-4EABE4A83AD8}.Debug|Any CPU.ActiveCfg = Debug|Any CPU
		{78473AEE-B92F-4F61-97F5-4EABE4A83AD8}.Debug|Any CPU.Build.0 = Debug|Any CPU
		{78473AEE-B92F-4F61-97F5-4EABE4A83AD8}.Debug|arm64.ActiveCfg = Debug|Any CPU
		{78473AEE-B92F-4F61-97F5-4EABE4A83AD8}.Debug|arm64.Build.0 = Debug|Any CPU
		{78473AEE-B92F-4F61-97F5-4EABE4A83AD8}.Debug|x86.ActiveCfg = Debug|Any CPU
		{78473AEE-B92F-4F61-97F5-4EABE4A83AD8}.Debug|x86.Build.0 = Debug|Any CPU
		{78473AEE-B92F-4F61-97F5-4EABE4A83AD8}.Release|Any CPU.ActiveCfg = Release|Any CPU
		{78473AEE-B92F-4F61-97F5-4EABE4A83AD8}.Release|Any CPU.Build.0 = Release|Any CPU
		{78473AEE-B92F-4F61-97F5-4EABE4A83AD8}.Release|arm64.ActiveCfg = Release|Any CPU
		{78473AEE-B92F-4F61-97F5-4EABE4A83AD8}.Release|arm64.Build.0 = Release|Any CPU
		{78473AEE-B92F-4F61-97F5-4EABE4A83AD8}.Release|x86.ActiveCfg = Release|Any CPU
		{78473AEE-B92F-4F61-97F5-4EABE4A83AD8}.Release|x86.Build.0 = Release|Any CPU
		{12F6291A-D24E-44D2-B765-04025B22F643}.Debug|Any CPU.ActiveCfg = Debug|Any CPU
		{12F6291A-D24E-44D2-B765-04025B22F643}.Debug|Any CPU.Build.0 = Debug|Any CPU
		{12F6291A-D24E-44D2-B765-04025B22F643}.Debug|arm64.ActiveCfg = Debug|Any CPU
		{12F6291A-D24E-44D2-B765-04025B22F643}.Debug|arm64.Build.0 = Debug|Any CPU
		{12F6291A-D24E-44D2-B765-04025B22F643}.Debug|x86.ActiveCfg = Debug|Any CPU
		{12F6291A-D24E-44D2-B765-04025B22F643}.Debug|x86.Build.0 = Debug|Any CPU
		{12F6291A-D24E-44D2-B765-04025B22F643}.Release|Any CPU.ActiveCfg = Release|Any CPU
		{12F6291A-D24E-44D2-B765-04025B22F643}.Release|Any CPU.Build.0 = Release|Any CPU
		{12F6291A-D24E-44D2-B765-04025B22F643}.Release|arm64.ActiveCfg = Release|Any CPU
		{12F6291A-D24E-44D2-B765-04025B22F643}.Release|arm64.Build.0 = Release|Any CPU
		{12F6291A-D24E-44D2-B765-04025B22F643}.Release|x86.ActiveCfg = Release|Any CPU
		{12F6291A-D24E-44D2-B765-04025B22F643}.Release|x86.Build.0 = Release|Any CPU
		{97A9F2BD-120D-4A1E-B5EF-43C18E687043}.Debug|Any CPU.ActiveCfg = Debug|Any CPU
		{97A9F2BD-120D-4A1E-B5EF-43C18E687043}.Debug|Any CPU.Build.0 = Debug|Any CPU
		{97A9F2BD-120D-4A1E-B5EF-43C18E687043}.Debug|arm64.ActiveCfg = Debug|Any CPU
		{97A9F2BD-120D-4A1E-B5EF-43C18E687043}.Debug|arm64.Build.0 = Debug|Any CPU
		{97A9F2BD-120D-4A1E-B5EF-43C18E687043}.Debug|x86.ActiveCfg = Debug|Any CPU
		{97A9F2BD-120D-4A1E-B5EF-43C18E687043}.Debug|x86.Build.0 = Debug|Any CPU
		{97A9F2BD-120D-4A1E-B5EF-43C18E687043}.Release|Any CPU.ActiveCfg = Release|Any CPU
		{97A9F2BD-120D-4A1E-B5EF-43C18E687043}.Release|Any CPU.Build.0 = Release|Any CPU
		{97A9F2BD-120D-4A1E-B5EF-43C18E687043}.Release|arm64.ActiveCfg = Release|Any CPU
		{97A9F2BD-120D-4A1E-B5EF-43C18E687043}.Release|arm64.Build.0 = Release|Any CPU
		{97A9F2BD-120D-4A1E-B5EF-43C18E687043}.Release|x86.ActiveCfg = Release|Any CPU
		{97A9F2BD-120D-4A1E-B5EF-43C18E687043}.Release|x86.Build.0 = Release|Any CPU
		{D08F2F60-CCE6-4EEB-B829-3AAAE1AC69CA}.Debug|Any CPU.ActiveCfg = Debug|Any CPU
		{D08F2F60-CCE6-4EEB-B829-3AAAE1AC69CA}.Debug|Any CPU.Build.0 = Debug|Any CPU
		{D08F2F60-CCE6-4EEB-B829-3AAAE1AC69CA}.Debug|arm64.ActiveCfg = Debug|Any CPU
		{D08F2F60-CCE6-4EEB-B829-3AAAE1AC69CA}.Debug|arm64.Build.0 = Debug|Any CPU
		{D08F2F60-CCE6-4EEB-B829-3AAAE1AC69CA}.Debug|x86.ActiveCfg = Debug|Any CPU
		{D08F2F60-CCE6-4EEB-B829-3AAAE1AC69CA}.Debug|x86.Build.0 = Debug|Any CPU
		{D08F2F60-CCE6-4EEB-B829-3AAAE1AC69CA}.Release|Any CPU.ActiveCfg = Release|Any CPU
		{D08F2F60-CCE6-4EEB-B829-3AAAE1AC69CA}.Release|Any CPU.Build.0 = Release|Any CPU
		{D08F2F60-CCE6-4EEB-B829-3AAAE1AC69CA}.Release|arm64.ActiveCfg = Release|Any CPU
		{D08F2F60-CCE6-4EEB-B829-3AAAE1AC69CA}.Release|arm64.Build.0 = Release|Any CPU
		{D08F2F60-CCE6-4EEB-B829-3AAAE1AC69CA}.Release|x86.ActiveCfg = Release|Any CPU
		{D08F2F60-CCE6-4EEB-B829-3AAAE1AC69CA}.Release|x86.Build.0 = Release|Any CPU
		{209D0A67-A563-4CFE-BBA4-FD2EE5DEBBC9}.Debug|Any CPU.ActiveCfg = Debug|Any CPU
		{209D0A67-A563-4CFE-BBA4-FD2EE5DEBBC9}.Debug|Any CPU.Build.0 = Debug|Any CPU
		{209D0A67-A563-4CFE-BBA4-FD2EE5DEBBC9}.Debug|arm64.ActiveCfg = Debug|Any CPU
		{209D0A67-A563-4CFE-BBA4-FD2EE5DEBBC9}.Debug|arm64.Build.0 = Debug|Any CPU
		{209D0A67-A563-4CFE-BBA4-FD2EE5DEBBC9}.Debug|x86.ActiveCfg = Debug|Any CPU
		{209D0A67-A563-4CFE-BBA4-FD2EE5DEBBC9}.Debug|x86.Build.0 = Debug|Any CPU
		{209D0A67-A563-4CFE-BBA4-FD2EE5DEBBC9}.Release|Any CPU.ActiveCfg = Release|Any CPU
		{209D0A67-A563-4CFE-BBA4-FD2EE5DEBBC9}.Release|Any CPU.Build.0 = Release|Any CPU
		{209D0A67-A563-4CFE-BBA4-FD2EE5DEBBC9}.Release|arm64.ActiveCfg = Release|Any CPU
		{209D0A67-A563-4CFE-BBA4-FD2EE5DEBBC9}.Release|arm64.Build.0 = Release|Any CPU
		{209D0A67-A563-4CFE-BBA4-FD2EE5DEBBC9}.Release|x86.ActiveCfg = Release|Any CPU
		{209D0A67-A563-4CFE-BBA4-FD2EE5DEBBC9}.Release|x86.Build.0 = Release|Any CPU
		{DA311EA8-9132-46D7-9900-74C2194B62BF}.Debug|Any CPU.ActiveCfg = Debug|Any CPU
		{DA311EA8-9132-46D7-9900-74C2194B62BF}.Debug|Any CPU.Build.0 = Debug|Any CPU
		{DA311EA8-9132-46D7-9900-74C2194B62BF}.Debug|arm64.ActiveCfg = Debug|Any CPU
		{DA311EA8-9132-46D7-9900-74C2194B62BF}.Debug|arm64.Build.0 = Debug|Any CPU
		{DA311EA8-9132-46D7-9900-74C2194B62BF}.Debug|x86.ActiveCfg = Debug|Any CPU
		{DA311EA8-9132-46D7-9900-74C2194B62BF}.Debug|x86.Build.0 = Debug|Any CPU
		{DA311EA8-9132-46D7-9900-74C2194B62BF}.Release|Any CPU.ActiveCfg = Release|Any CPU
		{DA311EA8-9132-46D7-9900-74C2194B62BF}.Release|Any CPU.Build.0 = Release|Any CPU
		{DA311EA8-9132-46D7-9900-74C2194B62BF}.Release|arm64.ActiveCfg = Release|Any CPU
		{DA311EA8-9132-46D7-9900-74C2194B62BF}.Release|arm64.Build.0 = Release|Any CPU
		{DA311EA8-9132-46D7-9900-74C2194B62BF}.Release|x86.ActiveCfg = Release|Any CPU
		{DA311EA8-9132-46D7-9900-74C2194B62BF}.Release|x86.Build.0 = Release|Any CPU
		{6499431D-2634-4687-B39B-3811A84956D2}.Debug|Any CPU.ActiveCfg = Debug|Any CPU
		{6499431D-2634-4687-B39B-3811A84956D2}.Debug|Any CPU.Build.0 = Debug|Any CPU
		{6499431D-2634-4687-B39B-3811A84956D2}.Debug|arm64.ActiveCfg = Debug|Any CPU
		{6499431D-2634-4687-B39B-3811A84956D2}.Debug|arm64.Build.0 = Debug|Any CPU
		{6499431D-2634-4687-B39B-3811A84956D2}.Debug|x86.ActiveCfg = Debug|Any CPU
		{6499431D-2634-4687-B39B-3811A84956D2}.Debug|x86.Build.0 = Debug|Any CPU
		{6499431D-2634-4687-B39B-3811A84956D2}.Release|Any CPU.ActiveCfg = Release|Any CPU
		{6499431D-2634-4687-B39B-3811A84956D2}.Release|Any CPU.Build.0 = Release|Any CPU
		{6499431D-2634-4687-B39B-3811A84956D2}.Release|arm64.ActiveCfg = Release|Any CPU
		{6499431D-2634-4687-B39B-3811A84956D2}.Release|arm64.Build.0 = Release|Any CPU
		{6499431D-2634-4687-B39B-3811A84956D2}.Release|x86.ActiveCfg = Release|Any CPU
		{6499431D-2634-4687-B39B-3811A84956D2}.Release|x86.Build.0 = Release|Any CPU
		{E79A52E6-EF9B-4F3D-A0F2-09C68E95F7B7}.Debug|Any CPU.ActiveCfg = Debug|Any CPU
		{E79A52E6-EF9B-4F3D-A0F2-09C68E95F7B7}.Debug|Any CPU.Build.0 = Debug|Any CPU
		{E79A52E6-EF9B-4F3D-A0F2-09C68E95F7B7}.Debug|arm64.ActiveCfg = Debug|Any CPU
		{E79A52E6-EF9B-4F3D-A0F2-09C68E95F7B7}.Debug|arm64.Build.0 = Debug|Any CPU
		{E79A52E6-EF9B-4F3D-A0F2-09C68E95F7B7}.Debug|x86.ActiveCfg = Debug|Any CPU
		{E79A52E6-EF9B-4F3D-A0F2-09C68E95F7B7}.Debug|x86.Build.0 = Debug|Any CPU
		{E79A52E6-EF9B-4F3D-A0F2-09C68E95F7B7}.Release|Any CPU.ActiveCfg = Release|Any CPU
		{E79A52E6-EF9B-4F3D-A0F2-09C68E95F7B7}.Release|Any CPU.Build.0 = Release|Any CPU
		{E79A52E6-EF9B-4F3D-A0F2-09C68E95F7B7}.Release|arm64.ActiveCfg = Release|Any CPU
		{E79A52E6-EF9B-4F3D-A0F2-09C68E95F7B7}.Release|arm64.Build.0 = Release|Any CPU
		{E79A52E6-EF9B-4F3D-A0F2-09C68E95F7B7}.Release|x86.ActiveCfg = Release|Any CPU
		{E79A52E6-EF9B-4F3D-A0F2-09C68E95F7B7}.Release|x86.Build.0 = Release|Any CPU
		{015B8CE8-65DD-4DE1-8846-7147101FC92D}.Debug|Any CPU.ActiveCfg = Debug|Any CPU
		{015B8CE8-65DD-4DE1-8846-7147101FC92D}.Debug|Any CPU.Build.0 = Debug|Any CPU
		{015B8CE8-65DD-4DE1-8846-7147101FC92D}.Debug|arm64.ActiveCfg = Debug|Any CPU
		{015B8CE8-65DD-4DE1-8846-7147101FC92D}.Debug|arm64.Build.0 = Debug|Any CPU
		{015B8CE8-65DD-4DE1-8846-7147101FC92D}.Debug|x86.ActiveCfg = Debug|Any CPU
		{015B8CE8-65DD-4DE1-8846-7147101FC92D}.Debug|x86.Build.0 = Debug|Any CPU
		{015B8CE8-65DD-4DE1-8846-7147101FC92D}.Release|Any CPU.ActiveCfg = Release|Any CPU
		{015B8CE8-65DD-4DE1-8846-7147101FC92D}.Release|Any CPU.Build.0 = Release|Any CPU
		{015B8CE8-65DD-4DE1-8846-7147101FC92D}.Release|arm64.ActiveCfg = Release|Any CPU
		{015B8CE8-65DD-4DE1-8846-7147101FC92D}.Release|arm64.Build.0 = Release|Any CPU
		{015B8CE8-65DD-4DE1-8846-7147101FC92D}.Release|x86.ActiveCfg = Release|Any CPU
		{015B8CE8-65DD-4DE1-8846-7147101FC92D}.Release|x86.Build.0 = Release|Any CPU
		{28D7EDA9-1647-42C5-B8E5-89E7E8D05859}.Debug|Any CPU.ActiveCfg = Debug|Any CPU
		{28D7EDA9-1647-42C5-B8E5-89E7E8D05859}.Debug|Any CPU.Build.0 = Debug|Any CPU
		{28D7EDA9-1647-42C5-B8E5-89E7E8D05859}.Debug|arm64.ActiveCfg = Debug|Any CPU
		{28D7EDA9-1647-42C5-B8E5-89E7E8D05859}.Debug|arm64.Build.0 = Debug|Any CPU
		{28D7EDA9-1647-42C5-B8E5-89E7E8D05859}.Debug|x86.ActiveCfg = Debug|Any CPU
		{28D7EDA9-1647-42C5-B8E5-89E7E8D05859}.Debug|x86.Build.0 = Debug|Any CPU
		{28D7EDA9-1647-42C5-B8E5-89E7E8D05859}.Release|Any CPU.ActiveCfg = Release|Any CPU
		{28D7EDA9-1647-42C5-B8E5-89E7E8D05859}.Release|Any CPU.Build.0 = Release|Any CPU
		{28D7EDA9-1647-42C5-B8E5-89E7E8D05859}.Release|arm64.ActiveCfg = Release|Any CPU
		{28D7EDA9-1647-42C5-B8E5-89E7E8D05859}.Release|arm64.Build.0 = Release|Any CPU
		{28D7EDA9-1647-42C5-B8E5-89E7E8D05859}.Release|x86.ActiveCfg = Release|Any CPU
		{28D7EDA9-1647-42C5-B8E5-89E7E8D05859}.Release|x86.Build.0 = Release|Any CPU
		{2F2671FC-A294-4AF0-85A0-8C1C605CECE5}.Debug|Any CPU.ActiveCfg = Debug|Any CPU
		{2F2671FC-A294-4AF0-85A0-8C1C605CECE5}.Debug|Any CPU.Build.0 = Debug|Any CPU
		{2F2671FC-A294-4AF0-85A0-8C1C605CECE5}.Debug|arm64.ActiveCfg = Debug|Any CPU
		{2F2671FC-A294-4AF0-85A0-8C1C605CECE5}.Debug|arm64.Build.0 = Debug|Any CPU
		{2F2671FC-A294-4AF0-85A0-8C1C605CECE5}.Debug|x86.ActiveCfg = Debug|Any CPU
		{2F2671FC-A294-4AF0-85A0-8C1C605CECE5}.Debug|x86.Build.0 = Debug|Any CPU
		{2F2671FC-A294-4AF0-85A0-8C1C605CECE5}.Release|Any CPU.ActiveCfg = Release|Any CPU
		{2F2671FC-A294-4AF0-85A0-8C1C605CECE5}.Release|Any CPU.Build.0 = Release|Any CPU
		{2F2671FC-A294-4AF0-85A0-8C1C605CECE5}.Release|arm64.ActiveCfg = Release|Any CPU
		{2F2671FC-A294-4AF0-85A0-8C1C605CECE5}.Release|arm64.Build.0 = Release|Any CPU
		{2F2671FC-A294-4AF0-85A0-8C1C605CECE5}.Release|x86.ActiveCfg = Release|Any CPU
		{2F2671FC-A294-4AF0-85A0-8C1C605CECE5}.Release|x86.Build.0 = Release|Any CPU
		{3366DECB-2BCB-420E-A1A2-6EE7123DFB32}.Debug|Any CPU.ActiveCfg = Debug|Any CPU
		{3366DECB-2BCB-420E-A1A2-6EE7123DFB32}.Debug|Any CPU.Build.0 = Debug|Any CPU
		{3366DECB-2BCB-420E-A1A2-6EE7123DFB32}.Debug|arm64.ActiveCfg = Debug|Any CPU
		{3366DECB-2BCB-420E-A1A2-6EE7123DFB32}.Debug|arm64.Build.0 = Debug|Any CPU
		{3366DECB-2BCB-420E-A1A2-6EE7123DFB32}.Debug|x86.ActiveCfg = Debug|Any CPU
		{3366DECB-2BCB-420E-A1A2-6EE7123DFB32}.Debug|x86.Build.0 = Debug|Any CPU
		{3366DECB-2BCB-420E-A1A2-6EE7123DFB32}.Release|Any CPU.ActiveCfg = Release|Any CPU
		{3366DECB-2BCB-420E-A1A2-6EE7123DFB32}.Release|Any CPU.Build.0 = Release|Any CPU
		{3366DECB-2BCB-420E-A1A2-6EE7123DFB32}.Release|arm64.ActiveCfg = Release|Any CPU
		{3366DECB-2BCB-420E-A1A2-6EE7123DFB32}.Release|arm64.Build.0 = Release|Any CPU
		{3366DECB-2BCB-420E-A1A2-6EE7123DFB32}.Release|x86.ActiveCfg = Release|Any CPU
		{3366DECB-2BCB-420E-A1A2-6EE7123DFB32}.Release|x86.Build.0 = Release|Any CPU
		{0F82FB2B-FDB6-4052-9B28-53BB28570D12}.Debug|Any CPU.ActiveCfg = Debug|Any CPU
		{0F82FB2B-FDB6-4052-9B28-53BB28570D12}.Debug|Any CPU.Build.0 = Debug|Any CPU
		{0F82FB2B-FDB6-4052-9B28-53BB28570D12}.Debug|arm64.ActiveCfg = Debug|Any CPU
		{0F82FB2B-FDB6-4052-9B28-53BB28570D12}.Debug|arm64.Build.0 = Debug|Any CPU
		{0F82FB2B-FDB6-4052-9B28-53BB28570D12}.Debug|x86.ActiveCfg = Debug|Any CPU
		{0F82FB2B-FDB6-4052-9B28-53BB28570D12}.Debug|x86.Build.0 = Debug|Any CPU
		{0F82FB2B-FDB6-4052-9B28-53BB28570D12}.Release|Any CPU.ActiveCfg = Release|Any CPU
		{0F82FB2B-FDB6-4052-9B28-53BB28570D12}.Release|Any CPU.Build.0 = Release|Any CPU
		{0F82FB2B-FDB6-4052-9B28-53BB28570D12}.Release|arm64.ActiveCfg = Release|Any CPU
		{0F82FB2B-FDB6-4052-9B28-53BB28570D12}.Release|arm64.Build.0 = Release|Any CPU
		{0F82FB2B-FDB6-4052-9B28-53BB28570D12}.Release|x86.ActiveCfg = Release|Any CPU
		{0F82FB2B-FDB6-4052-9B28-53BB28570D12}.Release|x86.Build.0 = Release|Any CPU
		{5D360613-96F5-43C8-B223-89C01469E630}.Debug|Any CPU.ActiveCfg = Debug|Any CPU
		{5D360613-96F5-43C8-B223-89C01469E630}.Debug|Any CPU.Build.0 = Debug|Any CPU
		{5D360613-96F5-43C8-B223-89C01469E630}.Debug|arm64.ActiveCfg = Debug|Any CPU
		{5D360613-96F5-43C8-B223-89C01469E630}.Debug|arm64.Build.0 = Debug|Any CPU
		{5D360613-96F5-43C8-B223-89C01469E630}.Debug|x86.ActiveCfg = Debug|Any CPU
		{5D360613-96F5-43C8-B223-89C01469E630}.Debug|x86.Build.0 = Debug|Any CPU
		{5D360613-96F5-43C8-B223-89C01469E630}.Release|Any CPU.ActiveCfg = Release|Any CPU
		{5D360613-96F5-43C8-B223-89C01469E630}.Release|Any CPU.Build.0 = Release|Any CPU
		{5D360613-96F5-43C8-B223-89C01469E630}.Release|arm64.ActiveCfg = Release|Any CPU
		{5D360613-96F5-43C8-B223-89C01469E630}.Release|arm64.Build.0 = Release|Any CPU
		{5D360613-96F5-43C8-B223-89C01469E630}.Release|x86.ActiveCfg = Release|Any CPU
		{5D360613-96F5-43C8-B223-89C01469E630}.Release|x86.Build.0 = Release|Any CPU
		{3AF7DBCA-1F3E-4B97-9B34-B431325C0A0E}.Debug|Any CPU.ActiveCfg = Debug|Any CPU
		{3AF7DBCA-1F3E-4B97-9B34-B431325C0A0E}.Debug|Any CPU.Build.0 = Debug|Any CPU
		{3AF7DBCA-1F3E-4B97-9B34-B431325C0A0E}.Debug|arm64.ActiveCfg = Debug|Any CPU
		{3AF7DBCA-1F3E-4B97-9B34-B431325C0A0E}.Debug|arm64.Build.0 = Debug|Any CPU
		{3AF7DBCA-1F3E-4B97-9B34-B431325C0A0E}.Debug|x86.ActiveCfg = Debug|Any CPU
		{3AF7DBCA-1F3E-4B97-9B34-B431325C0A0E}.Debug|x86.Build.0 = Debug|Any CPU
		{3AF7DBCA-1F3E-4B97-9B34-B431325C0A0E}.Release|Any CPU.ActiveCfg = Release|Any CPU
		{3AF7DBCA-1F3E-4B97-9B34-B431325C0A0E}.Release|Any CPU.Build.0 = Release|Any CPU
		{3AF7DBCA-1F3E-4B97-9B34-B431325C0A0E}.Release|arm64.ActiveCfg = Release|Any CPU
		{3AF7DBCA-1F3E-4B97-9B34-B431325C0A0E}.Release|arm64.Build.0 = Release|Any CPU
		{3AF7DBCA-1F3E-4B97-9B34-B431325C0A0E}.Release|x86.ActiveCfg = Release|Any CPU
		{3AF7DBCA-1F3E-4B97-9B34-B431325C0A0E}.Release|x86.Build.0 = Release|Any CPU
		{5AA36A4F-0D8C-4E9C-80E4-9E9872BF8049}.Debug|Any CPU.ActiveCfg = Debug|Any CPU
		{5AA36A4F-0D8C-4E9C-80E4-9E9872BF8049}.Debug|Any CPU.Build.0 = Debug|Any CPU
		{5AA36A4F-0D8C-4E9C-80E4-9E9872BF8049}.Debug|arm64.ActiveCfg = Debug|Any CPU
		{5AA36A4F-0D8C-4E9C-80E4-9E9872BF8049}.Debug|arm64.Build.0 = Debug|Any CPU
		{5AA36A4F-0D8C-4E9C-80E4-9E9872BF8049}.Debug|x86.ActiveCfg = Debug|Any CPU
		{5AA36A4F-0D8C-4E9C-80E4-9E9872BF8049}.Debug|x86.Build.0 = Debug|Any CPU
		{5AA36A4F-0D8C-4E9C-80E4-9E9872BF8049}.Release|Any CPU.ActiveCfg = Release|Any CPU
		{5AA36A4F-0D8C-4E9C-80E4-9E9872BF8049}.Release|Any CPU.Build.0 = Release|Any CPU
		{5AA36A4F-0D8C-4E9C-80E4-9E9872BF8049}.Release|arm64.ActiveCfg = Release|Any CPU
		{5AA36A4F-0D8C-4E9C-80E4-9E9872BF8049}.Release|arm64.Build.0 = Release|Any CPU
		{5AA36A4F-0D8C-4E9C-80E4-9E9872BF8049}.Release|x86.ActiveCfg = Release|Any CPU
		{5AA36A4F-0D8C-4E9C-80E4-9E9872BF8049}.Release|x86.Build.0 = Release|Any CPU
		{E0D636D3-FB0C-47EA-88C8-63082C73BF6F}.Debug|Any CPU.ActiveCfg = Debug|Any CPU
		{E0D636D3-FB0C-47EA-88C8-63082C73BF6F}.Debug|Any CPU.Build.0 = Debug|Any CPU
		{E0D636D3-FB0C-47EA-88C8-63082C73BF6F}.Debug|arm64.ActiveCfg = Debug|Any CPU
		{E0D636D3-FB0C-47EA-88C8-63082C73BF6F}.Debug|arm64.Build.0 = Debug|Any CPU
		{E0D636D3-FB0C-47EA-88C8-63082C73BF6F}.Debug|x86.ActiveCfg = Debug|Any CPU
		{E0D636D3-FB0C-47EA-88C8-63082C73BF6F}.Debug|x86.Build.0 = Debug|Any CPU
		{E0D636D3-FB0C-47EA-88C8-63082C73BF6F}.Release|Any CPU.ActiveCfg = Release|Any CPU
		{E0D636D3-FB0C-47EA-88C8-63082C73BF6F}.Release|Any CPU.Build.0 = Release|Any CPU
		{E0D636D3-FB0C-47EA-88C8-63082C73BF6F}.Release|arm64.ActiveCfg = Release|Any CPU
		{E0D636D3-FB0C-47EA-88C8-63082C73BF6F}.Release|arm64.Build.0 = Release|Any CPU
		{E0D636D3-FB0C-47EA-88C8-63082C73BF6F}.Release|x86.ActiveCfg = Release|Any CPU
		{E0D636D3-FB0C-47EA-88C8-63082C73BF6F}.Release|x86.Build.0 = Release|Any CPU
		{C7A7B5AB-D154-4AA7-9378-42A2EAD02D30}.Debug|Any CPU.ActiveCfg = Debug|Any CPU
		{C7A7B5AB-D154-4AA7-9378-42A2EAD02D30}.Debug|Any CPU.Build.0 = Debug|Any CPU
		{C7A7B5AB-D154-4AA7-9378-42A2EAD02D30}.Debug|arm64.ActiveCfg = Debug|Any CPU
		{C7A7B5AB-D154-4AA7-9378-42A2EAD02D30}.Debug|arm64.Build.0 = Debug|Any CPU
		{C7A7B5AB-D154-4AA7-9378-42A2EAD02D30}.Debug|x86.ActiveCfg = Debug|Any CPU
		{C7A7B5AB-D154-4AA7-9378-42A2EAD02D30}.Debug|x86.Build.0 = Debug|Any CPU
		{C7A7B5AB-D154-4AA7-9378-42A2EAD02D30}.Release|Any CPU.ActiveCfg = Release|Any CPU
		{C7A7B5AB-D154-4AA7-9378-42A2EAD02D30}.Release|Any CPU.Build.0 = Release|Any CPU
		{C7A7B5AB-D154-4AA7-9378-42A2EAD02D30}.Release|arm64.ActiveCfg = Release|Any CPU
		{C7A7B5AB-D154-4AA7-9378-42A2EAD02D30}.Release|arm64.Build.0 = Release|Any CPU
		{C7A7B5AB-D154-4AA7-9378-42A2EAD02D30}.Release|x86.ActiveCfg = Release|Any CPU
		{C7A7B5AB-D154-4AA7-9378-42A2EAD02D30}.Release|x86.Build.0 = Release|Any CPU
		{900D564D-8D31-4019-9B24-06A592A68E18}.Debug|Any CPU.ActiveCfg = Debug|Any CPU
		{900D564D-8D31-4019-9B24-06A592A68E18}.Debug|Any CPU.Build.0 = Debug|Any CPU
		{900D564D-8D31-4019-9B24-06A592A68E18}.Debug|arm64.ActiveCfg = Debug|Any CPU
		{900D564D-8D31-4019-9B24-06A592A68E18}.Debug|arm64.Build.0 = Debug|Any CPU
		{900D564D-8D31-4019-9B24-06A592A68E18}.Debug|x86.ActiveCfg = Debug|Any CPU
		{900D564D-8D31-4019-9B24-06A592A68E18}.Debug|x86.Build.0 = Debug|Any CPU
		{900D564D-8D31-4019-9B24-06A592A68E18}.Release|Any CPU.ActiveCfg = Release|Any CPU
		{900D564D-8D31-4019-9B24-06A592A68E18}.Release|Any CPU.Build.0 = Release|Any CPU
		{900D564D-8D31-4019-9B24-06A592A68E18}.Release|arm64.ActiveCfg = Release|Any CPU
		{900D564D-8D31-4019-9B24-06A592A68E18}.Release|arm64.Build.0 = Release|Any CPU
		{900D564D-8D31-4019-9B24-06A592A68E18}.Release|x86.ActiveCfg = Release|Any CPU
		{900D564D-8D31-4019-9B24-06A592A68E18}.Release|x86.Build.0 = Release|Any CPU
		{A7DC2E2A-13A5-4C2F-AA5C-3FAFA63400BD}.Debug|Any CPU.ActiveCfg = Debug|Any CPU
		{A7DC2E2A-13A5-4C2F-AA5C-3FAFA63400BD}.Debug|Any CPU.Build.0 = Debug|Any CPU
		{A7DC2E2A-13A5-4C2F-AA5C-3FAFA63400BD}.Debug|arm64.ActiveCfg = Debug|Any CPU
		{A7DC2E2A-13A5-4C2F-AA5C-3FAFA63400BD}.Debug|arm64.Build.0 = Debug|Any CPU
		{A7DC2E2A-13A5-4C2F-AA5C-3FAFA63400BD}.Debug|x86.ActiveCfg = Debug|Any CPU
		{A7DC2E2A-13A5-4C2F-AA5C-3FAFA63400BD}.Debug|x86.Build.0 = Debug|Any CPU
		{A7DC2E2A-13A5-4C2F-AA5C-3FAFA63400BD}.Release|Any CPU.ActiveCfg = Release|Any CPU
		{A7DC2E2A-13A5-4C2F-AA5C-3FAFA63400BD}.Release|Any CPU.Build.0 = Release|Any CPU
		{A7DC2E2A-13A5-4C2F-AA5C-3FAFA63400BD}.Release|arm64.ActiveCfg = Release|Any CPU
		{A7DC2E2A-13A5-4C2F-AA5C-3FAFA63400BD}.Release|arm64.Build.0 = Release|Any CPU
		{A7DC2E2A-13A5-4C2F-AA5C-3FAFA63400BD}.Release|x86.ActiveCfg = Release|Any CPU
		{A7DC2E2A-13A5-4C2F-AA5C-3FAFA63400BD}.Release|x86.Build.0 = Release|Any CPU
		{0A8ADD85-CD2A-433A-BE5C-7B08F5B6CEA8}.Debug|Any CPU.ActiveCfg = Debug|Any CPU
		{0A8ADD85-CD2A-433A-BE5C-7B08F5B6CEA8}.Debug|Any CPU.Build.0 = Debug|Any CPU
		{0A8ADD85-CD2A-433A-BE5C-7B08F5B6CEA8}.Debug|arm64.ActiveCfg = Debug|Any CPU
		{0A8ADD85-CD2A-433A-BE5C-7B08F5B6CEA8}.Debug|arm64.Build.0 = Debug|Any CPU
		{0A8ADD85-CD2A-433A-BE5C-7B08F5B6CEA8}.Debug|x86.ActiveCfg = Debug|Any CPU
		{0A8ADD85-CD2A-433A-BE5C-7B08F5B6CEA8}.Debug|x86.Build.0 = Debug|Any CPU
		{0A8ADD85-CD2A-433A-BE5C-7B08F5B6CEA8}.Release|Any CPU.ActiveCfg = Release|Any CPU
		{0A8ADD85-CD2A-433A-BE5C-7B08F5B6CEA8}.Release|Any CPU.Build.0 = Release|Any CPU
		{0A8ADD85-CD2A-433A-BE5C-7B08F5B6CEA8}.Release|arm64.ActiveCfg = Release|Any CPU
		{0A8ADD85-CD2A-433A-BE5C-7B08F5B6CEA8}.Release|arm64.Build.0 = Release|Any CPU
		{0A8ADD85-CD2A-433A-BE5C-7B08F5B6CEA8}.Release|x86.ActiveCfg = Release|Any CPU
		{0A8ADD85-CD2A-433A-BE5C-7B08F5B6CEA8}.Release|x86.Build.0 = Release|Any CPU
		{2C59C12B-CF90-4D8B-8E5F-AEF98C182C5D}.Debug|Any CPU.ActiveCfg = Debug|Any CPU
		{2C59C12B-CF90-4D8B-8E5F-AEF98C182C5D}.Debug|Any CPU.Build.0 = Debug|Any CPU
		{2C59C12B-CF90-4D8B-8E5F-AEF98C182C5D}.Debug|arm64.ActiveCfg = Debug|Any CPU
		{2C59C12B-CF90-4D8B-8E5F-AEF98C182C5D}.Debug|arm64.Build.0 = Debug|Any CPU
		{2C59C12B-CF90-4D8B-8E5F-AEF98C182C5D}.Debug|x86.ActiveCfg = Debug|Any CPU
		{2C59C12B-CF90-4D8B-8E5F-AEF98C182C5D}.Debug|x86.Build.0 = Debug|Any CPU
		{2C59C12B-CF90-4D8B-8E5F-AEF98C182C5D}.Release|Any CPU.ActiveCfg = Release|Any CPU
		{2C59C12B-CF90-4D8B-8E5F-AEF98C182C5D}.Release|Any CPU.Build.0 = Release|Any CPU
		{2C59C12B-CF90-4D8B-8E5F-AEF98C182C5D}.Release|arm64.ActiveCfg = Release|Any CPU
		{2C59C12B-CF90-4D8B-8E5F-AEF98C182C5D}.Release|arm64.Build.0 = Release|Any CPU
		{2C59C12B-CF90-4D8B-8E5F-AEF98C182C5D}.Release|x86.ActiveCfg = Release|Any CPU
		{2C59C12B-CF90-4D8B-8E5F-AEF98C182C5D}.Release|x86.Build.0 = Release|Any CPU
		{F4E27D08-4E92-4400-8B71-D15433E2C6B1}.Debug|Any CPU.ActiveCfg = Debug|Any CPU
		{F4E27D08-4E92-4400-8B71-D15433E2C6B1}.Debug|Any CPU.Build.0 = Debug|Any CPU
		{F4E27D08-4E92-4400-8B71-D15433E2C6B1}.Debug|arm64.ActiveCfg = Debug|Any CPU
		{F4E27D08-4E92-4400-8B71-D15433E2C6B1}.Debug|arm64.Build.0 = Debug|Any CPU
		{F4E27D08-4E92-4400-8B71-D15433E2C6B1}.Debug|x86.ActiveCfg = Debug|Any CPU
		{F4E27D08-4E92-4400-8B71-D15433E2C6B1}.Debug|x86.Build.0 = Debug|Any CPU
		{F4E27D08-4E92-4400-8B71-D15433E2C6B1}.Release|Any CPU.ActiveCfg = Release|Any CPU
		{F4E27D08-4E92-4400-8B71-D15433E2C6B1}.Release|Any CPU.Build.0 = Release|Any CPU
		{F4E27D08-4E92-4400-8B71-D15433E2C6B1}.Release|arm64.ActiveCfg = Release|Any CPU
		{F4E27D08-4E92-4400-8B71-D15433E2C6B1}.Release|arm64.Build.0 = Release|Any CPU
		{F4E27D08-4E92-4400-8B71-D15433E2C6B1}.Release|x86.ActiveCfg = Release|Any CPU
		{F4E27D08-4E92-4400-8B71-D15433E2C6B1}.Release|x86.Build.0 = Release|Any CPU
		{39738E62-28B8-4CB6-B693-220F51ACB67A}.Debug|Any CPU.ActiveCfg = Debug|Any CPU
		{39738E62-28B8-4CB6-B693-220F51ACB67A}.Debug|Any CPU.Build.0 = Debug|Any CPU
		{39738E62-28B8-4CB6-B693-220F51ACB67A}.Debug|arm64.ActiveCfg = Debug|Any CPU
		{39738E62-28B8-4CB6-B693-220F51ACB67A}.Debug|arm64.Build.0 = Debug|Any CPU
		{39738E62-28B8-4CB6-B693-220F51ACB67A}.Debug|x86.ActiveCfg = Debug|Any CPU
		{39738E62-28B8-4CB6-B693-220F51ACB67A}.Debug|x86.Build.0 = Debug|Any CPU
		{39738E62-28B8-4CB6-B693-220F51ACB67A}.Release|Any CPU.ActiveCfg = Release|Any CPU
		{39738E62-28B8-4CB6-B693-220F51ACB67A}.Release|Any CPU.Build.0 = Release|Any CPU
		{39738E62-28B8-4CB6-B693-220F51ACB67A}.Release|arm64.ActiveCfg = Release|Any CPU
		{39738E62-28B8-4CB6-B693-220F51ACB67A}.Release|arm64.Build.0 = Release|Any CPU
		{39738E62-28B8-4CB6-B693-220F51ACB67A}.Release|x86.ActiveCfg = Release|Any CPU
		{39738E62-28B8-4CB6-B693-220F51ACB67A}.Release|x86.Build.0 = Release|Any CPU
		{4483308D-43E8-412B-B2D6-22E0E7E953EE}.Debug|Any CPU.ActiveCfg = Debug|Any CPU
		{4483308D-43E8-412B-B2D6-22E0E7E953EE}.Debug|Any CPU.Build.0 = Debug|Any CPU
		{4483308D-43E8-412B-B2D6-22E0E7E953EE}.Debug|arm64.ActiveCfg = Debug|Any CPU
		{4483308D-43E8-412B-B2D6-22E0E7E953EE}.Debug|arm64.Build.0 = Debug|Any CPU
		{4483308D-43E8-412B-B2D6-22E0E7E953EE}.Debug|x86.ActiveCfg = Debug|Any CPU
		{4483308D-43E8-412B-B2D6-22E0E7E953EE}.Debug|x86.Build.0 = Debug|Any CPU
		{4483308D-43E8-412B-B2D6-22E0E7E953EE}.Release|Any CPU.ActiveCfg = Release|Any CPU
		{4483308D-43E8-412B-B2D6-22E0E7E953EE}.Release|Any CPU.Build.0 = Release|Any CPU
		{4483308D-43E8-412B-B2D6-22E0E7E953EE}.Release|arm64.ActiveCfg = Release|Any CPU
		{4483308D-43E8-412B-B2D6-22E0E7E953EE}.Release|arm64.Build.0 = Release|Any CPU
		{4483308D-43E8-412B-B2D6-22E0E7E953EE}.Release|x86.ActiveCfg = Release|Any CPU
		{4483308D-43E8-412B-B2D6-22E0E7E953EE}.Release|x86.Build.0 = Release|Any CPU
		{121D745D-D6A6-478C-BE0E-D0718F2D9838}.Debug|Any CPU.ActiveCfg = Debug|Any CPU
		{121D745D-D6A6-478C-BE0E-D0718F2D9838}.Debug|Any CPU.Build.0 = Debug|Any CPU
		{121D745D-D6A6-478C-BE0E-D0718F2D9838}.Debug|arm64.ActiveCfg = Debug|Any CPU
		{121D745D-D6A6-478C-BE0E-D0718F2D9838}.Debug|arm64.Build.0 = Debug|Any CPU
		{121D745D-D6A6-478C-BE0E-D0718F2D9838}.Debug|x86.ActiveCfg = Debug|Any CPU
		{121D745D-D6A6-478C-BE0E-D0718F2D9838}.Debug|x86.Build.0 = Debug|Any CPU
		{121D745D-D6A6-478C-BE0E-D0718F2D9838}.Release|Any CPU.ActiveCfg = Release|Any CPU
		{121D745D-D6A6-478C-BE0E-D0718F2D9838}.Release|Any CPU.Build.0 = Release|Any CPU
		{121D745D-D6A6-478C-BE0E-D0718F2D9838}.Release|arm64.ActiveCfg = Release|Any CPU
		{121D745D-D6A6-478C-BE0E-D0718F2D9838}.Release|arm64.Build.0 = Release|Any CPU
		{121D745D-D6A6-478C-BE0E-D0718F2D9838}.Release|x86.ActiveCfg = Release|Any CPU
		{121D745D-D6A6-478C-BE0E-D0718F2D9838}.Release|x86.Build.0 = Release|Any CPU
		{A2EC2974-054A-4848-90C2-87B392BFBCC2}.Debug|Any CPU.ActiveCfg = Debug|Any CPU
		{A2EC2974-054A-4848-90C2-87B392BFBCC2}.Debug|Any CPU.Build.0 = Debug|Any CPU
		{A2EC2974-054A-4848-90C2-87B392BFBCC2}.Debug|arm64.ActiveCfg = Debug|Any CPU
		{A2EC2974-054A-4848-90C2-87B392BFBCC2}.Debug|arm64.Build.0 = Debug|Any CPU
		{A2EC2974-054A-4848-90C2-87B392BFBCC2}.Debug|x86.ActiveCfg = Debug|Any CPU
		{A2EC2974-054A-4848-90C2-87B392BFBCC2}.Debug|x86.Build.0 = Debug|Any CPU
		{A2EC2974-054A-4848-90C2-87B392BFBCC2}.Release|Any CPU.ActiveCfg = Release|Any CPU
		{A2EC2974-054A-4848-90C2-87B392BFBCC2}.Release|Any CPU.Build.0 = Release|Any CPU
		{A2EC2974-054A-4848-90C2-87B392BFBCC2}.Release|arm64.ActiveCfg = Release|Any CPU
		{A2EC2974-054A-4848-90C2-87B392BFBCC2}.Release|arm64.Build.0 = Release|Any CPU
		{A2EC2974-054A-4848-90C2-87B392BFBCC2}.Release|x86.ActiveCfg = Release|Any CPU
		{A2EC2974-054A-4848-90C2-87B392BFBCC2}.Release|x86.Build.0 = Release|Any CPU
		{AA2FAF07-B819-48BA-98AA-A544B7050C9D}.Debug|Any CPU.ActiveCfg = Debug|Any CPU
		{AA2FAF07-B819-48BA-98AA-A544B7050C9D}.Debug|Any CPU.Build.0 = Debug|Any CPU
		{AA2FAF07-B819-48BA-98AA-A544B7050C9D}.Debug|arm64.ActiveCfg = Debug|Any CPU
		{AA2FAF07-B819-48BA-98AA-A544B7050C9D}.Debug|arm64.Build.0 = Debug|Any CPU
		{AA2FAF07-B819-48BA-98AA-A544B7050C9D}.Debug|x86.ActiveCfg = Debug|Any CPU
		{AA2FAF07-B819-48BA-98AA-A544B7050C9D}.Debug|x86.Build.0 = Debug|Any CPU
		{AA2FAF07-B819-48BA-98AA-A544B7050C9D}.Release|Any CPU.ActiveCfg = Release|Any CPU
		{AA2FAF07-B819-48BA-98AA-A544B7050C9D}.Release|Any CPU.Build.0 = Release|Any CPU
		{AA2FAF07-B819-48BA-98AA-A544B7050C9D}.Release|arm64.ActiveCfg = Release|Any CPU
		{AA2FAF07-B819-48BA-98AA-A544B7050C9D}.Release|arm64.Build.0 = Release|Any CPU
		{AA2FAF07-B819-48BA-98AA-A544B7050C9D}.Release|x86.ActiveCfg = Release|Any CPU
		{AA2FAF07-B819-48BA-98AA-A544B7050C9D}.Release|x86.Build.0 = Release|Any CPU
		{AC89B7D5-1A4E-4AFB-861E-4723B7B7EB70}.Debug|Any CPU.ActiveCfg = Debug|Any CPU
		{AC89B7D5-1A4E-4AFB-861E-4723B7B7EB70}.Debug|Any CPU.Build.0 = Debug|Any CPU
		{AC89B7D5-1A4E-4AFB-861E-4723B7B7EB70}.Debug|arm64.ActiveCfg = Debug|Any CPU
		{AC89B7D5-1A4E-4AFB-861E-4723B7B7EB70}.Debug|arm64.Build.0 = Debug|Any CPU
		{AC89B7D5-1A4E-4AFB-861E-4723B7B7EB70}.Debug|x86.ActiveCfg = Debug|Any CPU
		{AC89B7D5-1A4E-4AFB-861E-4723B7B7EB70}.Debug|x86.Build.0 = Debug|Any CPU
		{AC89B7D5-1A4E-4AFB-861E-4723B7B7EB70}.Release|Any CPU.ActiveCfg = Release|Any CPU
		{AC89B7D5-1A4E-4AFB-861E-4723B7B7EB70}.Release|Any CPU.Build.0 = Release|Any CPU
		{AC89B7D5-1A4E-4AFB-861E-4723B7B7EB70}.Release|arm64.ActiveCfg = Release|Any CPU
		{AC89B7D5-1A4E-4AFB-861E-4723B7B7EB70}.Release|arm64.Build.0 = Release|Any CPU
		{AC89B7D5-1A4E-4AFB-861E-4723B7B7EB70}.Release|x86.ActiveCfg = Release|Any CPU
		{AC89B7D5-1A4E-4AFB-861E-4723B7B7EB70}.Release|x86.Build.0 = Release|Any CPU
		{8F4C93EC-098D-47E7-8D6D-C5FB9BD878FF}.Debug|Any CPU.ActiveCfg = Debug|Any CPU
		{8F4C93EC-098D-47E7-8D6D-C5FB9BD878FF}.Debug|Any CPU.Build.0 = Debug|Any CPU
		{8F4C93EC-098D-47E7-8D6D-C5FB9BD878FF}.Debug|arm64.ActiveCfg = Debug|Any CPU
		{8F4C93EC-098D-47E7-8D6D-C5FB9BD878FF}.Debug|arm64.Build.0 = Debug|Any CPU
		{8F4C93EC-098D-47E7-8D6D-C5FB9BD878FF}.Debug|x86.ActiveCfg = Debug|Any CPU
		{8F4C93EC-098D-47E7-8D6D-C5FB9BD878FF}.Debug|x86.Build.0 = Debug|Any CPU
		{8F4C93EC-098D-47E7-8D6D-C5FB9BD878FF}.Release|Any CPU.ActiveCfg = Release|Any CPU
		{8F4C93EC-098D-47E7-8D6D-C5FB9BD878FF}.Release|Any CPU.Build.0 = Release|Any CPU
		{8F4C93EC-098D-47E7-8D6D-C5FB9BD878FF}.Release|arm64.ActiveCfg = Release|Any CPU
		{8F4C93EC-098D-47E7-8D6D-C5FB9BD878FF}.Release|arm64.Build.0 = Release|Any CPU
		{8F4C93EC-098D-47E7-8D6D-C5FB9BD878FF}.Release|x86.ActiveCfg = Release|Any CPU
		{8F4C93EC-098D-47E7-8D6D-C5FB9BD878FF}.Release|x86.Build.0 = Release|Any CPU
		{B7B9B718-5492-47C5-9797-8CADA6B284D5}.Debug|Any CPU.ActiveCfg = Debug|Any CPU
		{B7B9B718-5492-47C5-9797-8CADA6B284D5}.Debug|Any CPU.Build.0 = Debug|Any CPU
		{B7B9B718-5492-47C5-9797-8CADA6B284D5}.Debug|arm64.ActiveCfg = Debug|Any CPU
		{B7B9B718-5492-47C5-9797-8CADA6B284D5}.Debug|arm64.Build.0 = Debug|Any CPU
		{B7B9B718-5492-47C5-9797-8CADA6B284D5}.Debug|x86.ActiveCfg = Debug|Any CPU
		{B7B9B718-5492-47C5-9797-8CADA6B284D5}.Debug|x86.Build.0 = Debug|Any CPU
		{B7B9B718-5492-47C5-9797-8CADA6B284D5}.Release|Any CPU.ActiveCfg = Release|Any CPU
		{B7B9B718-5492-47C5-9797-8CADA6B284D5}.Release|Any CPU.Build.0 = Release|Any CPU
		{B7B9B718-5492-47C5-9797-8CADA6B284D5}.Release|arm64.ActiveCfg = Release|Any CPU
		{B7B9B718-5492-47C5-9797-8CADA6B284D5}.Release|arm64.Build.0 = Release|Any CPU
		{B7B9B718-5492-47C5-9797-8CADA6B284D5}.Release|x86.ActiveCfg = Release|Any CPU
		{B7B9B718-5492-47C5-9797-8CADA6B284D5}.Release|x86.Build.0 = Release|Any CPU
		{428AB85C-6E64-4A20-8AB9-8E2A17E66786}.Debug|Any CPU.ActiveCfg = Debug|Any CPU
		{428AB85C-6E64-4A20-8AB9-8E2A17E66786}.Debug|Any CPU.Build.0 = Debug|Any CPU
		{428AB85C-6E64-4A20-8AB9-8E2A17E66786}.Debug|arm64.ActiveCfg = Debug|Any CPU
		{428AB85C-6E64-4A20-8AB9-8E2A17E66786}.Debug|arm64.Build.0 = Debug|Any CPU
		{428AB85C-6E64-4A20-8AB9-8E2A17E66786}.Debug|x86.ActiveCfg = Debug|Any CPU
		{428AB85C-6E64-4A20-8AB9-8E2A17E66786}.Debug|x86.Build.0 = Debug|Any CPU
		{428AB85C-6E64-4A20-8AB9-8E2A17E66786}.Release|Any CPU.ActiveCfg = Release|Any CPU
		{428AB85C-6E64-4A20-8AB9-8E2A17E66786}.Release|Any CPU.Build.0 = Release|Any CPU
		{428AB85C-6E64-4A20-8AB9-8E2A17E66786}.Release|arm64.ActiveCfg = Release|Any CPU
		{428AB85C-6E64-4A20-8AB9-8E2A17E66786}.Release|arm64.Build.0 = Release|Any CPU
		{428AB85C-6E64-4A20-8AB9-8E2A17E66786}.Release|x86.ActiveCfg = Release|Any CPU
		{428AB85C-6E64-4A20-8AB9-8E2A17E66786}.Release|x86.Build.0 = Release|Any CPU
		{0034A785-456D-4A7D-B481-7B4951CCEA0D}.Debug|Any CPU.ActiveCfg = Debug|Any CPU
		{0034A785-456D-4A7D-B481-7B4951CCEA0D}.Debug|Any CPU.Build.0 = Debug|Any CPU
		{0034A785-456D-4A7D-B481-7B4951CCEA0D}.Debug|arm64.ActiveCfg = Debug|Any CPU
		{0034A785-456D-4A7D-B481-7B4951CCEA0D}.Debug|arm64.Build.0 = Debug|Any CPU
		{0034A785-456D-4A7D-B481-7B4951CCEA0D}.Debug|x86.ActiveCfg = Debug|Any CPU
		{0034A785-456D-4A7D-B481-7B4951CCEA0D}.Debug|x86.Build.0 = Debug|Any CPU
		{0034A785-456D-4A7D-B481-7B4951CCEA0D}.Release|Any CPU.ActiveCfg = Release|Any CPU
		{0034A785-456D-4A7D-B481-7B4951CCEA0D}.Release|Any CPU.Build.0 = Release|Any CPU
		{0034A785-456D-4A7D-B481-7B4951CCEA0D}.Release|arm64.ActiveCfg = Release|Any CPU
		{0034A785-456D-4A7D-B481-7B4951CCEA0D}.Release|arm64.Build.0 = Release|Any CPU
		{0034A785-456D-4A7D-B481-7B4951CCEA0D}.Release|x86.ActiveCfg = Release|Any CPU
		{0034A785-456D-4A7D-B481-7B4951CCEA0D}.Release|x86.Build.0 = Release|Any CPU
		{D23C3B77-6F92-4BF6-8D5A-0D18DA480E02}.Debug|Any CPU.ActiveCfg = Debug|Any CPU
		{D23C3B77-6F92-4BF6-8D5A-0D18DA480E02}.Debug|Any CPU.Build.0 = Debug|Any CPU
		{D23C3B77-6F92-4BF6-8D5A-0D18DA480E02}.Debug|arm64.ActiveCfg = Debug|Any CPU
		{D23C3B77-6F92-4BF6-8D5A-0D18DA480E02}.Debug|arm64.Build.0 = Debug|Any CPU
		{D23C3B77-6F92-4BF6-8D5A-0D18DA480E02}.Debug|x86.ActiveCfg = Debug|Any CPU
		{D23C3B77-6F92-4BF6-8D5A-0D18DA480E02}.Debug|x86.Build.0 = Debug|Any CPU
		{D23C3B77-6F92-4BF6-8D5A-0D18DA480E02}.Release|Any CPU.ActiveCfg = Release|Any CPU
		{D23C3B77-6F92-4BF6-8D5A-0D18DA480E02}.Release|Any CPU.Build.0 = Release|Any CPU
		{D23C3B77-6F92-4BF6-8D5A-0D18DA480E02}.Release|arm64.ActiveCfg = Release|Any CPU
		{D23C3B77-6F92-4BF6-8D5A-0D18DA480E02}.Release|arm64.Build.0 = Release|Any CPU
		{D23C3B77-6F92-4BF6-8D5A-0D18DA480E02}.Release|x86.ActiveCfg = Release|Any CPU
		{D23C3B77-6F92-4BF6-8D5A-0D18DA480E02}.Release|x86.Build.0 = Release|Any CPU
		{C964541A-CF7F-44C9-AE0E-0555C7B5F8C0}.Debug|Any CPU.ActiveCfg = Debug|Any CPU
		{C964541A-CF7F-44C9-AE0E-0555C7B5F8C0}.Debug|Any CPU.Build.0 = Debug|Any CPU
		{C964541A-CF7F-44C9-AE0E-0555C7B5F8C0}.Debug|arm64.ActiveCfg = Debug|Any CPU
		{C964541A-CF7F-44C9-AE0E-0555C7B5F8C0}.Debug|arm64.Build.0 = Debug|Any CPU
		{C964541A-CF7F-44C9-AE0E-0555C7B5F8C0}.Debug|x86.ActiveCfg = Debug|Any CPU
		{C964541A-CF7F-44C9-AE0E-0555C7B5F8C0}.Debug|x86.Build.0 = Debug|Any CPU
		{C964541A-CF7F-44C9-AE0E-0555C7B5F8C0}.Release|Any CPU.ActiveCfg = Release|Any CPU
		{C964541A-CF7F-44C9-AE0E-0555C7B5F8C0}.Release|Any CPU.Build.0 = Release|Any CPU
		{C964541A-CF7F-44C9-AE0E-0555C7B5F8C0}.Release|arm64.ActiveCfg = Release|Any CPU
		{C964541A-CF7F-44C9-AE0E-0555C7B5F8C0}.Release|arm64.Build.0 = Release|Any CPU
		{C964541A-CF7F-44C9-AE0E-0555C7B5F8C0}.Release|x86.ActiveCfg = Release|Any CPU
		{C964541A-CF7F-44C9-AE0E-0555C7B5F8C0}.Release|x86.Build.0 = Release|Any CPU
		{C534073D-16FA-4017-80C7-D741182E0D8B}.Debug|Any CPU.ActiveCfg = Debug|Any CPU
		{C534073D-16FA-4017-80C7-D741182E0D8B}.Debug|Any CPU.Build.0 = Debug|Any CPU
		{C534073D-16FA-4017-80C7-D741182E0D8B}.Debug|arm64.ActiveCfg = Debug|Any CPU
		{C534073D-16FA-4017-80C7-D741182E0D8B}.Debug|arm64.Build.0 = Debug|Any CPU
		{C534073D-16FA-4017-80C7-D741182E0D8B}.Debug|x86.ActiveCfg = Debug|Any CPU
		{C534073D-16FA-4017-80C7-D741182E0D8B}.Debug|x86.Build.0 = Debug|Any CPU
		{C534073D-16FA-4017-80C7-D741182E0D8B}.Release|Any CPU.ActiveCfg = Release|Any CPU
		{C534073D-16FA-4017-80C7-D741182E0D8B}.Release|Any CPU.Build.0 = Release|Any CPU
		{C534073D-16FA-4017-80C7-D741182E0D8B}.Release|arm64.ActiveCfg = Release|Any CPU
		{C534073D-16FA-4017-80C7-D741182E0D8B}.Release|arm64.Build.0 = Release|Any CPU
		{C534073D-16FA-4017-80C7-D741182E0D8B}.Release|x86.ActiveCfg = Release|Any CPU
		{C534073D-16FA-4017-80C7-D741182E0D8B}.Release|x86.Build.0 = Release|Any CPU
		{F03BE94F-C3A0-43D7-AD2E-23EB4649F1F0}.Debug|Any CPU.ActiveCfg = Debug|Any CPU
		{F03BE94F-C3A0-43D7-AD2E-23EB4649F1F0}.Debug|Any CPU.Build.0 = Debug|Any CPU
		{F03BE94F-C3A0-43D7-AD2E-23EB4649F1F0}.Debug|arm64.ActiveCfg = Debug|Any CPU
		{F03BE94F-C3A0-43D7-AD2E-23EB4649F1F0}.Debug|arm64.Build.0 = Debug|Any CPU
		{F03BE94F-C3A0-43D7-AD2E-23EB4649F1F0}.Debug|x86.ActiveCfg = Debug|Any CPU
		{F03BE94F-C3A0-43D7-AD2E-23EB4649F1F0}.Debug|x86.Build.0 = Debug|Any CPU
		{F03BE94F-C3A0-43D7-AD2E-23EB4649F1F0}.Release|Any CPU.ActiveCfg = Release|Any CPU
		{F03BE94F-C3A0-43D7-AD2E-23EB4649F1F0}.Release|Any CPU.Build.0 = Release|Any CPU
		{F03BE94F-C3A0-43D7-AD2E-23EB4649F1F0}.Release|arm64.ActiveCfg = Release|Any CPU
		{F03BE94F-C3A0-43D7-AD2E-23EB4649F1F0}.Release|arm64.Build.0 = Release|Any CPU
		{F03BE94F-C3A0-43D7-AD2E-23EB4649F1F0}.Release|x86.ActiveCfg = Release|Any CPU
		{F03BE94F-C3A0-43D7-AD2E-23EB4649F1F0}.Release|x86.Build.0 = Release|Any CPU
		{047242A1-2BBC-4073-8749-602347501DCB}.Debug|Any CPU.ActiveCfg = Debug|Any CPU
		{047242A1-2BBC-4073-8749-602347501DCB}.Debug|Any CPU.Build.0 = Debug|Any CPU
		{047242A1-2BBC-4073-8749-602347501DCB}.Debug|arm64.ActiveCfg = Debug|Any CPU
		{047242A1-2BBC-4073-8749-602347501DCB}.Debug|arm64.Build.0 = Debug|Any CPU
		{047242A1-2BBC-4073-8749-602347501DCB}.Debug|x86.ActiveCfg = Debug|Any CPU
		{047242A1-2BBC-4073-8749-602347501DCB}.Debug|x86.Build.0 = Debug|Any CPU
		{047242A1-2BBC-4073-8749-602347501DCB}.Release|Any CPU.ActiveCfg = Release|Any CPU
		{047242A1-2BBC-4073-8749-602347501DCB}.Release|Any CPU.Build.0 = Release|Any CPU
		{047242A1-2BBC-4073-8749-602347501DCB}.Release|arm64.ActiveCfg = Release|Any CPU
		{047242A1-2BBC-4073-8749-602347501DCB}.Release|arm64.Build.0 = Release|Any CPU
		{047242A1-2BBC-4073-8749-602347501DCB}.Release|x86.ActiveCfg = Release|Any CPU
		{047242A1-2BBC-4073-8749-602347501DCB}.Release|x86.Build.0 = Release|Any CPU
		{830556C4-8BF3-499E-92C5-8D54155BF991}.Debug|Any CPU.ActiveCfg = Debug|Any CPU
		{830556C4-8BF3-499E-92C5-8D54155BF991}.Debug|Any CPU.Build.0 = Debug|Any CPU
		{830556C4-8BF3-499E-92C5-8D54155BF991}.Debug|arm64.ActiveCfg = Debug|Any CPU
		{830556C4-8BF3-499E-92C5-8D54155BF991}.Debug|arm64.Build.0 = Debug|Any CPU
		{830556C4-8BF3-499E-92C5-8D54155BF991}.Debug|x86.ActiveCfg = Debug|Any CPU
		{830556C4-8BF3-499E-92C5-8D54155BF991}.Debug|x86.Build.0 = Debug|Any CPU
		{830556C4-8BF3-499E-92C5-8D54155BF991}.Release|Any CPU.ActiveCfg = Release|Any CPU
		{830556C4-8BF3-499E-92C5-8D54155BF991}.Release|Any CPU.Build.0 = Release|Any CPU
		{830556C4-8BF3-499E-92C5-8D54155BF991}.Release|arm64.ActiveCfg = Release|Any CPU
		{830556C4-8BF3-499E-92C5-8D54155BF991}.Release|arm64.Build.0 = Release|Any CPU
		{830556C4-8BF3-499E-92C5-8D54155BF991}.Release|x86.ActiveCfg = Release|Any CPU
		{830556C4-8BF3-499E-92C5-8D54155BF991}.Release|x86.Build.0 = Release|Any CPU
		{0F087A6E-BCA1-423B-AA80-5C5C516FC8F6}.Debug|Any CPU.ActiveCfg = Debug|Any CPU
		{0F087A6E-BCA1-423B-AA80-5C5C516FC8F6}.Debug|Any CPU.Build.0 = Debug|Any CPU
		{0F087A6E-BCA1-423B-AA80-5C5C516FC8F6}.Debug|arm64.ActiveCfg = Debug|Any CPU
		{0F087A6E-BCA1-423B-AA80-5C5C516FC8F6}.Debug|arm64.Build.0 = Debug|Any CPU
		{0F087A6E-BCA1-423B-AA80-5C5C516FC8F6}.Debug|x86.ActiveCfg = Debug|Any CPU
		{0F087A6E-BCA1-423B-AA80-5C5C516FC8F6}.Debug|x86.Build.0 = Debug|Any CPU
		{0F087A6E-BCA1-423B-AA80-5C5C516FC8F6}.Release|Any CPU.ActiveCfg = Release|Any CPU
		{0F087A6E-BCA1-423B-AA80-5C5C516FC8F6}.Release|Any CPU.Build.0 = Release|Any CPU
		{0F087A6E-BCA1-423B-AA80-5C5C516FC8F6}.Release|arm64.ActiveCfg = Release|Any CPU
		{0F087A6E-BCA1-423B-AA80-5C5C516FC8F6}.Release|arm64.Build.0 = Release|Any CPU
		{0F087A6E-BCA1-423B-AA80-5C5C516FC8F6}.Release|x86.ActiveCfg = Release|Any CPU
		{0F087A6E-BCA1-423B-AA80-5C5C516FC8F6}.Release|x86.Build.0 = Release|Any CPU
		{0B9DAF0D-F60D-45F6-A705-384E3FB7D22A}.Debug|Any CPU.ActiveCfg = Debug|Any CPU
		{0B9DAF0D-F60D-45F6-A705-384E3FB7D22A}.Debug|Any CPU.Build.0 = Debug|Any CPU
		{0B9DAF0D-F60D-45F6-A705-384E3FB7D22A}.Debug|arm64.ActiveCfg = Debug|Any CPU
		{0B9DAF0D-F60D-45F6-A705-384E3FB7D22A}.Debug|arm64.Build.0 = Debug|Any CPU
		{0B9DAF0D-F60D-45F6-A705-384E3FB7D22A}.Debug|x86.ActiveCfg = Debug|Any CPU
		{0B9DAF0D-F60D-45F6-A705-384E3FB7D22A}.Debug|x86.Build.0 = Debug|Any CPU
		{0B9DAF0D-F60D-45F6-A705-384E3FB7D22A}.Release|Any CPU.ActiveCfg = Release|Any CPU
		{0B9DAF0D-F60D-45F6-A705-384E3FB7D22A}.Release|Any CPU.Build.0 = Release|Any CPU
		{0B9DAF0D-F60D-45F6-A705-384E3FB7D22A}.Release|arm64.ActiveCfg = Release|Any CPU
		{0B9DAF0D-F60D-45F6-A705-384E3FB7D22A}.Release|arm64.Build.0 = Release|Any CPU
		{0B9DAF0D-F60D-45F6-A705-384E3FB7D22A}.Release|x86.ActiveCfg = Release|Any CPU
		{0B9DAF0D-F60D-45F6-A705-384E3FB7D22A}.Release|x86.Build.0 = Release|Any CPU
		{97A1A91E-3773-48A6-8A80-1B5447C6FAB7}.Debug|Any CPU.ActiveCfg = Debug|Any CPU
		{97A1A91E-3773-48A6-8A80-1B5447C6FAB7}.Debug|Any CPU.Build.0 = Debug|Any CPU
		{97A1A91E-3773-48A6-8A80-1B5447C6FAB7}.Debug|arm64.ActiveCfg = Debug|Any CPU
		{97A1A91E-3773-48A6-8A80-1B5447C6FAB7}.Debug|arm64.Build.0 = Debug|Any CPU
		{97A1A91E-3773-48A6-8A80-1B5447C6FAB7}.Debug|x86.ActiveCfg = Debug|Any CPU
		{97A1A91E-3773-48A6-8A80-1B5447C6FAB7}.Debug|x86.Build.0 = Debug|Any CPU
		{97A1A91E-3773-48A6-8A80-1B5447C6FAB7}.Release|Any CPU.ActiveCfg = Release|Any CPU
		{97A1A91E-3773-48A6-8A80-1B5447C6FAB7}.Release|Any CPU.Build.0 = Release|Any CPU
		{97A1A91E-3773-48A6-8A80-1B5447C6FAB7}.Release|arm64.ActiveCfg = Release|Any CPU
		{97A1A91E-3773-48A6-8A80-1B5447C6FAB7}.Release|arm64.Build.0 = Release|Any CPU
		{97A1A91E-3773-48A6-8A80-1B5447C6FAB7}.Release|x86.ActiveCfg = Release|Any CPU
		{97A1A91E-3773-48A6-8A80-1B5447C6FAB7}.Release|x86.Build.0 = Release|Any CPU
		{E2D76391-6C0D-44E2-979E-F92FAD245E71}.Debug|Any CPU.ActiveCfg = Debug|Any CPU
		{E2D76391-6C0D-44E2-979E-F92FAD245E71}.Debug|Any CPU.Build.0 = Debug|Any CPU
		{E2D76391-6C0D-44E2-979E-F92FAD245E71}.Debug|arm64.ActiveCfg = Debug|Any CPU
		{E2D76391-6C0D-44E2-979E-F92FAD245E71}.Debug|arm64.Build.0 = Debug|Any CPU
		{E2D76391-6C0D-44E2-979E-F92FAD245E71}.Debug|x86.ActiveCfg = Debug|Any CPU
		{E2D76391-6C0D-44E2-979E-F92FAD245E71}.Debug|x86.Build.0 = Debug|Any CPU
		{E2D76391-6C0D-44E2-979E-F92FAD245E71}.Release|Any CPU.ActiveCfg = Release|Any CPU
		{E2D76391-6C0D-44E2-979E-F92FAD245E71}.Release|Any CPU.Build.0 = Release|Any CPU
		{E2D76391-6C0D-44E2-979E-F92FAD245E71}.Release|arm64.ActiveCfg = Release|Any CPU
		{E2D76391-6C0D-44E2-979E-F92FAD245E71}.Release|arm64.Build.0 = Release|Any CPU
		{E2D76391-6C0D-44E2-979E-F92FAD245E71}.Release|x86.ActiveCfg = Release|Any CPU
		{E2D76391-6C0D-44E2-979E-F92FAD245E71}.Release|x86.Build.0 = Release|Any CPU
		{8638B66B-2134-4E0B-9E58-97ADC36CA288}.Debug|Any CPU.ActiveCfg = Debug|Any CPU
		{8638B66B-2134-4E0B-9E58-97ADC36CA288}.Debug|Any CPU.Build.0 = Debug|Any CPU
		{8638B66B-2134-4E0B-9E58-97ADC36CA288}.Debug|arm64.ActiveCfg = Debug|Any CPU
		{8638B66B-2134-4E0B-9E58-97ADC36CA288}.Debug|arm64.Build.0 = Debug|Any CPU
		{8638B66B-2134-4E0B-9E58-97ADC36CA288}.Debug|x86.ActiveCfg = Debug|Any CPU
		{8638B66B-2134-4E0B-9E58-97ADC36CA288}.Debug|x86.Build.0 = Debug|Any CPU
		{8638B66B-2134-4E0B-9E58-97ADC36CA288}.Release|Any CPU.ActiveCfg = Release|Any CPU
		{8638B66B-2134-4E0B-9E58-97ADC36CA288}.Release|Any CPU.Build.0 = Release|Any CPU
		{8638B66B-2134-4E0B-9E58-97ADC36CA288}.Release|arm64.ActiveCfg = Release|Any CPU
		{8638B66B-2134-4E0B-9E58-97ADC36CA288}.Release|arm64.Build.0 = Release|Any CPU
		{8638B66B-2134-4E0B-9E58-97ADC36CA288}.Release|x86.ActiveCfg = Release|Any CPU
		{8638B66B-2134-4E0B-9E58-97ADC36CA288}.Release|x86.Build.0 = Release|Any CPU
		{C84323BC-588D-4D44-ACD9-F4CA96BE52C5}.Debug|Any CPU.ActiveCfg = Debug|Any CPU
		{C84323BC-588D-4D44-ACD9-F4CA96BE52C5}.Debug|Any CPU.Build.0 = Debug|Any CPU
		{C84323BC-588D-4D44-ACD9-F4CA96BE52C5}.Debug|arm64.ActiveCfg = Debug|Any CPU
		{C84323BC-588D-4D44-ACD9-F4CA96BE52C5}.Debug|arm64.Build.0 = Debug|Any CPU
		{C84323BC-588D-4D44-ACD9-F4CA96BE52C5}.Debug|x86.ActiveCfg = Debug|Any CPU
		{C84323BC-588D-4D44-ACD9-F4CA96BE52C5}.Debug|x86.Build.0 = Debug|Any CPU
		{C84323BC-588D-4D44-ACD9-F4CA96BE52C5}.Release|Any CPU.ActiveCfg = Release|Any CPU
		{C84323BC-588D-4D44-ACD9-F4CA96BE52C5}.Release|Any CPU.Build.0 = Release|Any CPU
		{C84323BC-588D-4D44-ACD9-F4CA96BE52C5}.Release|arm64.ActiveCfg = Release|Any CPU
		{C84323BC-588D-4D44-ACD9-F4CA96BE52C5}.Release|arm64.Build.0 = Release|Any CPU
		{C84323BC-588D-4D44-ACD9-F4CA96BE52C5}.Release|x86.ActiveCfg = Release|Any CPU
		{C84323BC-588D-4D44-ACD9-F4CA96BE52C5}.Release|x86.Build.0 = Release|Any CPU
	EndGlobalSection
	GlobalSection(SolutionProperties) = preSolution
		HideSolutionNode = FALSE
	EndGlobalSection
	GlobalSection(NestedProjects) = preSolution
		{03061C35-1859-42E3-A2E5-CEF336224612} = {6E9B603B-B53F-41C9-9F3F-E2588B9FF84C}
		{671566F3-C278-4364-8688-F89EA603575B} = {5183CDE3-7961-4810-B8CA-779688727E35}
		{7CADC7D6-A1C6-4619-9E14-C69A1A7AD62D} = {C7428D4F-77A4-4EF1-8B90-74EEF0A5AB7A}
		{94E60BD3-4E30-4EBB-868A-F505FF114472} = {C7428D4F-77A4-4EF1-8B90-74EEF0A5AB7A}
		{75AB00D3-FFE2-44A6-8158-6482C1A1C8C9} = {C7428D4F-77A4-4EF1-8B90-74EEF0A5AB7A}
		{9EC4E5F1-E227-4036-A094-ABBD44E70F21} = {C7428D4F-77A4-4EF1-8B90-74EEF0A5AB7A}
		{210BE4EA-7A45-48A6-9E52-518092895A3A} = {C7428D4F-77A4-4EF1-8B90-74EEF0A5AB7A}
		{D0D04770-F0E5-4070-B2A9-61A711BB4DC4} = {C7428D4F-77A4-4EF1-8B90-74EEF0A5AB7A}
		{E8CEFB93-7DF1-4DD1-870A-EF9662CD249A} = {C7428D4F-77A4-4EF1-8B90-74EEF0A5AB7A}
		{5F5C9394-7DB9-4527-8E08-A0B6628E64A4} = {C7428D4F-77A4-4EF1-8B90-74EEF0A5AB7A}
		{78ACA997-2A0F-4EF0-8389-2875B6083F97} = {ECE390EE-CF97-4876-B23A-53E830E6FDBB}
		{C7428D4F-77A4-4EF1-8B90-74EEF0A5AB7A} = {ECE390EE-CF97-4876-B23A-53E830E6FDBB}
		{5BC0A5AB-C806-4F61-92E8-CE90C14EA87E} = {ECE390EE-CF97-4876-B23A-53E830E6FDBB}
		{21AE321F-DF0A-4B6A-B515-07B6CB53A8E9} = {ECE390EE-CF97-4876-B23A-53E830E6FDBB}
		{299AA67F-D50D-4369-A7DD-A0CC41C8E2F6} = {ECE390EE-CF97-4876-B23A-53E830E6FDBB}
		{C3CEEA67-0971-4139-8DAA-2531D0B055CA} = {ECE390EE-CF97-4876-B23A-53E830E6FDBB}
		{47E62004-19CB-44D3-8588-F3D7C23754D5} = {ECE390EE-CF97-4876-B23A-53E830E6FDBB}
		{12F6291A-D24E-44D2-B765-04025B22F643} = {78ACA997-2A0F-4EF0-8389-2875B6083F97}
		{97A9F2BD-120D-4A1E-B5EF-43C18E687043} = {78ACA997-2A0F-4EF0-8389-2875B6083F97}
		{53A476B0-6F97-479C-85FC-80BC39832B3A} = {78ACA997-2A0F-4EF0-8389-2875B6083F97}
		{2FC1BACC-FBFF-48E0-84CB-FEEA43658379} = {78ACA997-2A0F-4EF0-8389-2875B6083F97}
		{7F7CCC07-7636-439E-9C13-46087865A034} = {78ACA997-2A0F-4EF0-8389-2875B6083F97}
		{78473AEE-B92F-4F61-97F5-4EABE4A83AD8} = {78ACA997-2A0F-4EF0-8389-2875B6083F97}
		{D08F2F60-CCE6-4EEB-B829-3AAAE1AC69CA} = {78ACA997-2A0F-4EF0-8389-2875B6083F97}
		{209D0A67-A563-4CFE-BBA4-FD2EE5DEBBC9} = {78ACA997-2A0F-4EF0-8389-2875B6083F97}
		{28D7EDA9-1647-42C5-B8E5-89E7E8D05859} = {5BC0A5AB-C806-4F61-92E8-CE90C14EA87E}
		{2F2671FC-A294-4AF0-85A0-8C1C605CECE5} = {5BC0A5AB-C806-4F61-92E8-CE90C14EA87E}
		{E79A52E6-EF9B-4F3D-A0F2-09C68E95F7B7} = {5BC0A5AB-C806-4F61-92E8-CE90C14EA87E}
		{DA311EA8-9132-46D7-9900-74C2194B62BF} = {5BC0A5AB-C806-4F61-92E8-CE90C14EA87E}
		{6499431D-2634-4687-B39B-3811A84956D2} = {5BC0A5AB-C806-4F61-92E8-CE90C14EA87E}
		{015B8CE8-65DD-4DE1-8846-7147101FC92D} = {5BC0A5AB-C806-4F61-92E8-CE90C14EA87E}
		{3366DECB-2BCB-420E-A1A2-6EE7123DFB32} = {5BC0A5AB-C806-4F61-92E8-CE90C14EA87E}
		{0F82FB2B-FDB6-4052-9B28-53BB28570D12} = {5BC0A5AB-C806-4F61-92E8-CE90C14EA87E}
		{C7A7B5AB-D154-4AA7-9378-42A2EAD02D30} = {21AE321F-DF0A-4B6A-B515-07B6CB53A8E9}
		{900D564D-8D31-4019-9B24-06A592A68E18} = {21AE321F-DF0A-4B6A-B515-07B6CB53A8E9}
		{5AA36A4F-0D8C-4E9C-80E4-9E9872BF8049} = {21AE321F-DF0A-4B6A-B515-07B6CB53A8E9}
		{5D360613-96F5-43C8-B223-89C01469E630} = {21AE321F-DF0A-4B6A-B515-07B6CB53A8E9}
		{3AF7DBCA-1F3E-4B97-9B34-B431325C0A0E} = {21AE321F-DF0A-4B6A-B515-07B6CB53A8E9}
		{E0D636D3-FB0C-47EA-88C8-63082C73BF6F} = {21AE321F-DF0A-4B6A-B515-07B6CB53A8E9}
		{A7DC2E2A-13A5-4C2F-AA5C-3FAFA63400BD} = {21AE321F-DF0A-4B6A-B515-07B6CB53A8E9}
		{0A8ADD85-CD2A-433A-BE5C-7B08F5B6CEA8} = {21AE321F-DF0A-4B6A-B515-07B6CB53A8E9}
		{121D745D-D6A6-478C-BE0E-D0718F2D9838} = {47E62004-19CB-44D3-8588-F3D7C23754D5}
		{A2EC2974-054A-4848-90C2-87B392BFBCC2} = {47E62004-19CB-44D3-8588-F3D7C23754D5}
		{39738E62-28B8-4CB6-B693-220F51ACB67A} = {47E62004-19CB-44D3-8588-F3D7C23754D5}
		{2C59C12B-CF90-4D8B-8E5F-AEF98C182C5D} = {47E62004-19CB-44D3-8588-F3D7C23754D5}
		{F4E27D08-4E92-4400-8B71-D15433E2C6B1} = {47E62004-19CB-44D3-8588-F3D7C23754D5}
		{4483308D-43E8-412B-B2D6-22E0E7E953EE} = {47E62004-19CB-44D3-8588-F3D7C23754D5}
		{AA2FAF07-B819-48BA-98AA-A544B7050C9D} = {47E62004-19CB-44D3-8588-F3D7C23754D5}
		{AC89B7D5-1A4E-4AFB-861E-4723B7B7EB70} = {47E62004-19CB-44D3-8588-F3D7C23754D5}
		{D23C3B77-6F92-4BF6-8D5A-0D18DA480E02} = {299AA67F-D50D-4369-A7DD-A0CC41C8E2F6}
		{C964541A-CF7F-44C9-AE0E-0555C7B5F8C0} = {299AA67F-D50D-4369-A7DD-A0CC41C8E2F6}
		{428AB85C-6E64-4A20-8AB9-8E2A17E66786} = {299AA67F-D50D-4369-A7DD-A0CC41C8E2F6}
		{8F4C93EC-098D-47E7-8D6D-C5FB9BD878FF} = {299AA67F-D50D-4369-A7DD-A0CC41C8E2F6}
		{B7B9B718-5492-47C5-9797-8CADA6B284D5} = {299AA67F-D50D-4369-A7DD-A0CC41C8E2F6}
		{0034A785-456D-4A7D-B481-7B4951CCEA0D} = {299AA67F-D50D-4369-A7DD-A0CC41C8E2F6}
		{C534073D-16FA-4017-80C7-D741182E0D8B} = {299AA67F-D50D-4369-A7DD-A0CC41C8E2F6}
		{F03BE94F-C3A0-43D7-AD2E-23EB4649F1F0} = {299AA67F-D50D-4369-A7DD-A0CC41C8E2F6}
		{97A1A91E-3773-48A6-8A80-1B5447C6FAB7} = {C3CEEA67-0971-4139-8DAA-2531D0B055CA}
		{E2D76391-6C0D-44E2-979E-F92FAD245E71} = {C3CEEA67-0971-4139-8DAA-2531D0B055CA}
		{0F087A6E-BCA1-423B-AA80-5C5C516FC8F6} = {C3CEEA67-0971-4139-8DAA-2531D0B055CA}
		{047242A1-2BBC-4073-8749-602347501DCB} = {C3CEEA67-0971-4139-8DAA-2531D0B055CA}
		{830556C4-8BF3-499E-92C5-8D54155BF991} = {C3CEEA67-0971-4139-8DAA-2531D0B055CA}
		{0B9DAF0D-F60D-45F6-A705-384E3FB7D22A} = {C3CEEA67-0971-4139-8DAA-2531D0B055CA}
		{8638B66B-2134-4E0B-9E58-97ADC36CA288} = {C3CEEA67-0971-4139-8DAA-2531D0B055CA}
		{C84323BC-588D-4D44-ACD9-F4CA96BE52C5} = {C3CEEA67-0971-4139-8DAA-2531D0B055CA}
		{F4AEEB9D-D7A4-431F-AD01-8D373D94412E} = {341EB5A7-E873-4F76-80AD-B018B7676501}
		{9B0DD52C-415F-4D4B-B15B-FFDE8ADE8F66} = {F4AEEB9D-D7A4-431F-AD01-8D373D94412E}
		{47233C8D-0BAE-43CC-95C7-3C9FB73F103B} = {F4AEEB9D-D7A4-431F-AD01-8D373D94412E}
		{56F9CFBC-0943-494E-9496-55F8F2A99804} = {341EB5A7-E873-4F76-80AD-B018B7676501}
		{24639115-9E66-4DC5-BE93-9E72FBE5EC5F} = {56F9CFBC-0943-494E-9496-55F8F2A99804}
		{C7B78E2C-4674-4ADD-B631-20536F8BDE0D} = {56F9CFBC-0943-494E-9496-55F8F2A99804}
		{0B0009BF-5278-4804-B6E4-D36B0FF6BFA6} = {56F9CFBC-0943-494E-9496-55F8F2A99804}
		{AB65E72E-8666-4213-86D6-AFB424D2C10B} = {56F9CFBC-0943-494E-9496-55F8F2A99804}
		{6C7BEBC6-6568-44A3-88EC-2DFC57F87A31} = {56F9CFBC-0943-494E-9496-55F8F2A99804}
		{E153AAE7-3B06-4804-9D4E-39865B7D27C3} = {56F9CFBC-0943-494E-9496-55F8F2A99804}
		{A4B22A8E-8652-424D-A8C1-03DBF21732FD} = {341EB5A7-E873-4F76-80AD-B018B7676501}
		{F68FEF1B-C874-4EF7-8C5C-E3E32E613141} = {A4B22A8E-8652-424D-A8C1-03DBF21732FD}
		{660BA451-88FB-4504-8170-4118F74467BA} = {A4B22A8E-8652-424D-A8C1-03DBF21732FD}
		{BBECCA08-2098-4A52-AEB6-71341098EFEA} = {A4B22A8E-8652-424D-A8C1-03DBF21732FD}
	EndGlobalSection
	GlobalSection(ExtensibilityGlobals) = postSolution
		SolutionGuid = {F80AB22A-52F6-46F7-A186-E650C75D076F}
	EndGlobalSection
	GlobalSection(SharedMSBuildProjectFiles) = preSolution
		VSIX\ApiClientCodeGen.VSIX.Shared\ApiClientCodeGen.VSIX.Shared.projitems*{660ba451-88fb-4504-8170-4118f74467ba}*SharedItemsImports = 4
		VSIX\ApiClientCodeGen.VSIX.Shared\ApiClientCodeGen.VSIX.Shared.projitems*{bbecca08-2098-4a52-aeb6-71341098efea}*SharedItemsImports = 13
		VSIX\ApiClientCodeGen.VSIX.Shared\ApiClientCodeGen.VSIX.Shared.projitems*{f68fef1b-c874-4ef7-8c5c-e3e32e613141}*SharedItemsImports = 4
	EndGlobalSection
EndGlobal
