
Microsoft Visual Studio Solution File, Format Version 12.00
# Visual Studio Version 16
VisualStudioVersion = 16.0.29418.71
MinimumVisualStudioVersion = 10.0.40219.1
Project("{2150E333-8FDC-42A3-9474-1A3956D46DE8}") = "Solution Items", "Solution Items", "{2163CD80-1242-47F5-928B-26898374C4AE}"
	ProjectSection(SolutionItems) = preProject
		build.cake = build.cake
		..\README.md = ..\README.md
	EndProjectSection
EndProject
Project("{9A19103F-16F7-4668-BE54-9A1E7A4F7556}") = "ApiClientCodeGen.Core", "Core\ApiClientCodeGen.Core\ApiClientCodeGen.Core.csproj", "{24639115-9E66-4DC5-BE93-9E72FBE5EC5F}"
EndProject
Project("{9A19103F-16F7-4668-BE54-9A1E7A4F7556}") = "ApiClientCodeGen.CLI", "CLI\ApiClientCodeGen.CLI\ApiClientCodeGen.CLI.csproj", "{808920F0-D581-4376-8033-2E125E8EF66B}"
EndProject
Project("{9A19103F-16F7-4668-BE54-9A1E7A4F7556}") = "ApiClientCodeGen.VSMac", "VSMac\ApiClientCodeGen.VSMac\ApiClientCodeGen.VSMac.csproj", "{4E536A35-2AE4-4276-91C5-C43BEDB72D1B}"
EndProject
Project("{9A19103F-16F7-4668-BE54-9A1E7A4F7556}") = "ApiClientCodeGen.VSMac.Tests", "VSMac\ApiClientCodeGen.VSMac.Tests\ApiClientCodeGen.VSMac.Tests.csproj", "{4A8E6DBF-B6E6-4776-86B2-4D7A20B7B17D}"
EndProject
Project("{9A19103F-16F7-4668-BE54-9A1E7A4F7556}") = "ApiClientCodeGen.Core.Tests", "Core\ApiClientCodeGen.Core.Tests\ApiClientCodeGen.Core.Tests.csproj", "{07734934-973E-4FD9-A192-15013B7DB7C2}"
EndProject
Project("{9A19103F-16F7-4668-BE54-9A1E7A4F7556}") = "ApiClientCodeGen.Tests.Common", "Core\ApiClientCodeGen.Tests.Common\ApiClientCodeGen.Tests.Common.csproj", "{02E9A964-A720-49CF-938E-4D5C37206199}"
EndProject
Project("{FAE04EC0-301F-11D3-BF4B-00C04F79EFBC}") = "ApiClientCodeGen.Core.IntegrationTests", "Core\ApiClientCodeGen.Core.IntegrationTests\ApiClientCodeGen.Core.IntegrationTests.csproj", "{8EBAC139-1FF3-4DC9-911E-5EA6F8E0B618}"
EndProject
Global
	GlobalSection(SolutionConfigurationPlatforms) = preSolution
		Debug|Any CPU = Debug|Any CPU
		Release|Any CPU = Release|Any CPU
	EndGlobalSection
	GlobalSection(ProjectConfigurationPlatforms) = postSolution
		{24639115-9E66-4DC5-BE93-9E72FBE5EC5F}.Debug|Any CPU.ActiveCfg = Debug|Any CPU
		{24639115-9E66-4DC5-BE93-9E72FBE5EC5F}.Debug|Any CPU.Build.0 = Debug|Any CPU
		{24639115-9E66-4DC5-BE93-9E72FBE5EC5F}.Release|Any CPU.ActiveCfg = Release|Any CPU
		{24639115-9E66-4DC5-BE93-9E72FBE5EC5F}.Release|Any CPU.Build.0 = Release|Any CPU
		{808920F0-D581-4376-8033-2E125E8EF66B}.Debug|Any CPU.ActiveCfg = Debug|Any CPU
		{808920F0-D581-4376-8033-2E125E8EF66B}.Debug|Any CPU.Build.0 = Debug|Any CPU
		{808920F0-D581-4376-8033-2E125E8EF66B}.Release|Any CPU.ActiveCfg = Release|Any CPU
		{808920F0-D581-4376-8033-2E125E8EF66B}.Release|Any CPU.Build.0 = Release|Any CPU
		{4E536A35-2AE4-4276-91C5-C43BEDB72D1B}.Debug|Any CPU.ActiveCfg = Debug|Any CPU
		{4E536A35-2AE4-4276-91C5-C43BEDB72D1B}.Debug|Any CPU.Build.0 = Debug|Any CPU
		{4E536A35-2AE4-4276-91C5-C43BEDB72D1B}.Release|Any CPU.ActiveCfg = Release|Any CPU
		{4E536A35-2AE4-4276-91C5-C43BEDB72D1B}.Release|Any CPU.Build.0 = Release|Any CPU
		{4A8E6DBF-B6E6-4776-86B2-4D7A20B7B17D}.Debug|Any CPU.ActiveCfg = Debug|Any CPU
		{4A8E6DBF-B6E6-4776-86B2-4D7A20B7B17D}.Debug|Any CPU.Build.0 = Debug|Any CPU
		{4A8E6DBF-B6E6-4776-86B2-4D7A20B7B17D}.Release|Any CPU.ActiveCfg = Release|Any CPU
		{4A8E6DBF-B6E6-4776-86B2-4D7A20B7B17D}.Release|Any CPU.Build.0 = Release|Any CPU
		{07734934-973E-4FD9-A192-15013B7DB7C2}.Debug|Any CPU.ActiveCfg = Debug|Any CPU
		{07734934-973E-4FD9-A192-15013B7DB7C2}.Debug|Any CPU.Build.0 = Debug|Any CPU
		{07734934-973E-4FD9-A192-15013B7DB7C2}.Release|Any CPU.ActiveCfg = Release|Any CPU
		{07734934-973E-4FD9-A192-15013B7DB7C2}.Release|Any CPU.Build.0 = Release|Any CPU
		{02E9A964-A720-49CF-938E-4D5C37206199}.Debug|Any CPU.ActiveCfg = Debug|Any CPU
		{02E9A964-A720-49CF-938E-4D5C37206199}.Debug|Any CPU.Build.0 = Debug|Any CPU
		{02E9A964-A720-49CF-938E-4D5C37206199}.Release|Any CPU.ActiveCfg = Release|Any CPU
		{02E9A964-A720-49CF-938E-4D5C37206199}.Release|Any CPU.Build.0 = Release|Any CPU
		{8EBAC139-1FF3-4DC9-911E-5EA6F8E0B618}.Debug|Any CPU.ActiveCfg = Debug|Any CPU
		{8EBAC139-1FF3-4DC9-911E-5EA6F8E0B618}.Debug|Any CPU.Build.0 = Debug|Any CPU
		{8EBAC139-1FF3-4DC9-911E-5EA6F8E0B618}.Release|Any CPU.ActiveCfg = Release|Any CPU
		{8EBAC139-1FF3-4DC9-911E-5EA6F8E0B618}.Release|Any CPU.Build.0 = Release|Any CPU
	EndGlobalSection
	GlobalSection(SolutionProperties) = preSolution
		HideSolutionNode = FALSE
	EndGlobalSection
	GlobalSection(ExtensibilityGlobals) = postSolution
		SolutionGuid = {F80AB22A-52F6-46F7-A186-E650C75D076F}
	EndGlobalSection
EndGlobal
