
Microsoft Visual Studio Solution File, Format Version 12.00
# Visual Studio Version 16
VisualStudioVersion = 16.0.29418.71
MinimumVisualStudioVersion = 10.0.40219.1
Project("{2150E333-8FDC-42A3-9474-1A3956D46DE8}") = "Solution Items", "Solution Items", "{2163CD80-1242-47F5-928B-26898374C4AE}"
	ProjectSection(SolutionItems) = preProject
		build.cake = build.cake
		..\README.md = ..\README.md
	EndProjectSection
EndProject
Project("{9A19103F-16F7-4668-BE54-9A1E7A4F7556}") = "ApiClientCodeGen.Core", "Core\ApiClientCodeGen.Core\ApiClientCodeGen.Core.csproj", "{24639115-9E66-4DC5-BE93-9E72FBE5EC5F}"
EndProject
Project("{9A19103F-16F7-4668-BE54-9A1E7A4F7556}") = "ApiClientCodeGen.CLI", "CLI\ApiClientCodeGen.CLI\ApiClientCodeGen.CLI.csproj", "{808920F0-D581-4376-8033-2E125E8EF66B}"
EndProject
Project("{9A19103F-16F7-4668-BE54-9A1E7A4F7556}") = "ApiClientCodeGen.Core.Tests", "Core\ApiClientCodeGen.Core.Tests\ApiClientCodeGen.Core.Tests.csproj", "{A90D808F-798E-460F-AB45-2F872EB919F5}"
EndProject
Project("{9A19103F-16F7-4668-BE54-9A1E7A4F7556}") = "ApiClientCodeGen.Tests.Common", "Core\ApiClientCodeGen.Tests.Common\ApiClientCodeGen.Tests.Common.csproj", "{651C72E8-5232-4D3B-AD4D-A6AE48AD0B1D}"
EndProject
Project("{FAE04EC0-301F-11D3-BF4B-00C04F79EFBC}") = "ApiClientCodeGen.Core.IntegrationTests", "Core\ApiClientCodeGen.Core.IntegrationTests\ApiClientCodeGen.Core.IntegrationTests.csproj", "{06A1C2F0-8ECE-4110-8C4E-9297AB674AF0}"
EndProject
Project("{FAE04EC0-301F-11D3-BF4B-00C04F79EFBC}") = "ApiClientCodeGen.CLI.Tests", "CLI\ApiClientCodeGen.CLI.Tests\ApiClientCodeGen.CLI.Tests.csproj", "{452A3F93-F92C-449C-AD04-F5842E692B03}"
EndProject
Global
	GlobalSection(SolutionConfigurationPlatforms) = preSolution
		Debug|Any CPU = Debug|Any CPU
		Release|Any CPU = Release|Any CPU
	EndGlobalSection
	GlobalSection(ProjectConfigurationPlatforms) = postSolution
		{24639115-9E66-4DC5-BE93-9E72FBE5EC5F}.Debug|Any CPU.ActiveCfg = Debug|Any CPU
		{24639115-9E66-4DC5-BE93-9E72FBE5EC5F}.Debug|Any CPU.Build.0 = Debug|Any CPU
		{24639115-9E66-4DC5-BE93-9E72FBE5EC5F}.Release|Any CPU.ActiveCfg = Release|Any CPU
		{24639115-9E66-4DC5-BE93-9E72FBE5EC5F}.Release|Any CPU.Build.0 = Release|Any CPU
		{808920F0-D581-4376-8033-2E125E8EF66B}.Debug|Any CPU.ActiveCfg = Debug|Any CPU
		{808920F0-D581-4376-8033-2E125E8EF66B}.Debug|Any CPU.Build.0 = Debug|Any CPU
		{808920F0-D581-4376-8033-2E125E8EF66B}.Release|Any CPU.ActiveCfg = Release|Any CPU
		{808920F0-D581-4376-8033-2E125E8EF66B}.Release|Any CPU.Build.0 = Release|Any CPU
		{A90D808F-798E-460F-AB45-2F872EB919F5}.Debug|Any CPU.ActiveCfg = Debug|Any CPU
		{A90D808F-798E-460F-AB45-2F872EB919F5}.Debug|Any CPU.Build.0 = Debug|Any CPU
		{A90D808F-798E-460F-AB45-2F872EB919F5}.Release|Any CPU.ActiveCfg = Release|Any CPU
		{A90D808F-798E-460F-AB45-2F872EB919F5}.Release|Any CPU.Build.0 = Release|Any CPU
		{651C72E8-5232-4D3B-AD4D-A6AE48AD0B1D}.Debug|Any CPU.ActiveCfg = Debug|Any CPU
		{651C72E8-5232-4D3B-AD4D-A6AE48AD0B1D}.Debug|Any CPU.Build.0 = Debug|Any CPU
		{651C72E8-5232-4D3B-AD4D-A6AE48AD0B1D}.Release|Any CPU.ActiveCfg = Release|Any CPU
		{651C72E8-5232-4D3B-AD4D-A6AE48AD0B1D}.Release|Any CPU.Build.0 = Release|Any CPU
		{06A1C2F0-8ECE-4110-8C4E-9297AB674AF0}.Debug|Any CPU.ActiveCfg = Debug|Any CPU
		{06A1C2F0-8ECE-4110-8C4E-9297AB674AF0}.Debug|Any CPU.Build.0 = Debug|Any CPU
		{06A1C2F0-8ECE-4110-8C4E-9297AB674AF0}.Release|Any CPU.ActiveCfg = Release|Any CPU
		{06A1C2F0-8ECE-4110-8C4E-9297AB674AF0}.Release|Any CPU.Build.0 = Release|Any CPU
		{452A3F93-F92C-449C-AD04-F5842E692B03}.Debug|Any CPU.ActiveCfg = Debug|Any CPU
		{452A3F93-F92C-449C-AD04-F5842E692B03}.Debug|Any CPU.Build.0 = Debug|Any CPU
		{452A3F93-F92C-449C-AD04-F5842E692B03}.Release|Any CPU.ActiveCfg = Release|Any CPU
		{452A3F93-F92C-449C-AD04-F5842E692B03}.Release|Any CPU.Build.0 = Release|Any CPU
	EndGlobalSection
	GlobalSection(SolutionProperties) = preSolution
		HideSolutionNode = FALSE
	EndGlobalSection
	GlobalSection(ExtensibilityGlobals) = postSolution
		SolutionGuid = {F80AB22A-52F6-46F7-A186-E650C75D076F}
	EndGlobalSection
EndGlobal
