
Microsoft Visual Studio Solution File, Format Version 12.00
# Visual Studio Version 18
VisualStudioVersion = 18.3.11312.210 d18.3
MinimumVisualStudioVersion = 10.0.40219.1
Project("{FAE04EC0-301F-11D3-BF4B-00C04F79EFBC}") = "ApiClientCodeGen.VSIX", "VSIX\ApiClientCodeGen.VSIX\ApiClientCodeGen.VSIX.csproj", "{F68FEF1B-C874-4EF7-8C5C-E3E32E613141}"
EndProject
Project("{2150E333-8FDC-42A3-9474-1A3956D46DE8}") = "Solution Items", "Solution Items", "{2163CD80-1242-47F5-928B-26898374C4AE}"
	ProjectSection(SolutionItems) = preProject
		build.cake = build.cake
		..\README.md = ..\README.md
		Tests.runsettings = Tests.runsettings
	EndProjectSection
EndProject
Project("{FAE04EC0-301F-11D3-BF4B-00C04F79EFBC}") = "ApiClientCodeGen.Tests", "VSIX\ApiClientCodeGen.Tests\ApiClientCodeGen.Tests.csproj", "{6C7BEBC6-6568-44A3-88EC-2DFC57F87A31}"
EndProject
Project("{FAE04EC0-301F-11D3-BF4B-00C04F79EFBC}") = "ApiClientCodegen.IntegrationTests", "VSIX\ApiClientCodegen.IntegrationTests\ApiClientCodegen.IntegrationTests.csproj", "{AB65E72E-8666-4213-86D6-AFB424D2C10B}"
EndProject
Project("{9A19103F-16F7-4668-BE54-9A1E7A4F7556}") = "ApiClientCodeGen.Core", "Core\ApiClientCodeGen.Core\ApiClientCodeGen.Core.csproj", "{24639115-9E66-4DC5-BE93-9E72FBE5EC5F}"
EndProject
Project("{9A19103F-16F7-4668-BE54-9A1E7A4F7556}") = "ApiClientCodeGen.Tests.Common", "Core\ApiClientCodeGen.Tests.Common\ApiClientCodeGen.Tests.Common.csproj", "{74409789-AB43-43E4-96C4-36051A8D607C}"
EndProject
Project("{9A19103F-16F7-4668-BE54-9A1E7A4F7556}") = "ApiClientCodeGen.Core.Tests", "Core\ApiClientCodeGen.Core.Tests\ApiClientCodeGen.Core.Tests.csproj", "{DF1744FF-79C4-4F48-9D39-478F64DD7B10}"
EndProject
Project("{D954291E-2A0B-460D-934E-DC6B0785DB48}") = "ApiClientCodeGen.VSIX.Shared", "VSIX\ApiClientCodeGen.VSIX.Shared\ApiClientCodeGen.VSIX.Shared.shproj", "{BBECCA08-2098-4A52-AEB6-71341098EFEA}"
EndProject
Project("{FAE04EC0-301F-11D3-BF4B-00C04F79EFBC}") = "ApiClientCodeGen.VSIX.Dev17", "VSIX\ApiClientCodeGen.VSIX.Dev17\ApiClientCodeGen.VSIX.Dev17.csproj", "{660BA451-88FB-4504-8170-4118F74467BA}"
EndProject
Project("{FAE04EC0-301F-11D3-BF4B-00C04F79EFBC}") = "ApiClientCodeGen.VSIX.Extensibility", "VSIX\ApiClientCodeGen.VSIX.Extensibility\ApiClientCodeGen.VSIX.Extensibility.csproj", "{648DAE68-0B4B-9034-09D7-6A2365DF8458}"
EndProject
Global
	GlobalSection(SolutionConfigurationPlatforms) = preSolution
		Debug|Any CPU = Debug|Any CPU
		Release|Any CPU = Release|Any CPU
	EndGlobalSection
	GlobalSection(ProjectConfigurationPlatforms) = postSolution
		{F68FEF1B-C874-4EF7-8C5C-E3E32E613141}.Debug|Any CPU.ActiveCfg = Debug|Any CPU
		{F68FEF1B-C874-4EF7-8C5C-E3E32E613141}.Debug|Any CPU.Build.0 = Debug|Any CPU
		{F68FEF1B-C874-4EF7-8C5C-E3E32E613141}.Release|Any CPU.ActiveCfg = Release|Any CPU
		{F68FEF1B-C874-4EF7-8C5C-E3E32E613141}.Release|Any CPU.Build.0 = Release|Any CPU
		{6C7BEBC6-6568-44A3-88EC-2DFC57F87A31}.Debug|Any CPU.ActiveCfg = Debug|Any CPU
		{6C7BEBC6-6568-44A3-88EC-2DFC57F87A31}.Debug|Any CPU.Build.0 = Debug|Any CPU
		{6C7BEBC6-6568-44A3-88EC-2DFC57F87A31}.Release|Any CPU.ActiveCfg = Release|Any CPU
		{6C7BEBC6-6568-44A3-88EC-2DFC57F87A31}.Release|Any CPU.Build.0 = Release|Any CPU
		{AB65E72E-8666-4213-86D6-AFB424D2C10B}.Debug|Any CPU.ActiveCfg = Debug|Any CPU
		{AB65E72E-8666-4213-86D6-AFB424D2C10B}.Debug|Any CPU.Build.0 = Debug|Any CPU
		{AB65E72E-8666-4213-86D6-AFB424D2C10B}.Release|Any CPU.ActiveCfg = Release|Any CPU
		{AB65E72E-8666-4213-86D6-AFB424D2C10B}.Release|Any CPU.Build.0 = Release|Any CPU
		{24639115-9E66-4DC5-BE93-9E72FBE5EC5F}.Debug|Any CPU.ActiveCfg = Debug|Any CPU
		{24639115-9E66-4DC5-BE93-9E72FBE5EC5F}.Debug|Any CPU.Build.0 = Debug|Any CPU
		{24639115-9E66-4DC5-BE93-9E72FBE5EC5F}.Release|Any CPU.ActiveCfg = Release|Any CPU
		{24639115-9E66-4DC5-BE93-9E72FBE5EC5F}.Release|Any CPU.Build.0 = Release|Any CPU
		{74409789-AB43-43E4-96C4-36051A8D607C}.Debug|Any CPU.ActiveCfg = Debug|Any CPU
		{74409789-AB43-43E4-96C4-36051A8D607C}.Debug|Any CPU.Build.0 = Debug|Any CPU
		{74409789-AB43-43E4-96C4-36051A8D607C}.Release|Any CPU.ActiveCfg = Release|Any CPU
		{74409789-AB43-43E4-96C4-36051A8D607C}.Release|Any CPU.Build.0 = Release|Any CPU
		{DF1744FF-79C4-4F48-9D39-478F64DD7B10}.Debug|Any CPU.ActiveCfg = Debug|Any CPU
		{DF1744FF-79C4-4F48-9D39-478F64DD7B10}.Debug|Any CPU.Build.0 = Debug|Any CPU
		{DF1744FF-79C4-4F48-9D39-478F64DD7B10}.Release|Any CPU.ActiveCfg = Release|Any CPU
		{DF1744FF-79C4-4F48-9D39-478F64DD7B10}.Release|Any CPU.Build.0 = Release|Any CPU
		{660BA451-88FB-4504-8170-4118F74467BA}.Debug|Any CPU.ActiveCfg = Debug|Any CPU
		{660BA451-88FB-4504-8170-4118F74467BA}.Debug|Any CPU.Build.0 = Debug|Any CPU
		{660BA451-88FB-4504-8170-4118F74467BA}.Release|Any CPU.ActiveCfg = Release|Any CPU
		{660BA451-88FB-4504-8170-4118F74467BA}.Release|Any CPU.Build.0 = Release|Any CPU
		{648DAE68-0B4B-9034-09D7-6A2365DF8458}.Debug|Any CPU.ActiveCfg = Debug|Any CPU
		{648DAE68-0B4B-9034-09D7-6A2365DF8458}.Debug|Any CPU.Build.0 = Debug|Any CPU
		{648DAE68-0B4B-9034-09D7-6A2365DF8458}.Debug|Any CPU.Deploy.0 = Debug|Any CPU
		{648DAE68-0B4B-9034-09D7-6A2365DF8458}.Release|Any CPU.ActiveCfg = Release|Any CPU
		{648DAE68-0B4B-9034-09D7-6A2365DF8458}.Release|Any CPU.Build.0 = Release|Any CPU
		{648DAE68-0B4B-9034-09D7-6A2365DF8458}.Release|Any CPU.Deploy.0 = Release|Any CPU
	EndGlobalSection
	GlobalSection(SolutionProperties) = preSolution
		HideSolutionNode = FALSE
	EndGlobalSection
	GlobalSection(ExtensibilityGlobals) = postSolution
		SolutionGuid = {F80AB22A-52F6-46F7-A186-E650C75D076F}
	EndGlobalSection
	GlobalSection(SharedMSBuildProjectFiles) = preSolution
		VSIX\ApiClientCodeGen.VSIX.Shared\ApiClientCodeGen.VSIX.Shared.projitems*{660ba451-88fb-4504-8170-4118f74467ba}*SharedItemsImports = 4
		VSIX\ApiClientCodeGen.VSIX.Shared\ApiClientCodeGen.VSIX.Shared.projitems*{bbecca08-2098-4a52-aeb6-71341098efea}*SharedItemsImports = 13
		VSIX\ApiClientCodeGen.VSIX.Shared\ApiClientCodeGen.VSIX.Shared.projitems*{f68fef1b-c874-4ef7-8c5c-e3e32e613141}*SharedItemsImports = 4
	EndGlobalSection
EndGlobal
