
Microsoft Visual Studio Solution File, Format Version 12.00
# Visual Studio Version 17
VisualStudioVersion = 17.5.33103.201
MinimumVisualStudioVersion = 10.0.40219.1
Project("{2150E333-8FDC-42A3-9474-1A3956D46DE8}") = "Solution Items", "Solution Items", "{2163CD80-1242-47F5-928B-26898374C4AE}"
	ProjectSection(SolutionItems) = preProject
		build.cake = build.cake
		..\README.md = ..\README.md
		Tests.runsettings = Tests.runsettings
	EndProjectSection
EndProject
Project("{9A19103F-16F7-4668-BE54-9A1E7A4F7556}") = "ApiClientCodeGen.Core", "Core\ApiClientCodeGen.Core\ApiClientCodeGen.Core.csproj", "{24639115-9E66-4DC5-BE93-9E72FBE5EC5F}"
EndProject
Project("{9A19103F-16F7-4668-BE54-9A1E7A4F7556}") = "ApiClientCodeGen.Tests.Common", "Core\ApiClientCodeGen.Tests.Common\ApiClientCodeGen.Tests.Common.csproj", "{74409789-AB43-43E4-96C4-36051A8D607C}"
EndProject
Project("{9A19103F-16F7-4668-BE54-9A1E7A4F7556}") = "ApiClientCodeGen.Core.Tests", "Core\ApiClientCodeGen.Core.Tests\ApiClientCodeGen.Core.Tests.csproj", "{DF1744FF-79C4-4F48-9D39-478F64DD7B10}"
EndProject
Project("{D954291E-2A0B-460D-934E-DC6B0785DB48}") = "ApiClientCodeGen.VSIX.Shared", "VSIX\ApiClientCodeGen.VSIX.Shared\ApiClientCodeGen.VSIX.Shared.shproj", "{BBECCA08-2098-4A52-AEB6-71341098EFEA}"
EndProject
Project("{FAE04EC0-301F-11D3-BF4B-00C04F79EFBC}") = "ApiClientCodeGen.VSIX.Dev15", "VSIX\ApiClientCodeGen.VSIX.Dev15\ApiClientCodeGen.VSIX.Dev15.csproj", "{D245E2B4-C1C6-408A-8F5D-83F784B87B87}"
EndProject
Global
	GlobalSection(SolutionConfigurationPlatforms) = preSolution
		Debug|Any CPU = Debug|Any CPU
		Debug|arm64 = Debug|arm64
		Debug|x86 = Debug|x86
		Release|Any CPU = Release|Any CPU
		Release|arm64 = Release|arm64
		Release|x86 = Release|x86
	EndGlobalSection
	GlobalSection(ProjectConfigurationPlatforms) = postSolution
		{24639115-9E66-4DC5-BE93-9E72FBE5EC5F}.Debug|Any CPU.ActiveCfg = Debug|Any CPU
		{24639115-9E66-4DC5-BE93-9E72FBE5EC5F}.Debug|Any CPU.Build.0 = Debug|Any CPU
		{24639115-9E66-4DC5-BE93-9E72FBE5EC5F}.Debug|arm64.ActiveCfg = Debug|Any CPU
		{24639115-9E66-4DC5-BE93-9E72FBE5EC5F}.Debug|arm64.Build.0 = Debug|Any CPU
		{24639115-9E66-4DC5-BE93-9E72FBE5EC5F}.Debug|x86.ActiveCfg = Debug|Any CPU
		{24639115-9E66-4DC5-BE93-9E72FBE5EC5F}.Debug|x86.Build.0 = Debug|Any CPU
		{24639115-9E66-4DC5-BE93-9E72FBE5EC5F}.Release|Any CPU.ActiveCfg = Release|Any CPU
		{24639115-9E66-4DC5-BE93-9E72FBE5EC5F}.Release|Any CPU.Build.0 = Release|Any CPU
		{24639115-9E66-4DC5-BE93-9E72FBE5EC5F}.Release|arm64.ActiveCfg = Release|Any CPU
		{24639115-9E66-4DC5-BE93-9E72FBE5EC5F}.Release|arm64.Build.0 = Release|Any CPU
		{24639115-9E66-4DC5-BE93-9E72FBE5EC5F}.Release|x86.ActiveCfg = Release|Any CPU
		{24639115-9E66-4DC5-BE93-9E72FBE5EC5F}.Release|x86.Build.0 = Release|Any CPU
		{74409789-AB43-43E4-96C4-36051A8D607C}.Debug|Any CPU.ActiveCfg = Debug|Any CPU
		{74409789-AB43-43E4-96C4-36051A8D607C}.Debug|Any CPU.Build.0 = Debug|Any CPU
		{74409789-AB43-43E4-96C4-36051A8D607C}.Debug|arm64.ActiveCfg = Debug|Any CPU
		{74409789-AB43-43E4-96C4-36051A8D607C}.Debug|arm64.Build.0 = Debug|Any CPU
		{74409789-AB43-43E4-96C4-36051A8D607C}.Debug|x86.ActiveCfg = Debug|Any CPU
		{74409789-AB43-43E4-96C4-36051A8D607C}.Debug|x86.Build.0 = Debug|Any CPU
		{74409789-AB43-43E4-96C4-36051A8D607C}.Release|Any CPU.ActiveCfg = Release|Any CPU
		{74409789-AB43-43E4-96C4-36051A8D607C}.Release|Any CPU.Build.0 = Release|Any CPU
		{74409789-AB43-43E4-96C4-36051A8D607C}.Release|arm64.ActiveCfg = Release|Any CPU
		{74409789-AB43-43E4-96C4-36051A8D607C}.Release|arm64.Build.0 = Release|Any CPU
		{74409789-AB43-43E4-96C4-36051A8D607C}.Release|x86.ActiveCfg = Release|Any CPU
		{74409789-AB43-43E4-96C4-36051A8D607C}.Release|x86.Build.0 = Release|Any CPU
		{DF1744FF-79C4-4F48-9D39-478F64DD7B10}.Debug|Any CPU.ActiveCfg = Debug|Any CPU
		{DF1744FF-79C4-4F48-9D39-478F64DD7B10}.Debug|Any CPU.Build.0 = Debug|Any CPU
		{DF1744FF-79C4-4F48-9D39-478F64DD7B10}.Debug|arm64.ActiveCfg = Debug|Any CPU
		{DF1744FF-79C4-4F48-9D39-478F64DD7B10}.Debug|arm64.Build.0 = Debug|Any CPU
		{DF1744FF-79C4-4F48-9D39-478F64DD7B10}.Debug|x86.ActiveCfg = Debug|Any CPU
		{DF1744FF-79C4-4F48-9D39-478F64DD7B10}.Debug|x86.Build.0 = Debug|Any CPU
		{DF1744FF-79C4-4F48-9D39-478F64DD7B10}.Release|Any CPU.ActiveCfg = Release|Any CPU
		{DF1744FF-79C4-4F48-9D39-478F64DD7B10}.Release|Any CPU.Build.0 = Release|Any CPU
		{DF1744FF-79C4-4F48-9D39-478F64DD7B10}.Release|arm64.ActiveCfg = Release|Any CPU
		{DF1744FF-79C4-4F48-9D39-478F64DD7B10}.Release|arm64.Build.0 = Release|Any CPU
		{DF1744FF-79C4-4F48-9D39-478F64DD7B10}.Release|x86.ActiveCfg = Release|Any CPU
		{DF1744FF-79C4-4F48-9D39-478F64DD7B10}.Release|x86.Build.0 = Release|Any CPU
		{D245E2B4-C1C6-408A-8F5D-83F784B87B87}.Debug|Any CPU.ActiveCfg = Debug|Any CPU
		{D245E2B4-C1C6-408A-8F5D-83F784B87B87}.Debug|Any CPU.Build.0 = Debug|Any CPU
		{D245E2B4-C1C6-408A-8F5D-83F784B87B87}.Debug|arm64.ActiveCfg = Debug|arm64
		{D245E2B4-C1C6-408A-8F5D-83F784B87B87}.Debug|arm64.Build.0 = Debug|arm64
		{D245E2B4-C1C6-408A-8F5D-83F784B87B87}.Debug|x86.ActiveCfg = Debug|x86
		{D245E2B4-C1C6-408A-8F5D-83F784B87B87}.Debug|x86.Build.0 = Debug|x86
		{D245E2B4-C1C6-408A-8F5D-83F784B87B87}.Release|Any CPU.ActiveCfg = Release|Any CPU
		{D245E2B4-C1C6-408A-8F5D-83F784B87B87}.Release|Any CPU.Build.0 = Release|Any CPU
		{D245E2B4-C1C6-408A-8F5D-83F784B87B87}.Release|arm64.ActiveCfg = Release|arm64
		{D245E2B4-C1C6-408A-8F5D-83F784B87B87}.Release|arm64.Build.0 = Release|arm64
		{D245E2B4-C1C6-408A-8F5D-83F784B87B87}.Release|x86.ActiveCfg = Release|x86
		{D245E2B4-C1C6-408A-8F5D-83F784B87B87}.Release|x86.Build.0 = Release|x86
	EndGlobalSection
	GlobalSection(SolutionProperties) = preSolution
		HideSolutionNode = FALSE
	EndGlobalSection
	GlobalSection(ExtensibilityGlobals) = postSolution
		SolutionGuid = {F80AB22A-52F6-46F7-A186-E650C75D076F}
	EndGlobalSection
	GlobalSection(SharedMSBuildProjectFiles) = preSolution
		VSIX\ApiClientCodeGen.VSIX.Shared\ApiClientCodeGen.VSIX.Shared.projitems*{bbecca08-2098-4a52-aeb6-71341098efea}*SharedItemsImports = 13
		VSIX\ApiClientCodeGen.VSIX.Shared\ApiClientCodeGen.VSIX.Shared.projitems*{d245e2b4-c1c6-408a-8f5d-83f784b87b87}*SharedItemsImports = 4
	EndGlobalSection
EndGlobal
